
Microsoft Visual Studio Solution File, Format Version 12.00
# Visual Studio 11
Project("{2150E333-8FDC-42A3-9474-1A3956D46DE8}") = "Package", "Package", "{03027871-39EF-4ACA-8F83-5BD395EFE668}"
EndProject
Project("{2150E333-8FDC-42A3-9474-1A3956D46DE8}") = "Exe", "Exe", "{3B61DF14-21DA-4FBE-A0B5-CAC6AC68DBB0}"
EndProject
Project("{2150E333-8FDC-42A3-9474-1A3956D46DE8}") = "Driver", "Driver", "{A7CF2746-0F66-44BF-9C34-83DC199A9E10}"
EndProject
Project("{8BC9CEB8-8B4A-11D0-8D11-00A0C91BC942}") = "package", "Package\package.VcxProj", "{230262EA-C545-44B4-B753-365D1C749AA6}"
EndProject
Project("{8BC9CEB8-8B4A-11D0-8D11-00A0C91BC942}") = "WudfOsrUsbFx2Test", "exe\WudfOsrUsbFx2Test.vcxproj", "{3FA4C9B9-D27B-4F16-9966-5A3011BAAA2F}"
EndProject
Project("{8BC9CEB8-8B4A-11D0-8D11-00A0C91BC942}") = "WUDFOsrUsbFx2", "driver\WUDFOsrUsbFx2.vcxproj", "{4B7E3EF1-9532-49B9-9017-EC6A3BE04063}"
EndProject
Global
	GlobalSection(SolutionConfigurationPlatforms) = preSolution
		Win8 Debug|Win32 = Win8 Debug|Win32
		Win8 Debug|x64 = Win8 Debug|x64
		Win8 Release|Win32 = Win8 Release|Win32
		Win8 Release|x64 = Win8 Release|x64
		Win7 Debug|Win32 = Win7 Debug|Win32
		Win7 Debug|x64 = Win7 Debug|x64
		Win7 Release|Win32 = Win7 Release|Win32
		Win7 Release|x64 = Win7 Release|x64
		Vista Debug|Win32 = Vista Debug|Win32
		Vista Debug|x64 = Vista Debug|x64
		Vista Release|Win32 = Vista Release|Win32
		Vista Release|x64 = Vista Release|x64
	EndGlobalSection
	GlobalSection(ProjectConfigurationPlatforms) = postSolution
		{230262EA-C545-44B4-B753-365D1C749AA6}.Win8 Debug|Win32.ActiveCfg = Win8 Debug|Win32
		{230262EA-C545-44B4-B753-365D1C749AA6}.Win8 Debug|Win32.Build.0 = Win8 Debug|Win32
		{230262EA-C545-44B4-B753-365D1C749AA6}.Win8 Debug|x64.ActiveCfg = Win8 Debug|x64
		{230262EA-C545-44B4-B753-365D1C749AA6}.Win8 Debug|x64.Build.0 = Win8 Debug|x64
		{230262EA-C545-44B4-B753-365D1C749AA6}.Win8 Release|Win32.ActiveCfg = Win8 Release|Win32
		{230262EA-C545-44B4-B753-365D1C749AA6}.Win8 Release|Win32.Build.0 = Win8 Release|Win32
		{230262EA-C545-44B4-B753-365D1C749AA6}.Win8 Release|x64.ActiveCfg = Win8 Release|x64
		{230262EA-C545-44B4-B753-365D1C749AA6}.Win8 Release|x64.Build.0 = Win8 Release|x64
		{230262EA-C545-44B4-B753-365D1C749AA6}.Win7 Debug|Win32.ActiveCfg = Win7 Debug|Win32
		{230262EA-C545-44B4-B753-365D1C749AA6}.Win7 Debug|Win32.Build.0 = Win7 Debug|Win32
		{230262EA-C545-44B4-B753-365D1C749AA6}.Win7 Debug|x64.ActiveCfg = Win7 Debug|x64
		{230262EA-C545-44B4-B753-365D1C749AA6}.Win7 Debug|x64.Build.0 = Win7 Debug|x64
		{230262EA-C545-44B4-B753-365D1C749AA6}.Win7 Release|Win32.ActiveCfg = Win7 Release|Win32
		{230262EA-C545-44B4-B753-365D1C749AA6}.Win7 Release|Win32.Build.0 = Win7 Release|Win32
		{230262EA-C545-44B4-B753-365D1C749AA6}.Win7 Release|x64.ActiveCfg = Win7 Release|x64
		{230262EA-C545-44B4-B753-365D1C749AA6}.Win7 Release|x64.Build.0 = Win7 Release|x64
		{230262EA-C545-44B4-B753-365D1C749AA6}.Vista Debug|Win32.ActiveCfg = Vista Debug|Win32
		{230262EA-C545-44B4-B753-365D1C749AA6}.Vista Debug|Win32.Build.0 = Vista Debug|Win32
		{230262EA-C545-44B4-B753-365D1C749AA6}.Vista Debug|x64.ActiveCfg = Vista Debug|x64
		{230262EA-C545-44B4-B753-365D1C749AA6}.Vista Debug|x64.Build.0 = Vista Debug|x64
		{230262EA-C545-44B4-B753-365D1C749AA6}.Vista Release|Win32.ActiveCfg = Vista Release|Win32
		{230262EA-C545-44B4-B753-365D1C749AA6}.Vista Release|Win32.Build.0 = Vista Release|Win32
		{230262EA-C545-44B4-B753-365D1C749AA6}.Vista Release|x64.ActiveCfg = Vista Release|x64
		{230262EA-C545-44B4-B753-365D1C749AA6}.Vista Release|x64.Build.0 = Vista Release|x64
		{3FA4C9B9-D27B-4F16-9966-5A3011BAAA2F}.Win8 Debug|Win32.ActiveCfg = Win8 Debug|Win32
		{3FA4C9B9-D27B-4F16-9966-5A3011BAAA2F}.Win8 Debug|Win32.Build.0 = Win8 Debug|Win32
		{3FA4C9B9-D27B-4F16-9966-5A3011BAAA2F}.Win8 Debug|x64.ActiveCfg = Win8 Debug|x64
		{3FA4C9B9-D27B-4F16-9966-5A3011BAAA2F}.Win8 Debug|x64.Build.0 = Win8 Debug|x64
		{3FA4C9B9-D27B-4F16-9966-5A3011BAAA2F}.Win8 Release|Win32.ActiveCfg = Win8 Release|Win32
		{3FA4C9B9-D27B-4F16-9966-5A3011BAAA2F}.Win8 Release|Win32.Build.0 = Win8 Release|Win32
		{3FA4C9B9-D27B-4F16-9966-5A3011BAAA2F}.Win8 Release|x64.ActiveCfg = Win8 Release|x64
		{3FA4C9B9-D27B-4F16-9966-5A3011BAAA2F}.Win8 Release|x64.Build.0 = Win8 Release|x64
		{3FA4C9B9-D27B-4F16-9966-5A3011BAAA2F}.Win7 Debug|Win32.ActiveCfg = Win7 Debug|Win32
		{3FA4C9B9-D27B-4F16-9966-5A3011BAAA2F}.Win7 Debug|Win32.Build.0 = Win7 Debug|Win32
		{3FA4C9B9-D27B-4F16-9966-5A3011BAAA2F}.Win7 Debug|x64.ActiveCfg = Win7 Debug|x64
		{3FA4C9B9-D27B-4F16-9966-5A3011BAAA2F}.Win7 Debug|x64.Build.0 = Win7 Debug|x64
		{3FA4C9B9-D27B-4F16-9966-5A3011BAAA2F}.Win7 Release|Win32.ActiveCfg = Win7 Release|Win32
		{3FA4C9B9-D27B-4F16-9966-5A3011BAAA2F}.Win7 Release|Win32.Build.0 = Win7 Release|Win32
		{3FA4C9B9-D27B-4F16-9966-5A3011BAAA2F}.Win7 Release|x64.ActiveCfg = Win7 Release|x64
		{3FA4C9B9-D27B-4F16-9966-5A3011BAAA2F}.Win7 Release|x64.Build.0 = Win7 Release|x64
		{3FA4C9B9-D27B-4F16-9966-5A3011BAAA2F}.Vista Debug|Win32.ActiveCfg = Vista Debug|Win32
		{3FA4C9B9-D27B-4F16-9966-5A3011BAAA2F}.Vista Debug|Win32.Build.0 = Vista Debug|Win32
		{3FA4C9B9-D27B-4F16-9966-5A3011BAAA2F}.Vista Debug|x64.ActiveCfg = Vista Debug|x64
		{3FA4C9B9-D27B-4F16-9966-5A3011BAAA2F}.Vista Debug|x64.Build.0 = Vista Debug|x64
		{3FA4C9B9-D27B-4F16-9966-5A3011BAAA2F}.Vista Release|Win32.ActiveCfg = Vista Release|Win32
		{3FA4C9B9-D27B-4F16-9966-5A3011BAAA2F}.Vista Release|Win32.Build.0 = Vista Release|Win32
		{3FA4C9B9-D27B-4F16-9966-5A3011BAAA2F}.Vista Release|x64.ActiveCfg = Vista Release|x64
		{3FA4C9B9-D27B-4F16-9966-5A3011BAAA2F}.Vista Release|x64.Build.0 = Vista Release|x64
		{4B7E3EF1-9532-49B9-9017-EC6A3BE04063}.Win8 Debug|Win32.ActiveCfg = Win8 Debug|Win32
		{4B7E3EF1-9532-49B9-9017-EC6A3BE04063}.Win8 Debug|Win32.Build.0 = Win8 Debug|Win32
		{4B7E3EF1-9532-49B9-9017-EC6A3BE04063}.Win8 Debug|x64.ActiveCfg = Win8 Debug|x64
		{4B7E3EF1-9532-49B9-9017-EC6A3BE04063}.Win8 Debug|x64.Build.0 = Win8 Debug|x64
		{4B7E3EF1-9532-49B9-9017-EC6A3BE04063}.Win8 Release|Win32.ActiveCfg = Win8 Release|Win32
		{4B7E3EF1-9532-49B9-9017-EC6A3BE04063}.Win8 Release|Win32.Build.0 = Win8 Release|Win32
		{4B7E3EF1-9532-49B9-9017-EC6A3BE04063}.Win8 Release|x64.ActiveCfg = Win8 Release|x64
		{4B7E3EF1-9532-49B9-9017-EC6A3BE04063}.Win8 Release|x64.Build.0 = Win8 Release|x64
		{4B7E3EF1-9532-49B9-9017-EC6A3BE04063}.Win7 Debug|Win32.ActiveCfg = Win7 Debug|Win32
		{4B7E3EF1-9532-49B9-9017-EC6A3BE04063}.Win7 Debug|Win32.Build.0 = Win7 Debug|Win32
		{4B7E3EF1-9532-49B9-9017-EC6A3BE04063}.Win7 Debug|x64.ActiveCfg = Win7 Debug|x64
		{4B7E3EF1-9532-49B9-9017-EC6A3BE04063}.Win7 Debug|x64.Build.0 = Win7 Debug|x64
		{4B7E3EF1-9532-49B9-9017-EC6A3BE04063}.Win7 Release|Win32.ActiveCfg = Win7 Release|Win32
		{4B7E3EF1-9532-49B9-9017-EC6A3BE04063}.Win7 Release|Win32.Build.0 = Win7 Release|Win32
		{4B7E3EF1-9532-49B9-9017-EC6A3BE04063}.Win7 Release|x64.ActiveCfg = Win7 Release|x64
		{4B7E3EF1-9532-49B9-9017-EC6A3BE04063}.Win7 Release|x64.Build.0 = Win7 Release|x64
		{4B7E3EF1-9532-49B9-9017-EC6A3BE04063}.Vista Debug|Win32.ActiveCfg = Vista Debug|Win32
		{4B7E3EF1-9532-49B9-9017-EC6A3BE04063}.Vista Debug|Win32.Build.0 = Vista Debug|Win32
		{4B7E3EF1-9532-49B9-9017-EC6A3BE04063}.Vista Debug|x64.ActiveCfg = Vista Debug|x64
		{4B7E3EF1-9532-49B9-9017-EC6A3BE04063}.Vista Debug|x64.Build.0 = Vista Debug|x64
		{4B7E3EF1-9532-49B9-9017-EC6A3BE04063}.Vista Release|Win32.ActiveCfg = Vista Release|Win32
		{4B7E3EF1-9532-49B9-9017-EC6A3BE04063}.Vista Release|Win32.Build.0 = Vista Release|Win32
		{4B7E3EF1-9532-49B9-9017-EC6A3BE04063}.Vista Release|x64.ActiveCfg = Vista Release|x64
		{4B7E3EF1-9532-49B9-9017-EC6A3BE04063}.Vista Release|x64.Build.0 = Vista Release|x64
	EndGlobalSection
	GlobalSection(SolutionProperties) = preSolution
		HideSolutionNode = FALSE
	EndGlobalSection
	GlobalSection(NestedProjects) = preSolution
		{230262EA-C545-44B4-B753-365D1C749AA6} = {03027871-39EF-4ACA-8F83-5BD395EFE668}
		{3FA4C9B9-D27B-4F16-9966-5A3011BAAA2F} = {3B61DF14-21DA-4FBE-A0B5-CAC6AC68DBB0}
		{4B7E3EF1-9532-49B9-9017-EC6A3BE04063} = {A7CF2746-0F66-44BF-9C34-83DC199A9E10}
	EndGlobalSection
EndGlobal
