
Microsoft Visual Studio Solution File, Format Version 12.00
# Visual Studio 2013 for Windows
VisualStudioVersion = 12.0
MinimumVisualStudioVersion = 10.0.40219.1
Project("{262852C6-CD72-467D-83FE-5EEB1973A190}") = "ApplicationSettings", "ApplicationSettings.jsproj", "{EAC34847-9A37-4FC0-B9EB-5E32F1BE23C0}"
EndProject
Global
	GlobalSection(SolutionConfigurationPlatforms) = preSolution
		Debug|Any CPU = Debug|Any CPU
		Release|Any CPU = Release|Any CPU
	EndGlobalSection
	GlobalSection(ProjectConfigurationPlatforms) = postSolution
		{EAC34847-9A37-4FC0-B9EB-5E32F1BE23C0}.Debug|Any CPU.ActiveCfg = Debug|Any CPU
		{EAC34847-9A37-4FC0-B9EB-5E32F1BE23C0}.Debug|Any CPU.Build.0 = Debug|Any CPU
		{EAC34847-9A37-4FC0-B9EB-5E32F1BE23C0}.Debug|Any CPU.Deploy.0 = Debug|Any CPU
		{EAC34847-9A37-4FC0-B9EB-5E32F1BE23C0}.Release|Any CPU.ActiveCfg = Release|Any CPU
		{EAC34847-9A37-4FC0-B9EB-5E32F1BE23C0}.Release|Any CPU.Build.0 = Release|Any CPU
		{EAC34847-9A37-4FC0-B9EB-5E32F1BE23C0}.Release|Any CPU.Deploy.0 = Release|Any CPU
	EndGlobalSection
	GlobalSection(SolutionProperties) = preSolution
		HideSolutionNode = FALSE
	EndGlobalSection
EndGlobal
