
Microsoft Visual Studio Solution File, Format Version 11.00
# Visual Studio 2010
Project("{F184B08F-C81C-45F6-A57F-5ABD9991F28F}") = "SILVERLIGHT_CreateListItem", "SILVERLIGHT_CreateListItem\SILVERLIGHT_CreateListItem.vbproj", "{ACF04EEA-D652-4601-BB3D-7AB670BA273C}"
EndProject
Global
	GlobalSection(SolutionConfigurationPlatforms) = preSolution
		Debug|Any CPU = Debug|Any CPU
		Release|Any CPU = Release|Any CPU
	EndGlobalSection
	GlobalSection(ProjectConfigurationPlatforms) = postSolution
		{ACF04EEA-D652-4601-BB3D-7AB670BA273C}.Debug|Any CPU.ActiveCfg = Debug|Any CPU
		{ACF04EEA-D652-4601-BB3D-7AB670BA273C}.Debug|Any CPU.Build.0 = Debug|Any CPU
		{ACF04EEA-D652-4601-BB3D-7AB670BA273C}.Release|Any CPU.ActiveCfg = Release|Any CPU
		{ACF04EEA-D652-4601-BB3D-7AB670BA273C}.Release|Any CPU.Build.0 = Release|Any CPU
	EndGlobalSection
	GlobalSection(SolutionProperties) = preSolution
		HideSolutionNode = FALSE
	EndGlobalSection
EndGlobal
