
Microsoft Visual Studio Solution File, Format Version 12.00
# Visual Studio 2013
VisualStudioVersion = 12.0.30218.0
MinimumVisualStudioVersion = 10.0.40219.1
Project("{2150E333-8FDC-42A3-9474-1A3956D46DE8}") = "DeviceCaps", "DeviceCaps", "{748D0202-B649-484A-B103-6DAF1FD6813B}"
EndProject
Project("{262852C6-CD72-467D-83FE-5EEB1973A190}") = "DeviceCaps.Windows", "Windows\DeviceCaps.Windows.jsproj", "{6F929A27-072D-42C8-8FFE-52228AA2B39B}"
EndProject
Project("{262852C6-CD72-467D-83FE-5EEB1973A190}") = "DeviceCaps.WindowsPhone", "WindowsPhone\DeviceCaps.WindowsPhone.jsproj", "{2C2ECF01-8855-431C-81B9-AC5062A59963}"
EndProject
Project("{D954291E-2A0B-460D-934E-DC6B0785DB48}") = "DeviceCaps.Shared", "Shared\DeviceCaps.Shared.shproj", "{5595DE01-99C2-4F84-9FF3-AA9286380619}"
EndProject
Global
	GlobalSection(SharedMSBuildProjectFiles) = preSolution
		Shared\Shared.projitems*{2c2ecf01-8855-431c-81b9-ac5062a59963}*SharedItemsImports = 5
		Shared\Shared.projitems*{6f929a27-072d-42c8-8ffe-52228aa2b39b}*SharedItemsImports = 5
		Shared\Shared.projitems*{5595de01-99c2-4f84-9ff3-aa9286380619}*SharedItemsImports = 13
	EndGlobalSection
	GlobalSection(SolutionConfigurationPlatforms) = preSolution
		Debug|Any CPU = Debug|Any CPU
		Release|Any CPU = Release|Any CPU
	EndGlobalSection
	GlobalSection(ProjectConfigurationPlatforms) = postSolution
		{2C2ECF01-8855-431C-81B9-AC5062A59963}.Debug|Any CPU.ActiveCfg = Debug|Any CPU
		{2C2ECF01-8855-431C-81B9-AC5062A59963}.Debug|Any CPU.Build.0 = Debug|Any CPU
		{2C2ECF01-8855-431C-81B9-AC5062A59963}.Debug|Any CPU.Deploy.0 = Debug|Any CPU
		{2C2ECF01-8855-431C-81B9-AC5062A59963}.Release|Any CPU.ActiveCfg = Release|Any CPU
		{2C2ECF01-8855-431C-81B9-AC5062A59963}.Release|Any CPU.Build.0 = Release|Any CPU
		{2C2ECF01-8855-431C-81B9-AC5062A59963}.Release|Any CPU.Deploy.0 = Release|Any CPU
		{6F929A27-072D-42C8-8FFE-52228AA2B39B}.Debug|Any CPU.ActiveCfg = Debug|Any CPU
		{6F929A27-072D-42C8-8FFE-52228AA2B39B}.Debug|Any CPU.Build.0 = Debug|Any CPU
		{6F929A27-072D-42C8-8FFE-52228AA2B39B}.Debug|Any CPU.Deploy.0 = Debug|Any CPU
		{6F929A27-072D-42C8-8FFE-52228AA2B39B}.Release|Any CPU.ActiveCfg = Release|Any CPU
		{6F929A27-072D-42C8-8FFE-52228AA2B39B}.Release|Any CPU.Build.0 = Release|Any CPU
		{6F929A27-072D-42C8-8FFE-52228AA2B39B}.Release|Any CPU.Deploy.0 = Release|Any CPU
	EndGlobalSection
	GlobalSection(SolutionProperties) = preSolution
		HideSolutionNode = FALSE
	EndGlobalSection
	GlobalSection(NestedProjects) = preSolution
		{2C2ECF01-8855-431C-81B9-AC5062A59963} = {748D0202-B649-484A-B103-6DAF1FD6813B}
		{6F929A27-072D-42C8-8FFE-52228AA2B39B} = {748D0202-B649-484A-B103-6DAF1FD6813B}
		{5595DE01-99C2-4F84-9FF3-AA9286380619} = {748D0202-B649-484A-B103-6DAF1FD6813B}
	EndGlobalSection
EndGlobal

