
Microsoft Visual Studio Solution File, Format Version 12.00
# Visual Studio 2013
VisualStudioVersion = 12.0
MinimumVisualStudioVersion = 12.0
Project("{2150E333-8FDC-42A3-9474-1A3956D46DE8}") = "Package", "Package", "{880A97E2-0C21-4110-9716-EE2EAA44B386}"
EndProject
Project("{2150E333-8FDC-42A3-9474-1A3956D46DE8}") = "Src", "Src", "{440B2623-F6AD-48D1-9753-E04A2AAB2AB8}"
EndProject
Project("{8BC9CEB8-8B4A-11D0-8D11-00A0C91BC942}") = "package", "Package\package.VcxProj", "{F567E78E-3FDB-41C8-BABC-6BF2B9EEA12C}"
EndProject
Project("{8BC9CEB8-8B4A-11D0-8D11-00A0C91BC942}") = "lsi_u3", "src\lsi_u3.vcxproj", "{023058EA-8B81-4695-84C5-C35D998575C1}"
EndProject
Global
	GlobalSection(SolutionConfigurationPlatforms) = preSolution
		Win8.1 Debug|Win32 = Win8.1 Debug|Win32
		Win8.1 Debug|x64 = Win8.1 Debug|x64
		Win8.1 Release|Win32 = Win8.1 Release|Win32
		Win8.1 Release|x64 = Win8.1 Release|x64
		Win8 Debug|Win32 = Win8 Debug|Win32
		Win8 Debug|x64 = Win8 Debug|x64
		Win8 Release|Win32 = Win8 Release|Win32
		Win8 Release|x64 = Win8 Release|x64
		Win7 Debug|Win32 = Win7 Debug|Win32
		Win7 Debug|x64 = Win7 Debug|x64
		Win7 Release|Win32 = Win7 Release|Win32
		Win7 Release|x64 = Win7 Release|x64
	EndGlobalSection
	GlobalSection(ProjectConfigurationPlatforms) = postSolution
		{F567E78E-3FDB-41C8-BABC-6BF2B9EEA12C}.Win8.1 Debug|Win32.ActiveCfg = Win8.1 Debug|Win32
		{F567E78E-3FDB-41C8-BABC-6BF2B9EEA12C}.Win8.1 Debug|Win32.Build.0 = Win8.1 Debug|Win32
		{F567E78E-3FDB-41C8-BABC-6BF2B9EEA12C}.Win8.1 Debug|x64.ActiveCfg = Win8.1 Debug|x64
		{F567E78E-3FDB-41C8-BABC-6BF2B9EEA12C}.Win8.1 Debug|x64.Build.0 = Win8.1 Debug|x64
		{F567E78E-3FDB-41C8-BABC-6BF2B9EEA12C}.Win8.1 Release|Win32.ActiveCfg = Win8.1 Release|Win32
		{F567E78E-3FDB-41C8-BABC-6BF2B9EEA12C}.Win8.1 Release|Win32.Build.0 = Win8.1 Release|Win32
		{F567E78E-3FDB-41C8-BABC-6BF2B9EEA12C}.Win8.1 Release|x64.ActiveCfg = Win8.1 Release|x64
		{F567E78E-3FDB-41C8-BABC-6BF2B9EEA12C}.Win8.1 Release|x64.Build.0 = Win8.1 Release|x64
		{F567E78E-3FDB-41C8-BABC-6BF2B9EEA12C}.Win8 Debug|Win32.ActiveCfg = Win8 Debug|Win32
		{F567E78E-3FDB-41C8-BABC-6BF2B9EEA12C}.Win8 Debug|Win32.Build.0 = Win8 Debug|Win32
		{F567E78E-3FDB-41C8-BABC-6BF2B9EEA12C}.Win8 Debug|x64.ActiveCfg = Win8 Debug|x64
		{F567E78E-3FDB-41C8-BABC-6BF2B9EEA12C}.Win8 Debug|x64.Build.0 = Win8 Debug|x64
		{F567E78E-3FDB-41C8-BABC-6BF2B9EEA12C}.Win8 Release|Win32.ActiveCfg = Win8 Release|Win32
		{F567E78E-3FDB-41C8-BABC-6BF2B9EEA12C}.Win8 Release|Win32.Build.0 = Win8 Release|Win32
		{F567E78E-3FDB-41C8-BABC-6BF2B9EEA12C}.Win8 Release|x64.ActiveCfg = Win8 Release|x64
		{F567E78E-3FDB-41C8-BABC-6BF2B9EEA12C}.Win8 Release|x64.Build.0 = Win8 Release|x64
		{F567E78E-3FDB-41C8-BABC-6BF2B9EEA12C}.Win7 Debug|Win32.ActiveCfg = Win7 Debug|Win32
		{F567E78E-3FDB-41C8-BABC-6BF2B9EEA12C}.Win7 Debug|Win32.Build.0 = Win7 Debug|Win32
		{F567E78E-3FDB-41C8-BABC-6BF2B9EEA12C}.Win7 Debug|x64.ActiveCfg = Win7 Debug|x64
		{F567E78E-3FDB-41C8-BABC-6BF2B9EEA12C}.Win7 Debug|x64.Build.0 = Win7 Debug|x64
		{F567E78E-3FDB-41C8-BABC-6BF2B9EEA12C}.Win7 Release|Win32.ActiveCfg = Win7 Release|Win32
		{F567E78E-3FDB-41C8-BABC-6BF2B9EEA12C}.Win7 Release|Win32.Build.0 = Win7 Release|Win32
		{F567E78E-3FDB-41C8-BABC-6BF2B9EEA12C}.Win7 Release|x64.ActiveCfg = Win7 Release|x64
		{F567E78E-3FDB-41C8-BABC-6BF2B9EEA12C}.Win7 Release|x64.Build.0 = Win7 Release|x64
		{023058EA-8B81-4695-84C5-C35D998575C1}.Win8.1 Debug|Win32.ActiveCfg = Win8.1 Debug|Win32
		{023058EA-8B81-4695-84C5-C35D998575C1}.Win8.1 Debug|Win32.Build.0 = Win8.1 Debug|Win32
		{023058EA-8B81-4695-84C5-C35D998575C1}.Win8.1 Debug|x64.ActiveCfg = Win8.1 Debug|x64
		{023058EA-8B81-4695-84C5-C35D998575C1}.Win8.1 Debug|x64.Build.0 = Win8.1 Debug|x64
		{023058EA-8B81-4695-84C5-C35D998575C1}.Win8.1 Release|Win32.ActiveCfg = Win8.1 Release|Win32
		{023058EA-8B81-4695-84C5-C35D998575C1}.Win8.1 Release|Win32.Build.0 = Win8.1 Release|Win32
		{023058EA-8B81-4695-84C5-C35D998575C1}.Win8.1 Release|x64.ActiveCfg = Win8.1 Release|x64
		{023058EA-8B81-4695-84C5-C35D998575C1}.Win8.1 Release|x64.Build.0 = Win8.1 Release|x64
		{023058EA-8B81-4695-84C5-C35D998575C1}.Win8 Debug|Win32.ActiveCfg = Win8 Debug|Win32
		{023058EA-8B81-4695-84C5-C35D998575C1}.Win8 Debug|Win32.Build.0 = Win8 Debug|Win32
		{023058EA-8B81-4695-84C5-C35D998575C1}.Win8 Debug|x64.ActiveCfg = Win8 Debug|x64
		{023058EA-8B81-4695-84C5-C35D998575C1}.Win8 Debug|x64.Build.0 = Win8 Debug|x64
		{023058EA-8B81-4695-84C5-C35D998575C1}.Win8 Release|Win32.ActiveCfg = Win8 Release|Win32
		{023058EA-8B81-4695-84C5-C35D998575C1}.Win8 Release|Win32.Build.0 = Win8 Release|Win32
		{023058EA-8B81-4695-84C5-C35D998575C1}.Win8 Release|x64.ActiveCfg = Win8 Release|x64
		{023058EA-8B81-4695-84C5-C35D998575C1}.Win8 Release|x64.Build.0 = Win8 Release|x64
		{023058EA-8B81-4695-84C5-C35D998575C1}.Win7 Debug|Win32.ActiveCfg = Win7 Debug|Win32
		{023058EA-8B81-4695-84C5-C35D998575C1}.Win7 Debug|Win32.Build.0 = Win7 Debug|Win32
		{023058EA-8B81-4695-84C5-C35D998575C1}.Win7 Debug|x64.ActiveCfg = Win7 Debug|x64
		{023058EA-8B81-4695-84C5-C35D998575C1}.Win7 Debug|x64.Build.0 = Win7 Debug|x64
		{023058EA-8B81-4695-84C5-C35D998575C1}.Win7 Release|Win32.ActiveCfg = Win7 Release|Win32
		{023058EA-8B81-4695-84C5-C35D998575C1}.Win7 Release|Win32.Build.0 = Win7 Release|Win32
		{023058EA-8B81-4695-84C5-C35D998575C1}.Win7 Release|x64.ActiveCfg = Win7 Release|x64
		{023058EA-8B81-4695-84C5-C35D998575C1}.Win7 Release|x64.Build.0 = Win7 Release|x64
	EndGlobalSection
	GlobalSection(SolutionProperties) = preSolution
		HideSolutionNode = FALSE
	EndGlobalSection
	GlobalSection(NestedProjects) = preSolution
		{F567E78E-3FDB-41C8-BABC-6BF2B9EEA12C} = {880A97E2-0C21-4110-9716-EE2EAA44B386}
		{023058EA-8B81-4695-84C5-C35D998575C1} = {440B2623-F6AD-48D1-9753-E04A2AAB2AB8}
	EndGlobalSection
EndGlobal
