
Microsoft Visual Studio Solution File, Format Version 10.00
# Visual Studio 2008
Project("{8BC9CEB8-8B4A-11D0-8D11-00A0C91BC942}") = "CppImpersonateUser", "CppImpersonateUser\CppImpersonateUser.vcproj", "{7AEF6D2A-3C34-48D7-AE70-8E21D44F64A3}"
EndProject
Global
	
	GlobalSection(SolutionConfigurationPlatforms) = preSolution
		Debug|Win32 = Debug|Win32
		Release|Win32 = Release|Win32
	EndGlobalSection
	GlobalSection(ProjectConfigurationPlatforms) = postSolution
		{7AEF6D2A-3C34-48D7-AE70-8E21D44F64A3}.Debug|Win32.ActiveCfg = Debug|Win32
		{7AEF6D2A-3C34-48D7-AE70-8E21D44F64A3}.Debug|Win32.Build.0 = Debug|Win32
		{7AEF6D2A-3C34-48D7-AE70-8E21D44F64A3}.Release|Win32.ActiveCfg = Release|Win32
		{7AEF6D2A-3C34-48D7-AE70-8E21D44F64A3}.Release|Win32.Build.0 = Release|Win32
	EndGlobalSection
	GlobalSection(SolutionProperties) = preSolution
		HideSolutionNode = FALSE
	EndGlobalSection
EndGlobal
