
Microsoft Visual Studio Solution File, Format Version 12.00
# Visual Studio 2012
Project("{F184B08F-C81C-45F6-A57F-5ABD9991F28F}") = "Client", "VBSocketTransferFile\Client\Client.vbproj", "{115C1149-6A07-4E4C-90BF-16EB19A0B9D7}"
EndProject
Project("{F184B08F-C81C-45F6-A57F-5ABD9991F28F}") = "Server", "VBSocketTransferFile\Server\Server.vbproj", "{3F21FBEC-3013-4151-AB93-2994620BA0A2}"
EndProject
Project("{2150E333-8FDC-42A3-9474-1A3956D46DE8}") = "Documentation", "Documentation", "{E0D8833C-BAB5-49D9-BB0A-24C04F1B6331}"
	ProjectSection(SolutionItems) = preProject
		VBSocketTransferFile\Documentation\ReadMe.htm = VBSocketTransferFile\Documentation\ReadMe.htm
	EndProjectSection
EndProject
Global
	
	GlobalSection(SolutionConfigurationPlatforms) = preSolution
		Debug|x86 = Debug|x86
		Release|x86 = Release|x86
	EndGlobalSection
	GlobalSection(ProjectConfigurationPlatforms) = postSolution
		{115C1149-6A07-4E4C-90BF-16EB19A0B9D7}.Debug|x86.ActiveCfg = Debug|x86
		{115C1149-6A07-4E4C-90BF-16EB19A0B9D7}.Debug|x86.Build.0 = Debug|x86
		{115C1149-6A07-4E4C-90BF-16EB19A0B9D7}.Release|x86.ActiveCfg = Release|x86
		{115C1149-6A07-4E4C-90BF-16EB19A0B9D7}.Release|x86.Build.0 = Release|x86
		{3F21FBEC-3013-4151-AB93-2994620BA0A2}.Debug|x86.ActiveCfg = Debug|x86
		{3F21FBEC-3013-4151-AB93-2994620BA0A2}.Debug|x86.Build.0 = Debug|x86
		{3F21FBEC-3013-4151-AB93-2994620BA0A2}.Release|x86.ActiveCfg = Release|x86
		{3F21FBEC-3013-4151-AB93-2994620BA0A2}.Release|x86.Build.0 = Release|x86
	EndGlobalSection
	GlobalSection(SolutionProperties) = preSolution
		HideSolutionNode = FALSE
	EndGlobalSection
EndGlobal
