
Microsoft Visual Studio Solution File, Format Version 11.00
# Visual Studio 2010
Project("{FAE04EC0-301F-11D3-BF4B-00C04F79EFBC}") = "CSEmailScheduler", "CSEmailScheduler\CSEmailScheduler.csproj", "{B5FE2560-0FF1-46B8-A0C9-B80B4DCB02E4}"
EndProject
Global
	GlobalSection(SolutionConfigurationPlatforms) = preSolution
		Debug|x86 = Debug|x86
		Release|x86 = Release|x86
	EndGlobalSection
	GlobalSection(ProjectConfigurationPlatforms) = postSolution
		{B5FE2560-0FF1-46B8-A0C9-B80B4DCB02E4}.Debug|x86.ActiveCfg = Debug|x86
		{B5FE2560-0FF1-46B8-A0C9-B80B4DCB02E4}.Debug|x86.Build.0 = Debug|x86
		{B5FE2560-0FF1-46B8-A0C9-B80B4DCB02E4}.Release|x86.ActiveCfg = Release|x86
		{B5FE2560-0FF1-46B8-A0C9-B80B4DCB02E4}.Release|x86.Build.0 = Release|x86
	EndGlobalSection
	GlobalSection(SolutionProperties) = preSolution
		HideSolutionNode = FALSE
	EndGlobalSection
EndGlobal
