
Microsoft Visual Studio Solution File, Format Version 12.00
# Visual Studio 2013
VisualStudioVersion = 12.0
MinimumVisualStudioVersion = 10.0.40219.1
Project("{2150E333-8FDC-42A3-9474-1A3956D46DE8}") = "ApplicationDataSample", "ApplicationDataSample.sln", "{5AAB29C9-6540-4298-B11A-3638FD4060E0}"
EndProject
Project("{FAE04EC0-301F-11D3-BF4B-00C04F79EFBC}") = "ApplicationDataSample.Windows", "Windows\ApplicationDataSample.Windows.csproj", "{419E56E2-1A6F-494E-B5C6-42779B65C3EB}"
EndProject
Project("{FAE04EC0-301F-11D3-BF4B-00C04F79EFBC}") = "ApplicationDataSample.WindowsPhone", "WindowsPhone\ApplicationDataSample.WindowsPhone.csproj", "{0F1E597B-FAFE-4505-A9C0-E1E178272CDB}"
EndProject
Project("{D954291E-2A0B-460D-934E-DC6B0785DB48}") = "ApplicationDataSample.Shared", "Shared\ApplicationDataSample.Shared.shproj", "{5124E695-3C32-462A-BE3E-B1B9B23F42EF}"
EndProject
Global
	GlobalSection(SolutionConfigurationPlatforms) = preSolution
		Debug|Any CPU = Debug|Any CPU
		Release|Any CPU = Release|Any CPU
	EndGlobalSection
	GlobalSection(ProjectConfigurationPlatforms) = postSolution
		{0F1E597B-FAFE-4505-A9C0-E1E178272CDB}.Debug|Any CPU.ActiveCfg = Debug|Any CPU
		{0F1E597B-FAFE-4505-A9C0-E1E178272CDB}.Debug|Any CPU.Build.0 = Debug|Any CPU
		{0F1E597B-FAFE-4505-A9C0-E1E178272CDB}.Debug|Any CPU.Deploy.0 = Debug|Any CPU
		{0F1E597B-FAFE-4505-A9C0-E1E178272CDB}.Release|Any CPU.ActiveCfg = Release|Any CPU
		{0F1E597B-FAFE-4505-A9C0-E1E178272CDB}.Release|Any CPU.Build.0 = Release|Any CPU
		{0F1E597B-FAFE-4505-A9C0-E1E178272CDB}.Release|Any CPU.Deploy.0 = Release|Any CPU
		{419E56E2-1A6F-494E-B5C6-42779B65C3EB}.Debug|Any CPU.ActiveCfg = Debug|Any CPU
		{419E56E2-1A6F-494E-B5C6-42779B65C3EB}.Debug|Any CPU.Build.0 = Debug|Any CPU
		{419E56E2-1A6F-494E-B5C6-42779B65C3EB}.Debug|Any CPU.Deploy.0 = Debug|Any CPU
		{419E56E2-1A6F-494E-B5C6-42779B65C3EB}.Release|Any CPU.ActiveCfg = Release|Any CPU
		{419E56E2-1A6F-494E-B5C6-42779B65C3EB}.Release|Any CPU.Build.0 = Release|Any CPU
		{419E56E2-1A6F-494E-B5C6-42779B65C3EB}.Release|Any CPU.Deploy.0 = Release|Any CPU
	EndGlobalSection
	GlobalSection(SolutionProperties) = preSolution
		HideSolutionNode = FALSE
	EndGlobalSection
	GlobalSection(NestedProjects) = preSolution
		{419E56E2-1A6F-494E-B5C6-42779B65C3EB} = {5AAB29C9-6540-4298-B11A-3638FD4060E0}
		{0F1E597B-FAFE-4505-A9C0-E1E178272CDB} = {5AAB29C9-6540-4298-B11A-3638FD4060E0}
		{5124E695-3C32-462A-BE3E-B1B9B23F42EF} = {5AAB29C9-6540-4298-B11A-3638FD4060E0}
	EndGlobalSection
EndGlobal
