Microsoft Visual Studio Solution File, Format Version 11.00
# Visual Studio 2010
Project("{2150E333-8FDC-42A3-9474-1A3956D46DE8}") = "Solution Items", "Solution Items", "{3C3C754E-CDF7-42FF-AA11-EAC5647A6036}"
	ProjectSection(SolutionItems) = preProject
		IntegrationTests.testrunconfig = IntegrationTests.testrunconfig
		Overview.xml = Overview.xml
		Reference.ComboBox.vsmdi = Reference.ComboBox.vsmdi
		UnitTests.testrunconfig = UnitTests.testrunconfig
	EndProjectSection
	ProjectSection(FolderStartupServices) = postProject
		{B4F97281-0DBD-4835-9ED8-7DFB966E87FF} = {B4F97281-0DBD-4835-9ED8-7DFB966E87FF}
	EndProjectSection
EndProject
Project("{F184B08F-C81C-45F6-A57F-5ABD9991F28F}") = "Reference.ComboBox", "Reference.ComboBox.vbproj", "{31971F1A-982A-4277-A460-28CDE8FEB64C}"
EndProject
Project("{F184B08F-C81C-45F6-A57F-5ABD9991F28F}") = "ComboBox.UnitTest", "TDD\ComboBox.UnitTest.vbproj", "{0115F7EC-1B89-4292-BF4A-B54AEDBE627E}"
EndProject
Global
	GlobalSection(TestCaseManagementSettings) = postSolution
		CategoryFile = Reference.ComboBox.vsmdi
	EndGlobalSection
	GlobalSection(SolutionConfigurationPlatforms) = preSolution
		Debug|Any CPU = Debug|Any CPU
		Release|Any CPU = Release|Any CPU
	EndGlobalSection
	GlobalSection(ProjectConfigurationPlatforms) = postSolution
		{31971F1A-982A-4277-A460-28CDE8FEB64C}.Debug|Any CPU.ActiveCfg = Debug|Any CPU
		{31971F1A-982A-4277-A460-28CDE8FEB64C}.Debug|Any CPU.Build.0 = Debug|Any CPU
		{31971F1A-982A-4277-A460-28CDE8FEB64C}.Release|Any CPU.ActiveCfg = Release|Any CPU
		{31971F1A-982A-4277-A460-28CDE8FEB64C}.Release|Any CPU.Build.0 = Release|Any CPU
		{0115F7EC-1B89-4292-BF4A-B54AEDBE627E}.Debug|Any CPU.ActiveCfg = Debug|Any CPU
		{0115F7EC-1B89-4292-BF4A-B54AEDBE627E}.Debug|Any CPU.Build.0 = Debug|Any CPU
		{0115F7EC-1B89-4292-BF4A-B54AEDBE627E}.Release|Any CPU.ActiveCfg = Release|Any CPU
		{0115F7EC-1B89-4292-BF4A-B54AEDBE627E}.Release|Any CPU.Build.0 = Release|Any CPU
	EndGlobalSection
	GlobalSection(SolutionProperties) = preSolution
		HideSolutionNode = FALSE
	EndGlobalSection
	GlobalSection(ExtensibilityAddIns) = postSolution
		DebugSamples100.Connect = 1;Configure Debugging for VSIP Experimental Instance;ConfigVSIPDebug
	EndGlobalSection
	GlobalSection(TextTemplating) = postSolution
		TextTemplating = 1
	EndGlobalSection
EndGlobal
