
Microsoft Visual Studio Solution File, Format Version 12.00
# Visual Studio 2012
Project("{FAE04EC0-301F-11D3-BF4B-00C04F79EFBC}") = "CSOffice365ExportEmail", "CSOffice365ExportEmail\CSOffice365ExportEmail.csproj", "{CA240EC1-825C-4F8B-8C62-A9752BFD056F}"
EndProject
Global
	
	GlobalSection(SolutionConfigurationPlatforms) = preSolution
		Debug|Any CPU = Debug|Any CPU
		Release|Any CPU = Release|Any CPU
	EndGlobalSection
	GlobalSection(ProjectConfigurationPlatforms) = postSolution
		{CA240EC1-825C-4F8B-8C62-A9752BFD056F}.Debug|Any CPU.ActiveCfg = Debug|Any CPU
		{CA240EC1-825C-4F8B-8C62-A9752BFD056F}.Debug|Any CPU.Build.0 = Debug|Any CPU
		{CA240EC1-825C-4F8B-8C62-A9752BFD056F}.Release|Any CPU.ActiveCfg = Release|Any CPU
		{CA240EC1-825C-4F8B-8C62-A9752BFD056F}.Release|Any CPU.Build.0 = Release|Any CPU
	EndGlobalSection
	GlobalSection(SolutionProperties) = preSolution
		HideSolutionNode = FALSE
	EndGlobalSection
EndGlobal
