
Microsoft Visual Studio Solution File, Format Version 11.00
# Visual Studio 2010
Project("{F184B08F-C81C-45F6-A57F-5ABD9991F28F}") = "AZURE_UploadingSharePointContent", "AZURE_UploadingSharePointContent\AZURE_UploadingSharePointContent.vbproj", "{B4E53779-8941-4E6E-8937-11687233767A}"
EndProject
Global
	GlobalSection(SolutionConfigurationPlatforms) = preSolution
		Debug|Any CPU = Debug|Any CPU
		Release|Any CPU = Release|Any CPU
	EndGlobalSection
	GlobalSection(ProjectConfigurationPlatforms) = postSolution
		{B4E53779-8941-4E6E-8937-11687233767A}.Debug|Any CPU.ActiveCfg = Debug|Any CPU
		{B4E53779-8941-4E6E-8937-11687233767A}.Debug|Any CPU.Build.0 = Debug|Any CPU
		{B4E53779-8941-4E6E-8937-11687233767A}.Debug|Any CPU.Deploy.0 = Debug|Any CPU
		{B4E53779-8941-4E6E-8937-11687233767A}.Release|Any CPU.ActiveCfg = Release|Any CPU
		{B4E53779-8941-4E6E-8937-11687233767A}.Release|Any CPU.Build.0 = Release|Any CPU
		{B4E53779-8941-4E6E-8937-11687233767A}.Release|Any CPU.Deploy.0 = Release|Any CPU
	EndGlobalSection
	GlobalSection(SolutionProperties) = preSolution
		HideSolutionNode = FALSE
	EndGlobalSection
EndGlobal
