<?xml version="1.0" encoding="utf-8"?>
<Project ToolsVersion="4.0" xmlns="http://schemas.microsoft.com/developer/msbuild/2003">
  <ItemGroup>
    <Filter Include="Source Files">
      <Extensions>cpp;c;cc;cxx;def;odl;idl;hpj;bat;asm;asmx;*</Extensions>
      <UniqueIdentifier>{EF8BCA9A-C8EB-404C-AA15-63106D20B6C7}</UniqueIdentifier>
    </Filter>
    <Filter Include="Header Files">
      <Extensions>h;hpp;hxx;hm;inl;inc;xsd</Extensions>
      <UniqueIdentifier>{69612297-6778-4B65-901A-D6AC2F1FD28E}</UniqueIdentifier>
    </Filter>
    <Filter Include="Resource Files">
      <Extensions>rc;ico;cur;bmp;dlg;rc2;rct;bin;rgs;gif;jpg;jpeg;jpe;resx;tiff;tif;png;wav;mfcribbon-ms;man;xml</Extensions>
      <UniqueIdentifier>{0A1DE79E-E412-4B83-915F-40092E9F9D7C}</UniqueIdentifier>
    </Filter>
  </ItemGroup>
</Project>