<?xml version="1.0" encoding="utf-8"?>
<Project ToolsVersion="4.0" xmlns="http://schemas.microsoft.com/developer/msbuild/2003">
  <ItemGroup>
    <ClCompile Include="DeviceResources.cpp" />
    <ClCompile Include="SampleOverlay.cpp" />
    <ClCompile Include="App.cpp" />
    <ClCompile Include="DynamicCubemapMain.cpp" />
    <ClCompile Include="DynamicCubemapRenderer.cpp" />
    <ClCompile Include="pch.cpp" />
    <ClCompile Include="BasicCamera.cpp" />
    <ClCompile Include="BasicReaderWriter.cpp" />
    <ClCompile Include="LonLatController.cpp" />
    <ClCompile Include="BasicLoader.cpp" />
    <ClCompile Include="BasicShapes.cpp" />
    <ClCompile Include="DDSTextureLoader.cpp" />
  </ItemGroup>
  <ItemGroup>
    <ClInclude Include="DeviceResources.h" />
    <ClInclude Include="DirectXHelper.h" />
    <ClInclude Include="StepTimer.h" />
    <ClInclude Include="SampleOverlay.h" />
    <ClInclude Include="App.h" />
    <ClInclude Include="DynamicCubemapMain.h" />
    <ClInclude Include="DynamicCubemapRenderer.h" />
    <ClInclude Include="pch.h" />
    <ClInclude Include="BasicCamera.h" />
    <ClInclude Include="BasicLoader.h" />
    <ClInclude Include="BasicMath.h" />
    <ClInclude Include="BasicReaderWriter.h" />
    <ClInclude Include="BasicShapes.h" />
    <ClInclude Include="DDSTextureLoader.h" />
    <ClInclude Include="LonLatController.h" />
  </ItemGroup>
  <ItemGroup>
    <Image Include="smalltile-sdk.png">
      <Filter>Assets</Filter>
    </Image>
    <Image Include="squaretile-sdk.png">
      <Filter>Assets</Filter>
    </Image>
    <Image Include="splash-sdk.png">
      <Filter>Assets</Filter>
    </Image>
    <Image Include="storelogo-sdk.png">
      <Filter>Assets</Filter>
    </Image>
    <Image Include="windowstitle-sdk.png">
      <Filter>Assets</Filter>
    </Image>
    <Image Include="reference.dds" />
  </ItemGroup>
  <ItemGroup>
    <AppxManifest Include="Package.appxmanifest" />
  </ItemGroup>
  <ItemGroup>
    <Filter Include="Assets">
      <UniqueIdentifier>{00000000-0000-0000-000C-000000000001}</UniqueIdentifier>
    </Filter>
  </ItemGroup>
  <ItemGroup>
    <FxCompile Include="PixelShaderSphere.hlsl" />
    <FxCompile Include="PixelShaderCube.hlsl" />
    <FxCompile Include="VertexShaderCube.hlsl" />
    <FxCompile Include="VertexShaderSphere.hlsl" />
  </ItemGroup>
</Project>