
Microsoft Visual Studio Solution File, Format Version 11.00
# Visual Studio 2010
Project("{F184B08F-C81C-45F6-A57F-5ABD9991F28F}") = "WCF_ItemDeleterService", "WCF_ItemDeleterService\WCF_ItemDeleterService.vbproj", "{C9B002CE-11F4-47FD-A3CB-EE51CF9CC221}"
EndProject
Project("{F184B08F-C81C-45F6-A57F-5ABD9991F28F}") = "WCF_SharePointDeleterExampleClient", "WCF_SharePointDeleterExampleClient\WCF_SharePointDeleterExampleClient.vbproj", "{3580BC3D-86D8-417F-AE12-741829D71C03}"
EndProject
Global
	GlobalSection(SolutionConfigurationPlatforms) = preSolution
		Debug|x86 = Debug|x86
		Release|x86 = Release|x86
	EndGlobalSection
	GlobalSection(ProjectConfigurationPlatforms) = postSolution
		{C9B002CE-11F4-47FD-A3CB-EE51CF9CC221}.Debug|x86.ActiveCfg = Debug|x86
		{C9B002CE-11F4-47FD-A3CB-EE51CF9CC221}.Debug|x86.Build.0 = Debug|x86
		{C9B002CE-11F4-47FD-A3CB-EE51CF9CC221}.Release|x86.ActiveCfg = Release|x86
		{C9B002CE-11F4-47FD-A3CB-EE51CF9CC221}.Release|x86.Build.0 = Release|x86
		{3580BC3D-86D8-417F-AE12-741829D71C03}.Debug|x86.ActiveCfg = Debug|x86
		{3580BC3D-86D8-417F-AE12-741829D71C03}.Debug|x86.Build.0 = Debug|x86
		{3580BC3D-86D8-417F-AE12-741829D71C03}.Release|x86.ActiveCfg = Release|x86
		{3580BC3D-86D8-417F-AE12-741829D71C03}.Release|x86.Build.0 = Release|x86
	EndGlobalSection
	GlobalSection(SolutionProperties) = preSolution
		HideSolutionNode = FALSE
	EndGlobalSection
EndGlobal
