
Microsoft Visual Studio Solution File, Format Version 12.00
# Visual Studio 2013
VisualStudioVersion = 12.0.30304.0
MinimumVisualStudioVersion = 10.0.40219.1
Project("{2150E333-8FDC-42A3-9474-1A3956D46DE8}") = "ScrollViewerCPP", "ScrollViewerCPP", "{C7320A65-E92E-400E-AD79-0C045DA221FE}"
EndProject
Project("{8BC9CEB8-8B4A-11D0-8D11-00A0C91BC942}") = "ScrollViewerCPP.Windows", "Windows\ScrollViewerCPP.Windows.vcxproj", "{E21D6801-EA63-40E6-98D8-608CA4153498}"
EndProject
Project("{8BC9CEB8-8B4A-11D0-8D11-00A0C91BC942}") = "ScrollViewerCPP.WindowsPhone", "WindowsPhone\ScrollViewerCPP.WindowsPhone.vcxproj", "{8F497B37-440B-4EAA-A00C-C6F46413E3EC}"
EndProject
Project("{8BC9CEB8-8B4A-11D0-8D11-00A0C91BC942}") = "Shared", "Shared\Shared.vcxitems", "{E2D5968E-B1A0-40AE-B22C-E4C4B6A1DC1A}"
EndProject
Global
	GlobalSection(SharedMSBuildProjectFiles) = preSolution
		Shared\Shared.vcxitems*{e2d5968e-b1a0-40ae-b22c-e4c4b6a1dc1a}*SharedItemsImports = 9
		Shared\Shared.vcxitems*{8f497b37-440b-4eaa-a00c-c6f46413e3ec}*SharedItemsImports = 4
		Shared\Shared.vcxitems*{e21d6801-ea63-40e6-98d8-608ca4153498}*SharedItemsImports = 4
	EndGlobalSection
	GlobalSection(SolutionConfigurationPlatforms) = preSolution
		Debug|ARM = Debug|ARM
		Debug|Win32 = Debug|Win32
		Debug|x64 = Debug|x64
		Release|ARM = Release|ARM
		Release|Win32 = Release|Win32
		Release|x64 = Release|x64
	EndGlobalSection
	GlobalSection(ProjectConfigurationPlatforms) = postSolution
		{8F497B37-440B-4EAA-A00C-C6F46413E3EC}.Debug|ARM.ActiveCfg = Debug|ARM
		{8F497B37-440B-4EAA-A00C-C6F46413E3EC}.Debug|ARM.Build.0 = Debug|ARM
		{8F497B37-440B-4EAA-A00C-C6F46413E3EC}.Debug|ARM.Deploy.0 = Debug|ARM
		{8F497B37-440B-4EAA-A00C-C6F46413E3EC}.Debug|Win32.ActiveCfg = Debug|Win32
		{8F497B37-440B-4EAA-A00C-C6F46413E3EC}.Debug|Win32.Build.0 = Debug|Win32
		{8F497B37-440B-4EAA-A00C-C6F46413E3EC}.Debug|Win32.Deploy.0 = Debug|Win32
		{8F497B37-440B-4EAA-A00C-C6F46413E3EC}.Debug|x64.ActiveCfg = Debug|Win32
		{8F497B37-440B-4EAA-A00C-C6F46413E3EC}.Release|ARM.ActiveCfg = Release|ARM
		{8F497B37-440B-4EAA-A00C-C6F46413E3EC}.Release|ARM.Build.0 = Release|ARM
		{8F497B37-440B-4EAA-A00C-C6F46413E3EC}.Release|ARM.Deploy.0 = Release|ARM
		{8F497B37-440B-4EAA-A00C-C6F46413E3EC}.Release|Win32.ActiveCfg = Release|Win32
		{8F497B37-440B-4EAA-A00C-C6F46413E3EC}.Release|Win32.Build.0 = Release|Win32
		{8F497B37-440B-4EAA-A00C-C6F46413E3EC}.Release|Win32.Deploy.0 = Release|Win32
		{8F497B37-440B-4EAA-A00C-C6F46413E3EC}.Release|x64.ActiveCfg = Release|Win32
		{E21D6801-EA63-40E6-98D8-608CA4153498}.Debug|ARM.ActiveCfg = Debug|ARM
		{E21D6801-EA63-40E6-98D8-608CA4153498}.Debug|ARM.Build.0 = Debug|ARM
		{E21D6801-EA63-40E6-98D8-608CA4153498}.Debug|ARM.Deploy.0 = Debug|ARM
		{E21D6801-EA63-40E6-98D8-608CA4153498}.Debug|Win32.ActiveCfg = Debug|Win32
		{E21D6801-EA63-40E6-98D8-608CA4153498}.Debug|Win32.Build.0 = Debug|Win32
		{E21D6801-EA63-40E6-98D8-608CA4153498}.Debug|Win32.Deploy.0 = Debug|Win32
		{E21D6801-EA63-40E6-98D8-608CA4153498}.Debug|x64.ActiveCfg = Debug|Win32
		{E21D6801-EA63-40E6-98D8-608CA4153498}.Release|ARM.ActiveCfg = Release|ARM
		{E21D6801-EA63-40E6-98D8-608CA4153498}.Release|ARM.Build.0 = Release|ARM
		{E21D6801-EA63-40E6-98D8-608CA4153498}.Release|ARM.Deploy.0 = Release|ARM
		{E21D6801-EA63-40E6-98D8-608CA4153498}.Release|Win32.ActiveCfg = Release|Win32
		{E21D6801-EA63-40E6-98D8-608CA4153498}.Release|Win32.Build.0 = Release|Win32
		{E21D6801-EA63-40E6-98D8-608CA4153498}.Release|Win32.Deploy.0 = Release|Win32
		{E21D6801-EA63-40E6-98D8-608CA4153498}.Release|x64.ActiveCfg = Release|Win32
	EndGlobalSection
	GlobalSection(SolutionProperties) = preSolution
		HideSolutionNode = FALSE
	EndGlobalSection
	GlobalSection(NestedProjects) = preSolution
		{8F497B37-440B-4EAA-A00C-C6F46413E3EC} = {C7320A65-E92E-400E-AD79-0C045DA221FE}
		{E21D6801-EA63-40E6-98D8-608CA4153498} = {C7320A65-E92E-400E-AD79-0C045DA221FE}
		{E2D5968E-B1A0-40AE-B22C-E4C4B6A1DC1A} = {C7320A65-E92E-400E-AD79-0C045DA221FE}
	EndGlobalSection
EndGlobal
