
Microsoft Visual Studio Solution File, Format Version 10.00
# Visual Studio 2008
Project("{FAE04EC0-301F-11D3-BF4B-00C04F79EFBC}") = "CSSocketServer", "CSSocketCommunication\CSSocketServer\CSSocketServer.csproj", "{FD243BB9-377E-4639-8655-DEF6ECBAED9E}"
EndProject
Project("{FAE04EC0-301F-11D3-BF4B-00C04F79EFBC}") = "CSSocketClient", "CSSocketCommunication\CSSocketClient\CSSocketClient.csproj", "{3A41CEFF-2019-4879-BC2F-FE3D1AA90B69}"
	ProjectSection(ProjectDependencies) = postProject
		{FD243BB9-377E-4639-8655-DEF6ECBAED9E} = {FD243BB9-377E-4639-8655-DEF6ECBAED9E}
	EndProjectSection
EndProject
Project("{2150E333-8FDC-42A3-9474-1A3956D46DE8}") = "Documentation", "Documentation", "{FA633122-F2E1-40B5-82D1-A8AC11C5B09A}"
	ProjectSection(SolutionItems) = preProject
		CSSocketCommunication\Documentation\ReadMe.htm = CSSocketCommunication\Documentation\ReadMe.htm
	EndProjectSection
EndProject
Project("{2150E333-8FDC-42A3-9474-1A3956D46DE8}") = "ReadMe_files", "ReadMe_files", "{CAC4CACC-0F90-48EF-93E1-FC0AB5D99051}"
	ProjectSection(SolutionItems) = preProject
		CSSocketCommunication\Documentation\ReadMe_files\colorschememapping.xml = CSSocketCommunication\Documentation\ReadMe_files\colorschememapping.xml
		CSSocketCommunication\Documentation\ReadMe_files\filelist.xml = CSSocketCommunication\Documentation\ReadMe_files\filelist.xml
		CSSocketCommunication\Documentation\ReadMe_files\image001.png = CSSocketCommunication\Documentation\ReadMe_files\image001.png
		CSSocketCommunication\Documentation\ReadMe_files\image002.png = CSSocketCommunication\Documentation\ReadMe_files\image002.png
		CSSocketCommunication\Documentation\ReadMe_files\themedata.thmx = CSSocketCommunication\Documentation\ReadMe_files\themedata.thmx
	EndProjectSection
EndProject
Global
	
	GlobalSection(SolutionConfigurationPlatforms) = preSolution
		Debug|Any CPU = Debug|Any CPU
		Release|Any CPU = Release|Any CPU
	EndGlobalSection
	GlobalSection(ProjectConfigurationPlatforms) = postSolution
		{FD243BB9-377E-4639-8655-DEF6ECBAED9E}.Debug|Any CPU.ActiveCfg = Debug|Any CPU
		{FD243BB9-377E-4639-8655-DEF6ECBAED9E}.Debug|Any CPU.Build.0 = Debug|Any CPU
		{FD243BB9-377E-4639-8655-DEF6ECBAED9E}.Release|Any CPU.ActiveCfg = Release|Any CPU
		{FD243BB9-377E-4639-8655-DEF6ECBAED9E}.Release|Any CPU.Build.0 = Release|Any CPU
		{3A41CEFF-2019-4879-BC2F-FE3D1AA90B69}.Debug|Any CPU.ActiveCfg = Debug|Any CPU
		{3A41CEFF-2019-4879-BC2F-FE3D1AA90B69}.Debug|Any CPU.Build.0 = Debug|Any CPU
		{3A41CEFF-2019-4879-BC2F-FE3D1AA90B69}.Release|Any CPU.ActiveCfg = Release|Any CPU
		{3A41CEFF-2019-4879-BC2F-FE3D1AA90B69}.Release|Any CPU.Build.0 = Release|Any CPU
	EndGlobalSection
	GlobalSection(SolutionProperties) = preSolution
		HideSolutionNode = FALSE
	EndGlobalSection
	GlobalSection(NestedProjects) = preSolution
		{CAC4CACC-0F90-48EF-93E1-FC0AB5D99051} = {FA633122-F2E1-40B5-82D1-A8AC11C5B09A}
	EndGlobalSection
EndGlobal
