
Microsoft Visual Studio Solution File, Format Version 12.00
# Visual Studio 2013
VisualStudioVersion = 12.0
MinimumVisualStudioVersion = 10.0.40219.1
Project("{2150E333-8FDC-42A3-9474-1A3956D46DE8}") = "DataReaderWriter", "DataReaderWriter", "{3C6036EE-93E7-4743-B324-EF31107A3EDA}"
EndProject
Project("{262852C6-CD72-467D-83FE-5EEB1973A190}") = "DataReaderWriter.Windows", "Windows\DataReaderWriter.Windows.jsproj", "{4E78C69F-F700-4FD5-80D5-C9B2E1E96612}"
EndProject
Project("{262852C6-CD72-467D-83FE-5EEB1973A190}") = "DataReaderWriter.WindowsPhone", "WindowsPhone\DataReaderWriter.WindowsPhone.jsproj", "{4DF39C23-F794-4275-AE68-E9524B828FAE}"
EndProject
Project("{D954291E-2A0B-460D-934E-DC6B0785DB48}") = "DataReaderWriter.Shared", "Shared\DataReaderWriter.Shared.shproj", "{E3ADFF37-0606-437F-98AE-33AFFCDAFB4F}"
EndProject
Global
	GlobalSection(SharedProjectFiles.SharedItemsImports) = preSolution
		Shared\Shared.projitems*{4df39c23-f794-4275-ae68-e9524b828fae}*SharedItemsImports = 5
		Shared\Shared.projitems*{4e78c69f-f700-4fd5-80d5-c9b2e1e96612}*SharedItemsImports = 5
	EndGlobalSection
	GlobalSection(SolutionConfigurationPlatforms) = preSolution
		Release|Any CPU = Release|Any CPU
		Debug|Any CPU = Debug|Any CPU
	EndGlobalSection
	GlobalSection(ProjectConfigurationPlatforms) = postSolution
		{4DF39C23-F794-4275-AE68-E9524B828FAE}.Release|Any CPU.ActiveCfg = Release|Any CPU
		{4DF39C23-F794-4275-AE68-E9524B828FAE}.Release|Any CPU.Build.0 = Release|Any CPU
		{4DF39C23-F794-4275-AE68-E9524B828FAE}.Release|Any CPU.Deploy.0 = Release|Any CPU
		{4DF39C23-F794-4275-AE68-E9524B828FAE}.Debug|Any CPU.ActiveCfg = Debug|Any CPU
		{4DF39C23-F794-4275-AE68-E9524B828FAE}.Debug|Any CPU.Build.0 = Debug|Any CPU
		{4DF39C23-F794-4275-AE68-E9524B828FAE}.Debug|Any CPU.Deploy.0 = Debug|Any CPU
		{4E78C69F-F700-4FD5-80D5-C9B2E1E96612}.Release|Any CPU.ActiveCfg = Release|Any CPU
		{4E78C69F-F700-4FD5-80D5-C9B2E1E96612}.Release|Any CPU.Build.0 = Release|Any CPU
		{4E78C69F-F700-4FD5-80D5-C9B2E1E96612}.Release|Any CPU.Deploy.0 = Release|Any CPU
		{4E78C69F-F700-4FD5-80D5-C9B2E1E96612}.Debug|Any CPU.ActiveCfg = Debug|Any CPU
		{4E78C69F-F700-4FD5-80D5-C9B2E1E96612}.Debug|Any CPU.Build.0 = Debug|Any CPU
		{4E78C69F-F700-4FD5-80D5-C9B2E1E96612}.Debug|Any CPU.Deploy.0 = Debug|Any CPU
	EndGlobalSection
	GlobalSection(SolutionProperties) = preSolution
		HideSolutionNode = FALSE
	EndGlobalSection
	GlobalSection(NestedProjects) = preSolution
		{4DF39C23-F794-4275-AE68-E9524B828FAE} = {3C6036EE-93E7-4743-B324-EF31107A3EDA}
		{4E78C69F-F700-4FD5-80D5-C9B2E1E96612} = {3C6036EE-93E7-4743-B324-EF31107A3EDA}
		{E3ADFF37-0606-437F-98AE-33AFFCDAFB4F} = {3C6036EE-93E7-4743-B324-EF31107A3EDA}
	EndGlobalSection
EndGlobal
