
Microsoft Visual Studio Solution File, Format Version 12.00
# Visual Studio 2013
VisualStudioVersion = 12.0
MinimumVisualStudioVersion = 12.0
Project("{2150E333-8FDC-42A3-9474-1A3956D46DE8}") = "Package", "Package", "{F5C50C6F-9CC5-4228-8290-970E08B706DA}"
EndProject
Project("{8BC9CEB8-8B4A-11D0-8D11-00A0C91BC942}") = "package", "Package\package.VcxProj", "{13D39F93-4345-4A1F-A0E1-C0538CD64D00}"
EndProject
Project("{8BC9CEB8-8B4A-11D0-8D11-00A0C91BC942}") = "SerEnum_sample", "SerEnum_sample.vcxproj", "{58D39DB1-9A41-4F74-85AD-31FBD200348E}"
EndProject
Global
	GlobalSection(SolutionConfigurationPlatforms) = preSolution
		Win8.1 Debug|Win32 = Win8.1 Debug|Win32
		Win8.1 Debug|x64 = Win8.1 Debug|x64
		Win8.1 Release|Win32 = Win8.1 Release|Win32
		Win8.1 Release|x64 = Win8.1 Release|x64
		Win8 Debug|Win32 = Win8 Debug|Win32
		Win8 Debug|x64 = Win8 Debug|x64
		Win8 Release|Win32 = Win8 Release|Win32
		Win8 Release|x64 = Win8 Release|x64
		Win7 Debug|Win32 = Win7 Debug|Win32
		Win7 Debug|x64 = Win7 Debug|x64
		Win7 Release|Win32 = Win7 Release|Win32
		Win7 Release|x64 = Win7 Release|x64
	EndGlobalSection
	GlobalSection(ProjectConfigurationPlatforms) = postSolution
		{13D39F93-4345-4A1F-A0E1-C0538CD64D00}.Win8.1 Debug|Win32.ActiveCfg = Win8.1 Debug|Win32
		{13D39F93-4345-4A1F-A0E1-C0538CD64D00}.Win8.1 Debug|Win32.Build.0 = Win8.1 Debug|Win32
		{13D39F93-4345-4A1F-A0E1-C0538CD64D00}.Win8.1 Debug|x64.ActiveCfg = Win8.1 Debug|x64
		{13D39F93-4345-4A1F-A0E1-C0538CD64D00}.Win8.1 Debug|x64.Build.0 = Win8.1 Debug|x64
		{13D39F93-4345-4A1F-A0E1-C0538CD64D00}.Win8.1 Release|Win32.ActiveCfg = Win8.1 Release|Win32
		{13D39F93-4345-4A1F-A0E1-C0538CD64D00}.Win8.1 Release|Win32.Build.0 = Win8.1 Release|Win32
		{13D39F93-4345-4A1F-A0E1-C0538CD64D00}.Win8.1 Release|x64.ActiveCfg = Win8.1 Release|x64
		{13D39F93-4345-4A1F-A0E1-C0538CD64D00}.Win8.1 Release|x64.Build.0 = Win8.1 Release|x64
		{13D39F93-4345-4A1F-A0E1-C0538CD64D00}.Win8 Debug|Win32.ActiveCfg = Win8 Debug|Win32
		{13D39F93-4345-4A1F-A0E1-C0538CD64D00}.Win8 Debug|Win32.Build.0 = Win8 Debug|Win32
		{13D39F93-4345-4A1F-A0E1-C0538CD64D00}.Win8 Debug|x64.ActiveCfg = Win8 Debug|x64
		{13D39F93-4345-4A1F-A0E1-C0538CD64D00}.Win8 Debug|x64.Build.0 = Win8 Debug|x64
		{13D39F93-4345-4A1F-A0E1-C0538CD64D00}.Win8 Release|Win32.ActiveCfg = Win8 Release|Win32
		{13D39F93-4345-4A1F-A0E1-C0538CD64D00}.Win8 Release|Win32.Build.0 = Win8 Release|Win32
		{13D39F93-4345-4A1F-A0E1-C0538CD64D00}.Win8 Release|x64.ActiveCfg = Win8 Release|x64
		{13D39F93-4345-4A1F-A0E1-C0538CD64D00}.Win8 Release|x64.Build.0 = Win8 Release|x64
		{13D39F93-4345-4A1F-A0E1-C0538CD64D00}.Win7 Debug|Win32.ActiveCfg = Win7 Debug|Win32
		{13D39F93-4345-4A1F-A0E1-C0538CD64D00}.Win7 Debug|Win32.Build.0 = Win7 Debug|Win32
		{13D39F93-4345-4A1F-A0E1-C0538CD64D00}.Win7 Debug|x64.ActiveCfg = Win7 Debug|x64
		{13D39F93-4345-4A1F-A0E1-C0538CD64D00}.Win7 Debug|x64.Build.0 = Win7 Debug|x64
		{13D39F93-4345-4A1F-A0E1-C0538CD64D00}.Win7 Release|Win32.ActiveCfg = Win7 Release|Win32
		{13D39F93-4345-4A1F-A0E1-C0538CD64D00}.Win7 Release|Win32.Build.0 = Win7 Release|Win32
		{13D39F93-4345-4A1F-A0E1-C0538CD64D00}.Win7 Release|x64.ActiveCfg = Win7 Release|x64
		{13D39F93-4345-4A1F-A0E1-C0538CD64D00}.Win7 Release|x64.Build.0 = Win7 Release|x64
		{58D39DB1-9A41-4F74-85AD-31FBD200348E}.Win8.1 Debug|Win32.ActiveCfg = Win8.1 Debug|Win32
		{58D39DB1-9A41-4F74-85AD-31FBD200348E}.Win8.1 Debug|Win32.Build.0 = Win8.1 Debug|Win32
		{58D39DB1-9A41-4F74-85AD-31FBD200348E}.Win8.1 Debug|x64.ActiveCfg = Win8.1 Debug|x64
		{58D39DB1-9A41-4F74-85AD-31FBD200348E}.Win8.1 Debug|x64.Build.0 = Win8.1 Debug|x64
		{58D39DB1-9A41-4F74-85AD-31FBD200348E}.Win8.1 Release|Win32.ActiveCfg = Win8.1 Release|Win32
		{58D39DB1-9A41-4F74-85AD-31FBD200348E}.Win8.1 Release|Win32.Build.0 = Win8.1 Release|Win32
		{58D39DB1-9A41-4F74-85AD-31FBD200348E}.Win8.1 Release|x64.ActiveCfg = Win8.1 Release|x64
		{58D39DB1-9A41-4F74-85AD-31FBD200348E}.Win8.1 Release|x64.Build.0 = Win8.1 Release|x64
		{58D39DB1-9A41-4F74-85AD-31FBD200348E}.Win8 Debug|Win32.ActiveCfg = Win8 Debug|Win32
		{58D39DB1-9A41-4F74-85AD-31FBD200348E}.Win8 Debug|Win32.Build.0 = Win8 Debug|Win32
		{58D39DB1-9A41-4F74-85AD-31FBD200348E}.Win8 Debug|x64.ActiveCfg = Win8 Debug|x64
		{58D39DB1-9A41-4F74-85AD-31FBD200348E}.Win8 Debug|x64.Build.0 = Win8 Debug|x64
		{58D39DB1-9A41-4F74-85AD-31FBD200348E}.Win8 Release|Win32.ActiveCfg = Win8 Release|Win32
		{58D39DB1-9A41-4F74-85AD-31FBD200348E}.Win8 Release|Win32.Build.0 = Win8 Release|Win32
		{58D39DB1-9A41-4F74-85AD-31FBD200348E}.Win8 Release|x64.ActiveCfg = Win8 Release|x64
		{58D39DB1-9A41-4F74-85AD-31FBD200348E}.Win8 Release|x64.Build.0 = Win8 Release|x64
		{58D39DB1-9A41-4F74-85AD-31FBD200348E}.Win7 Debug|Win32.ActiveCfg = Win7 Debug|Win32
		{58D39DB1-9A41-4F74-85AD-31FBD200348E}.Win7 Debug|Win32.Build.0 = Win7 Debug|Win32
		{58D39DB1-9A41-4F74-85AD-31FBD200348E}.Win7 Debug|x64.ActiveCfg = Win7 Debug|x64
		{58D39DB1-9A41-4F74-85AD-31FBD200348E}.Win7 Debug|x64.Build.0 = Win7 Debug|x64
		{58D39DB1-9A41-4F74-85AD-31FBD200348E}.Win7 Release|Win32.ActiveCfg = Win7 Release|Win32
		{58D39DB1-9A41-4F74-85AD-31FBD200348E}.Win7 Release|Win32.Build.0 = Win7 Release|Win32
		{58D39DB1-9A41-4F74-85AD-31FBD200348E}.Win7 Release|x64.ActiveCfg = Win7 Release|x64
		{58D39DB1-9A41-4F74-85AD-31FBD200348E}.Win7 Release|x64.Build.0 = Win7 Release|x64
	EndGlobalSection
	GlobalSection(SolutionProperties) = preSolution
		HideSolutionNode = FALSE
	EndGlobalSection
	GlobalSection(NestedProjects) = preSolution
		{13D39F93-4345-4A1F-A0E1-C0538CD64D00} = {F5C50C6F-9CC5-4228-8290-970E08B706DA}
	EndGlobalSection
EndGlobal
