
Microsoft Visual Studio Solution File, Format Version 12.00
# Visual Studio 2013
VisualStudioVersion = 12.0
MinimumVisualStudioVersion = 10.0.40219.1
Project("{2150E333-8FDC-42A3-9474-1A3956D46DE8}") = "Controls_ScrollView", "Controls_ScrollView", "{F2A7DC55-BE08-4810-A763-E91DE6F79A6D}"
EndProject
Project("{262852C6-CD72-467D-83FE-5EEB1973A190}") = "Controls_ScrollView.Windows", "Windows\Controls_ScrollView.Windows.jsproj", "{15D8C1EC-08D0-422F-BBDF-D4C2A9617EC1}"
EndProject
Project("{262852C6-CD72-467D-83FE-5EEB1973A190}") = "Controls_ScrollView.WindowsPhone", "WindowsPhone\Controls_ScrollView.WindowsPhone.jsproj", "{EAC37207-2AC2-4761-B089-CD3BF2886EDE}"
EndProject
Project("{D954291E-2A0B-460D-934E-DC6B0785DB48}") = "Controls_ScrollView.Shared", "Shared\Controls_ScrollView.Shared.shproj", "{D12D17FE-88FB-4F38-8204-BA324C3FD161}"
EndProject
Global
	GlobalSection(SharedProjectFiles.SharedItemsImports) = preSolution
		Shared\Shared.projitems*{eac37207-2ac2-4761-b089-cd3bf2886ede}*SharedItemsImports = 5
		Shared\Shared.projitems*{15d8c1ec-08d0-422f-bbdf-d4c2a9617ec1}*SharedItemsImports = 5
	EndGlobalSection
	GlobalSection(SolutionConfigurationPlatforms) = preSolution
		Release|Any CPU = Release|Any CPU
		Debug|Any CPU = Debug|Any CPU
	EndGlobalSection
	GlobalSection(ProjectConfigurationPlatforms) = postSolution
		{EAC37207-2AC2-4761-B089-CD3BF2886EDE}.Release|Any CPU.ActiveCfg = Release|Any CPU
		{EAC37207-2AC2-4761-B089-CD3BF2886EDE}.Release|Any CPU.Build.0 = Release|Any CPU
		{EAC37207-2AC2-4761-B089-CD3BF2886EDE}.Release|Any CPU.Deploy.0 = Release|Any CPU
		{EAC37207-2AC2-4761-B089-CD3BF2886EDE}.Debug|Any CPU.ActiveCfg = Debug|Any CPU
		{EAC37207-2AC2-4761-B089-CD3BF2886EDE}.Debug|Any CPU.Build.0 = Debug|Any CPU
		{EAC37207-2AC2-4761-B089-CD3BF2886EDE}.Debug|Any CPU.Deploy.0 = Debug|Any CPU
		{15D8C1EC-08D0-422F-BBDF-D4C2A9617EC1}.Release|Any CPU.ActiveCfg = Release|Any CPU
		{15D8C1EC-08D0-422F-BBDF-D4C2A9617EC1}.Release|Any CPU.Build.0 = Release|Any CPU
		{15D8C1EC-08D0-422F-BBDF-D4C2A9617EC1}.Release|Any CPU.Deploy.0 = Release|Any CPU
		{15D8C1EC-08D0-422F-BBDF-D4C2A9617EC1}.Debug|Any CPU.ActiveCfg = Debug|Any CPU
		{15D8C1EC-08D0-422F-BBDF-D4C2A9617EC1}.Debug|Any CPU.Build.0 = Debug|Any CPU
		{15D8C1EC-08D0-422F-BBDF-D4C2A9617EC1}.Debug|Any CPU.Deploy.0 = Debug|Any CPU
	EndGlobalSection
	GlobalSection(SolutionProperties) = preSolution
		HideSolutionNode = FALSE
	EndGlobalSection
	GlobalSection(NestedProjects) = preSolution
		{EAC37207-2AC2-4761-B089-CD3BF2886EDE} = {F2A7DC55-BE08-4810-A763-E91DE6F79A6D}
		{15D8C1EC-08D0-422F-BBDF-D4C2A9617EC1} = {F2A7DC55-BE08-4810-A763-E91DE6F79A6D}
		{D12D17FE-88FB-4F38-8204-BA324C3FD161} = {F2A7DC55-BE08-4810-A763-E91DE6F79A6D}
	EndGlobalSection
EndGlobal
