
Microsoft Visual Studio Solution File, Format Version 12.00
# Visual Studio 11
Project("{2150E333-8FDC-42A3-9474-1A3956D46DE8}") = "Package", "Package", "{37059F04-47B8-4F68-861F-C9B96BFFF982}"
EndProject
Project("{8BC9CEB8-8B4A-11D0-8D11-00A0C91BC942}") = "package", "Package\package.VcxProj", "{B7E40C5A-0312-446F-B049-42755436CBCA}"
EndProject
Project("{8BC9CEB8-8B4A-11D0-8D11-00A0C91BC942}") = "UMDFSkeleton", "UMDFSkeleton.vcxproj", "{7CFDE38A-36B8-4A3C-BA46-14A50AE9D98F}"
EndProject
Global
	GlobalSection(SolutionConfigurationPlatforms) = preSolution
		Win8 Debug|Win32 = Win8 Debug|Win32
		Win8 Debug|x64 = Win8 Debug|x64
		Win8 Release|Win32 = Win8 Release|Win32
		Win8 Release|x64 = Win8 Release|x64
		Win7 Debug|Win32 = Win7 Debug|Win32
		Win7 Debug|x64 = Win7 Debug|x64
		Win7 Release|Win32 = Win7 Release|Win32
		Win7 Release|x64 = Win7 Release|x64
		Vista Debug|Win32 = Vista Debug|Win32
		Vista Debug|x64 = Vista Debug|x64
		Vista Release|Win32 = Vista Release|Win32
		Vista Release|x64 = Vista Release|x64
	EndGlobalSection
	GlobalSection(ProjectConfigurationPlatforms) = postSolution
		{B7E40C5A-0312-446F-B049-42755436CBCA}.Win8 Debug|Win32.ActiveCfg = Win8 Debug|Win32
		{B7E40C5A-0312-446F-B049-42755436CBCA}.Win8 Debug|Win32.Build.0 = Win8 Debug|Win32
		{B7E40C5A-0312-446F-B049-42755436CBCA}.Win8 Debug|x64.ActiveCfg = Win8 Debug|x64
		{B7E40C5A-0312-446F-B049-42755436CBCA}.Win8 Debug|x64.Build.0 = Win8 Debug|x64
		{B7E40C5A-0312-446F-B049-42755436CBCA}.Win8 Release|Win32.ActiveCfg = Win8 Release|Win32
		{B7E40C5A-0312-446F-B049-42755436CBCA}.Win8 Release|Win32.Build.0 = Win8 Release|Win32
		{B7E40C5A-0312-446F-B049-42755436CBCA}.Win8 Release|x64.ActiveCfg = Win8 Release|x64
		{B7E40C5A-0312-446F-B049-42755436CBCA}.Win8 Release|x64.Build.0 = Win8 Release|x64
		{B7E40C5A-0312-446F-B049-42755436CBCA}.Win7 Debug|Win32.ActiveCfg = Win7 Debug|Win32
		{B7E40C5A-0312-446F-B049-42755436CBCA}.Win7 Debug|Win32.Build.0 = Win7 Debug|Win32
		{B7E40C5A-0312-446F-B049-42755436CBCA}.Win7 Debug|x64.ActiveCfg = Win7 Debug|x64
		{B7E40C5A-0312-446F-B049-42755436CBCA}.Win7 Debug|x64.Build.0 = Win7 Debug|x64
		{B7E40C5A-0312-446F-B049-42755436CBCA}.Win7 Release|Win32.ActiveCfg = Win7 Release|Win32
		{B7E40C5A-0312-446F-B049-42755436CBCA}.Win7 Release|Win32.Build.0 = Win7 Release|Win32
		{B7E40C5A-0312-446F-B049-42755436CBCA}.Win7 Release|x64.ActiveCfg = Win7 Release|x64
		{B7E40C5A-0312-446F-B049-42755436CBCA}.Win7 Release|x64.Build.0 = Win7 Release|x64
		{B7E40C5A-0312-446F-B049-42755436CBCA}.Vista Debug|Win32.ActiveCfg = Vista Debug|Win32
		{B7E40C5A-0312-446F-B049-42755436CBCA}.Vista Debug|Win32.Build.0 = Vista Debug|Win32
		{B7E40C5A-0312-446F-B049-42755436CBCA}.Vista Debug|x64.ActiveCfg = Vista Debug|x64
		{B7E40C5A-0312-446F-B049-42755436CBCA}.Vista Debug|x64.Build.0 = Vista Debug|x64
		{B7E40C5A-0312-446F-B049-42755436CBCA}.Vista Release|Win32.ActiveCfg = Vista Release|Win32
		{B7E40C5A-0312-446F-B049-42755436CBCA}.Vista Release|Win32.Build.0 = Vista Release|Win32
		{B7E40C5A-0312-446F-B049-42755436CBCA}.Vista Release|x64.ActiveCfg = Vista Release|x64
		{B7E40C5A-0312-446F-B049-42755436CBCA}.Vista Release|x64.Build.0 = Vista Release|x64
		{7CFDE38A-36B8-4A3C-BA46-14A50AE9D98F}.Win8 Debug|Win32.ActiveCfg = Win8 Debug|Win32
		{7CFDE38A-36B8-4A3C-BA46-14A50AE9D98F}.Win8 Debug|Win32.Build.0 = Win8 Debug|Win32
		{7CFDE38A-36B8-4A3C-BA46-14A50AE9D98F}.Win8 Debug|x64.ActiveCfg = Win8 Debug|x64
		{7CFDE38A-36B8-4A3C-BA46-14A50AE9D98F}.Win8 Debug|x64.Build.0 = Win8 Debug|x64
		{7CFDE38A-36B8-4A3C-BA46-14A50AE9D98F}.Win8 Release|Win32.ActiveCfg = Win8 Release|Win32
		{7CFDE38A-36B8-4A3C-BA46-14A50AE9D98F}.Win8 Release|Win32.Build.0 = Win8 Release|Win32
		{7CFDE38A-36B8-4A3C-BA46-14A50AE9D98F}.Win8 Release|x64.ActiveCfg = Win8 Release|x64
		{7CFDE38A-36B8-4A3C-BA46-14A50AE9D98F}.Win8 Release|x64.Build.0 = Win8 Release|x64
		{7CFDE38A-36B8-4A3C-BA46-14A50AE9D98F}.Win7 Debug|Win32.ActiveCfg = Win7 Debug|Win32
		{7CFDE38A-36B8-4A3C-BA46-14A50AE9D98F}.Win7 Debug|Win32.Build.0 = Win7 Debug|Win32
		{7CFDE38A-36B8-4A3C-BA46-14A50AE9D98F}.Win7 Debug|x64.ActiveCfg = Win7 Debug|x64
		{7CFDE38A-36B8-4A3C-BA46-14A50AE9D98F}.Win7 Debug|x64.Build.0 = Win7 Debug|x64
		{7CFDE38A-36B8-4A3C-BA46-14A50AE9D98F}.Win7 Release|Win32.ActiveCfg = Win7 Release|Win32
		{7CFDE38A-36B8-4A3C-BA46-14A50AE9D98F}.Win7 Release|Win32.Build.0 = Win7 Release|Win32
		{7CFDE38A-36B8-4A3C-BA46-14A50AE9D98F}.Win7 Release|x64.ActiveCfg = Win7 Release|x64
		{7CFDE38A-36B8-4A3C-BA46-14A50AE9D98F}.Win7 Release|x64.Build.0 = Win7 Release|x64
		{7CFDE38A-36B8-4A3C-BA46-14A50AE9D98F}.Vista Debug|Win32.ActiveCfg = Vista Debug|Win32
		{7CFDE38A-36B8-4A3C-BA46-14A50AE9D98F}.Vista Debug|Win32.Build.0 = Vista Debug|Win32
		{7CFDE38A-36B8-4A3C-BA46-14A50AE9D98F}.Vista Debug|x64.ActiveCfg = Vista Debug|x64
		{7CFDE38A-36B8-4A3C-BA46-14A50AE9D98F}.Vista Debug|x64.Build.0 = Vista Debug|x64
		{7CFDE38A-36B8-4A3C-BA46-14A50AE9D98F}.Vista Release|Win32.ActiveCfg = Vista Release|Win32
		{7CFDE38A-36B8-4A3C-BA46-14A50AE9D98F}.Vista Release|Win32.Build.0 = Vista Release|Win32
		{7CFDE38A-36B8-4A3C-BA46-14A50AE9D98F}.Vista Release|x64.ActiveCfg = Vista Release|x64
		{7CFDE38A-36B8-4A3C-BA46-14A50AE9D98F}.Vista Release|x64.Build.0 = Vista Release|x64
	EndGlobalSection
	GlobalSection(SolutionProperties) = preSolution
		HideSolutionNode = FALSE
	EndGlobalSection
	GlobalSection(NestedProjects) = preSolution
		{B7E40C5A-0312-446F-B049-42755436CBCA} = {37059F04-47B8-4F68-861F-C9B96BFFF982}
	EndGlobalSection
EndGlobal
