<?xml version="1.0" encoding="utf-8"?>
<Project ToolsVersion="4.0" xmlns="http://schemas.microsoft.com/developer/msbuild/2003">
  <ItemGroup>
    <Filter Include="Source Files">
      <Extensions>cpp;c;cc;cxx;def;odl;idl;hpj;bat;asm;asmx</Extensions>
      <UniqueIdentifier>{75D2BA56-3C27-45B0-8B54-6453C36AEDBA}</UniqueIdentifier>
    </Filter>
    <Filter Include="Header Files">
      <Extensions>h;hpp;hxx;hm;inl;inc;xsd</Extensions>
      <UniqueIdentifier>{1CDB1D9A-F5DE-475B-BFD1-E7C5464C9BDD}</UniqueIdentifier>
    </Filter>
    <Filter Include="Resource Files">
      <Extensions>rc;ico;cur;bmp;dlg;rc2;rct;bin;rgs;gif;jpg;jpeg;jpe;resx;tiff;tif;png;wav;mfcribbon-ms</Extensions>
      <UniqueIdentifier>{8F89AB35-FE25-44A5-84B4-672C6986317F}</UniqueIdentifier>
    </Filter>
  </ItemGroup>
</Project>