<?xml version="1.0" encoding="utf-8"?>
<Project ToolsVersion="4.0" xmlns="http://schemas.microsoft.com/developer/msbuild/2003">
  <ItemGroup>
    <Filter Include="Source Files">
      <Extensions>cpp;c;cc;cxx;def;odl;idl;hpj;bat;asm;asmx;*</Extensions>
      <UniqueIdentifier>{1317FCA9-654A-4676-A858-0111E8D722E1}</UniqueIdentifier>
    </Filter>
    <Filter Include="Header Files">
      <Extensions>h;hpp;hxx;hm;inl;inc;xsd</Extensions>
      <UniqueIdentifier>{FF8F5B20-9C71-40D9-BBA6-5D367386F217}</UniqueIdentifier>
    </Filter>
    <Filter Include="Resource Files">
      <Extensions>rc;ico;cur;bmp;dlg;rc2;rct;bin;rgs;gif;jpg;jpeg;jpe;resx;tiff;tif;png;wav;mfcribbon-ms;man;xml</Extensions>
      <UniqueIdentifier>{B042A525-6B04-4C17-80BD-51B0E159507C}</UniqueIdentifier>
    </Filter>
  </ItemGroup>
</Project>