
Microsoft Visual Studio Solution File, Format Version 11.00
# Visual Studio 2010
Project("{2150E333-8FDC-42A3-9474-1A3956D46DE8}") = "Solution Items", "Solution Items", "{74561AB8-6286-4CAD-930A-19B1977624C0}"
EndProject
Project("{FAE04EC0-301F-11D3-BF4B-00C04F79EFBC}") = "MenuAndCommands", "MenuAndCommands.csproj", "{58922993-9830-4A40-B462-0326342F69ED}"
EndProject
Project("{FAE04EC0-301F-11D3-BF4B-00C04F79EFBC}") = "MenuAndCommands.UnitTest", "TDD\MenuAndCommands.UnitTest.csproj", "{01C68170-A71A-4080-BD75-5A56F9186559}"
EndProject
Global
	GlobalSection(SolutionConfigurationPlatforms) = preSolution
		Debug|Any CPU = Debug|Any CPU
		Release|Any CPU = Release|Any CPU
	EndGlobalSection
	GlobalSection(ProjectConfigurationPlatforms) = postSolution
		{58922993-9830-4A40-B462-0326342F69ED}.Debug|Any CPU.ActiveCfg = Debug|Any CPU
		{58922993-9830-4A40-B462-0326342F69ED}.Debug|Any CPU.Build.0 = Debug|Any CPU
		{58922993-9830-4A40-B462-0326342F69ED}.Release|Any CPU.ActiveCfg = Release|Any CPU
		{58922993-9830-4A40-B462-0326342F69ED}.Release|Any CPU.Build.0 = Release|Any CPU
		{01C68170-A71A-4080-BD75-5A56F9186559}.Debug|Any CPU.ActiveCfg = Debug|Any CPU
		{01C68170-A71A-4080-BD75-5A56F9186559}.Debug|Any CPU.Build.0 = Debug|Any CPU
		{01C68170-A71A-4080-BD75-5A56F9186559}.Release|Any CPU.ActiveCfg = Release|Any CPU
		{01C68170-A71A-4080-BD75-5A56F9186559}.Release|Any CPU.Build.0 = Release|Any CPU
	EndGlobalSection
	GlobalSection(SolutionProperties) = preSolution
		HideSolutionNode = FALSE
	EndGlobalSection
	GlobalSection(ExtensibilityAddIns) = postSolution
		DebugSamples100.Connect = 1;Configure Debugging for VSIP Experimental Instance;ConfigVSIPDebug
	EndGlobalSection
EndGlobal
