
Microsoft Visual Studio Solution File, Format Version 12.00
# Visual Studio 2013 for Windows
VisualStudioVersion = 12.0
MinimumVisualStudioVersion = 10.0.40219.1
Project("{FAE04EC0-301F-11D3-BF4B-00C04F79EFBC}") = "UsbCdcControl", "UsbCdcControl.csproj", "{5A15098A-AA98-49D1-B72E-573FD4A97829}"
EndProject
Global
    GlobalSection(SolutionConfigurationPlatforms) = preSolution
        Debug|Any CPU = Debug|Any CPU
        Release|Any CPU = Release|Any CPU
    EndGlobalSection
    GlobalSection(ProjectConfigurationPlatforms) = postSolution
        {5A15098A-AA98-49D1-B72E-573FD4A97829}.Debug|Any CPU.ActiveCfg = Debug|Any CPU
        {5A15098A-AA98-49D1-B72E-573FD4A97829}.Debug|Any CPU.Build.0 = Debug|Any CPU
        {5A15098A-AA98-49D1-B72E-573FD4A97829}.Debug|Any CPU.Deploy.0 = Debug|Any CPU
        {5A15098A-AA98-49D1-B72E-573FD4A97829}.Release|Any CPU.ActiveCfg = Release|Any CPU
        {5A15098A-AA98-49D1-B72E-573FD4A97829}.Release|Any CPU.Build.0 = Release|Any CPU
        {5A15098A-AA98-49D1-B72E-573FD4A97829}.Release|Any CPU.Deploy.0 = Release|Any CPU
    EndGlobalSection
    GlobalSection(SolutionProperties) = preSolution
        HideSolutionNode = FALSE
    EndGlobalSection
EndGlobal
