<?xml version="1.0" encoding="utf-8"?>
<Project ToolsVersion="4.0" xmlns="http://schemas.microsoft.com/developer/msbuild/2003">
  <ItemGroup>
    <Filter Include="Source Files">
      <Extensions>cpp;c;cc;cxx;def;odl;idl;hpj;bat;asm;asmx</Extensions>
      <UniqueIdentifier>{5188B76C-7980-4462-B19E-B40A3037C4F1}</UniqueIdentifier>
    </Filter>
    <Filter Include="Header Files">
      <Extensions>h;hpp;hxx;hm;inl;inc;xsd</Extensions>
      <UniqueIdentifier>{66BB7880-566D-466C-9F82-B15B2570BAE8}</UniqueIdentifier>
    </Filter>
    <Filter Include="Resource Files">
      <Extensions>rc;ico;cur;bmp;dlg;rc2;rct;bin;rgs;gif;jpg;jpeg;jpe;resx;tiff;tif;png;wav;mfcribbon-ms</Extensions>
      <UniqueIdentifier>{19E990F3-054A-42B2-8E9A-3FBFC2B1EEA1}</UniqueIdentifier>
    </Filter>
    <Filter Include="Driver Files">
      <Extensions>inf;inv;inx;mof;mc;</Extensions>
      <UniqueIdentifier>{8F230C9F-07B8-4CFD-AA01-3D4A9C732179}</UniqueIdentifier>
    </Filter>
  </ItemGroup>
</Project>