
Microsoft Visual Studio Solution File, Format Version 11.00
# Visual Studio 2010
Project("{F184B08F-C81C-45F6-A57F-5ABD9991F28F}") = "WCM_StarterMasterPage", "WCM_StarterMasterPage\WCM_StarterMasterPage.vbproj", "{C9CF1875-6C68-468E-A0CA-712345877F5C}"
EndProject
Global
	GlobalSection(SolutionConfigurationPlatforms) = preSolution
		Debug|Any CPU = Debug|Any CPU
		Release|Any CPU = Release|Any CPU
	EndGlobalSection
	GlobalSection(ProjectConfigurationPlatforms) = postSolution
		{C9CF1875-6C68-468E-A0CA-712345877F5C}.Debug|Any CPU.ActiveCfg = Debug|Any CPU
		{C9CF1875-6C68-468E-A0CA-712345877F5C}.Debug|Any CPU.Build.0 = Debug|Any CPU
		{C9CF1875-6C68-468E-A0CA-712345877F5C}.Debug|Any CPU.Deploy.0 = Debug|Any CPU
		{C9CF1875-6C68-468E-A0CA-712345877F5C}.Release|Any CPU.ActiveCfg = Release|Any CPU
		{C9CF1875-6C68-468E-A0CA-712345877F5C}.Release|Any CPU.Build.0 = Release|Any CPU
		{C9CF1875-6C68-468E-A0CA-712345877F5C}.Release|Any CPU.Deploy.0 = Release|Any CPU
	EndGlobalSection
	GlobalSection(SolutionProperties) = preSolution
		HideSolutionNode = FALSE
	EndGlobalSection
EndGlobal
