
Microsoft Visual Studio Solution File, Format Version 11.00
# Visual Studio 2010
Project("{FAE04EC0-301F-11D3-BF4B-00C04F79EFBC}") = "ColorToGrayScale", "ColorToGrayScale\ColorToGrayScale.csproj", "{7B2B9E1D-65C6-4E36-9E3C-BF438AA9FAB4}"
EndProject
Global
	GlobalSection(SolutionConfigurationPlatforms) = preSolution
		Debug|x86 = Debug|x86
		Release|x86 = Release|x86
	EndGlobalSection
	GlobalSection(ProjectConfigurationPlatforms) = postSolution
		{7B2B9E1D-65C6-4E36-9E3C-BF438AA9FAB4}.Debug|x86.ActiveCfg = Debug|x86
		{7B2B9E1D-65C6-4E36-9E3C-BF438AA9FAB4}.Debug|x86.Build.0 = Debug|x86
		{7B2B9E1D-65C6-4E36-9E3C-BF438AA9FAB4}.Release|x86.ActiveCfg = Release|x86
		{7B2B9E1D-65C6-4E36-9E3C-BF438AA9FAB4}.Release|x86.Build.0 = Release|x86
	EndGlobalSection
	GlobalSection(SolutionProperties) = preSolution
		HideSolutionNode = FALSE
	EndGlobalSection
EndGlobal
