
Microsoft Visual Studio Solution File, Format Version 12.00
# Visual Studio 2013
VisualStudioVersion = 12.0.30203.2
MinimumVisualStudioVersion = 10.0.40219.1
Project("{FAE04EC0-301F-11D3-BF4B-00C04F79EFBC}") = "BackgroundSensorsCS.WindowsPhone", "BackgroundSensorsCS.WindowsPhone.csproj", "{BEAE5180-DDC1-433B-8D49-162F8656A192}"
EndProject
Project("{FAE04EC0-301F-11D3-BF4B-00C04F79EFBC}") = "BackgroundTasks.WindowsPhone", "BackgroundTask\BackgroundTasks.WindowsPhone.csproj", "{8FD2E412-A2F2-4325-A230-F7F6EFE81652}"
EndProject
Global
	GlobalSection(SolutionConfigurationPlatforms) = preSolution
		Debug|Any CPU = Debug|Any CPU
		Debug|ARM = Debug|ARM
		Debug|x86 = Debug|x86
		Release|Any CPU = Release|Any CPU
		Release|ARM = Release|ARM
		Release|x86 = Release|x86
	EndGlobalSection
	GlobalSection(ProjectConfigurationPlatforms) = postSolution
		{BEAE5180-DDC1-433B-8D49-162F8656A192}.Debug|Any CPU.ActiveCfg = Debug|Any CPU
		{BEAE5180-DDC1-433B-8D49-162F8656A192}.Debug|Any CPU.Build.0 = Debug|Any CPU
		{BEAE5180-DDC1-433B-8D49-162F8656A192}.Debug|Any CPU.Deploy.0 = Debug|Any CPU
		{BEAE5180-DDC1-433B-8D49-162F8656A192}.Release|Any CPU.ActiveCfg = Release|Any CPU
		{BEAE5180-DDC1-433B-8D49-162F8656A192}.Release|Any CPU.Build.0 = Release|Any CPU
		{BEAE5180-DDC1-433B-8D49-162F8656A192}.Release|Any CPU.Deploy.0 = Release|Any CPU
		{8FD2E412-A2F2-4325-A230-F7F6EFE81652}.Debug|Any CPU.ActiveCfg = Debug|Any CPU
		{8FD2E412-A2F2-4325-A230-F7F6EFE81652}.Debug|Any CPU.Build.0 = Debug|Any CPU
		{8FD2E412-A2F2-4325-A230-F7F6EFE81652}.Release|Any CPU.ActiveCfg = Release|Any CPU
		{8FD2E412-A2F2-4325-A230-F7F6EFE81652}.Release|Any CPU.Build.0 = Release|Any CPU
	EndGlobalSection
	GlobalSection(SolutionProperties) = preSolution
		HideSolutionNode = FALSE
	EndGlobalSection
EndGlobal
