
Microsoft Visual Studio Solution File, Format Version 12.00
# Visual Studio 2013
VisualStudioVersion = 12.0
MinimumVisualStudioVersion = 10.0.40219.1
Project("{2150E333-8FDC-42A3-9474-1A3956D46DE8}") = "DataReaderWriter", "DataReaderWriter.sln", "{AB650938-3E20-4ABD-9688-4C2D5977C379}"
EndProject
Project("{FAE04EC0-301F-11D3-BF4B-00C04F79EFBC}") = "DataReaderWriter.Windows", "Windows\DataReaderWriter.Windows.csproj", "{DE058D3E-0CB6-4054-B037-173274707648}"
EndProject
Project("{FAE04EC0-301F-11D3-BF4B-00C04F79EFBC}") = "DataReaderWriter.WindowsPhone", "WindowsPhone\DataReaderWriter.WindowsPhone.csproj", "{E917AD7E-994A-447B-B7C7-BAF9388D0D2B}"
EndProject
Project("{D954291E-2A0B-460D-934E-DC6B0785DB48}") = "DataReaderWriter.Shared", "Shared\DataReaderWriter.Shared.shproj", "{8B3DD009-FE2B-4C6F-8167-6A116DD14068}"
EndProject
Global
	GlobalSection(SolutionConfigurationPlatforms) = preSolution
		Debug|Any CPU = Debug|Any CPU
		Release|Any CPU = Release|Any CPU
	EndGlobalSection
	GlobalSection(ProjectConfigurationPlatforms) = postSolution
		{E917AD7E-994A-447B-B7C7-BAF9388D0D2B}.Debug|Any CPU.ActiveCfg = Debug|Any CPU
		{E917AD7E-994A-447B-B7C7-BAF9388D0D2B}.Debug|Any CPU.Build.0 = Debug|Any CPU
		{E917AD7E-994A-447B-B7C7-BAF9388D0D2B}.Debug|Any CPU.Deploy.0 = Debug|Any CPU
		{E917AD7E-994A-447B-B7C7-BAF9388D0D2B}.Release|Any CPU.ActiveCfg = Release|Any CPU
		{E917AD7E-994A-447B-B7C7-BAF9388D0D2B}.Release|Any CPU.Build.0 = Release|Any CPU
		{E917AD7E-994A-447B-B7C7-BAF9388D0D2B}.Release|Any CPU.Deploy.0 = Release|Any CPU
		{DE058D3E-0CB6-4054-B037-173274707648}.Debug|Any CPU.ActiveCfg = Debug|Any CPU
		{DE058D3E-0CB6-4054-B037-173274707648}.Debug|Any CPU.Build.0 = Debug|Any CPU
		{DE058D3E-0CB6-4054-B037-173274707648}.Debug|Any CPU.Deploy.0 = Debug|Any CPU
		{DE058D3E-0CB6-4054-B037-173274707648}.Release|Any CPU.ActiveCfg = Release|Any CPU
		{DE058D3E-0CB6-4054-B037-173274707648}.Release|Any CPU.Build.0 = Release|Any CPU
		{DE058D3E-0CB6-4054-B037-173274707648}.Release|Any CPU.Deploy.0 = Release|Any CPU
	EndGlobalSection
	GlobalSection(SolutionProperties) = preSolution
		HideSolutionNode = FALSE
	EndGlobalSection
	GlobalSection(NestedProjects) = preSolution
		{E917AD7E-994A-447B-B7C7-BAF9388D0D2B} = {AB650938-3E20-4ABD-9688-4C2D5977C379}
		{DE058D3E-0CB6-4054-B037-173274707648} = {AB650938-3E20-4ABD-9688-4C2D5977C379}
		{8B3DD009-FE2B-4C6F-8167-6A116DD14068} = {AB650938-3E20-4ABD-9688-4C2D5977C379}
	EndGlobalSection
EndGlobal
