<?xml version="1.0" encoding="utf-8"?>
<Project ToolsVersion="4.0" xmlns="http://schemas.microsoft.com/developer/msbuild/2003">
  <ItemGroup>
    <Filter Include="Source Files">
      <Extensions>cpp;c;cc;cxx;def;odl;idl;hpj;bat;asm;asmx;*</Extensions>
      <UniqueIdentifier>{FBA96376-2973-4A76-9AF4-A8D3B64099D0}</UniqueIdentifier>
    </Filter>
    <Filter Include="Header Files">
      <Extensions>h;hpp;hxx;hm;inl;inc;xsd</Extensions>
      <UniqueIdentifier>{697AD49F-8A89-4B55-A937-9AEB15432E06}</UniqueIdentifier>
    </Filter>
    <Filter Include="Resource Files">
      <Extensions>rc;ico;cur;bmp;dlg;rc2;rct;bin;rgs;gif;jpg;jpeg;jpe;resx;tiff;tif;png;wav;mfcribbon-ms;man;xml</Extensions>
      <UniqueIdentifier>{143437F5-0A71-472E-9669-505D900F611B}</UniqueIdentifier>
    </Filter>
    <Filter Include="Driver Files">
      <Extensions>inf;inv;inx;mof;mc;</Extensions>
      <UniqueIdentifier>{FA43D43B-D9C2-4786-8092-20378BF74CA8}</UniqueIdentifier>
    </Filter>
  </ItemGroup>
</Project>