
Microsoft Visual Studio Solution File, Format Version 12.00
# Visual Studio 2013 for Windows
VisualStudioVersion = 12.0
MinimumVisualStudioVersion = 10.0.40219.1
Project("{FAE04EC0-301F-11D3-BF4B-00C04F79EFBC}") = "ControlChannelWebSocket", "ControlChannelWebSocket\ControlChannelWebSocket.csproj", "{CF1CD0D5-BF6B-457A-9927-8079FC667CA4}"
EndProject
Project("{FAE04EC0-301F-11D3-BF4B-00C04F79EFBC}") = "StreamWebSocketTransportHelper", "StreamWebSocketTransportHelper\StreamWebSocketTransportHelper.csproj", "{402D95F7-8B86-44EF-835F-BF056C88DC7E}"
EndProject
Project("{FAE04EC0-301F-11D3-BF4B-00C04F79EFBC}") = "BackgroundTaskHelper", "BackgroundTaskHelper\BackgroundTaskHelper.csproj", "{4E3CEA73-3B0F-4C2E-BFD3-4D9AEC8A9B95}"
EndProject
Global
	GlobalSection(SolutionConfigurationPlatforms) = preSolution
		Debug|Any CPU = Debug|Any CPU
		Release|Any CPU = Release|Any CPU
	EndGlobalSection
	GlobalSection(ProjectConfigurationPlatforms) = postSolution
		{CF1CD0D5-BF6B-457A-9927-8079FC667CA4}.Debug|Any CPU.ActiveCfg = Debug|Any CPU
		{CF1CD0D5-BF6B-457A-9927-8079FC667CA4}.Debug|Any CPU.Build.0 = Debug|Any CPU
		{CF1CD0D5-BF6B-457A-9927-8079FC667CA4}.Debug|Any CPU.Deploy.0 = Debug|Any CPU
		{CF1CD0D5-BF6B-457A-9927-8079FC667CA4}.Release|Any CPU.ActiveCfg = Release|Any CPU
		{CF1CD0D5-BF6B-457A-9927-8079FC667CA4}.Release|Any CPU.Build.0 = Release|Any CPU
		{CF1CD0D5-BF6B-457A-9927-8079FC667CA4}.Release|Any CPU.Deploy.0 = Release|Any CPU
		{402D95F7-8B86-44EF-835F-BF056C88DC7E}.Debug|Any CPU.ActiveCfg = Debug|Any CPU
		{402D95F7-8B86-44EF-835F-BF056C88DC7E}.Debug|Any CPU.Build.0 = Debug|Any CPU
		{402D95F7-8B86-44EF-835F-BF056C88DC7E}.Release|Any CPU.ActiveCfg = Release|Any CPU
		{402D95F7-8B86-44EF-835F-BF056C88DC7E}.Release|Any CPU.Build.0 = Release|Any CPU
		{4E3CEA73-3B0F-4C2E-BFD3-4D9AEC8A9B95}.Debug|Any CPU.ActiveCfg = Debug|Any CPU
		{4E3CEA73-3B0F-4C2E-BFD3-4D9AEC8A9B95}.Debug|Any CPU.Build.0 = Debug|Any CPU
		{4E3CEA73-3B0F-4C2E-BFD3-4D9AEC8A9B95}.Release|Any CPU.ActiveCfg = Release|Any CPU
		{4E3CEA73-3B0F-4C2E-BFD3-4D9AEC8A9B95}.Release|Any CPU.Build.0 = Release|Any CPU
	EndGlobalSection
	GlobalSection(SolutionProperties) = preSolution
		HideSolutionNode = FALSE
	EndGlobalSection
EndGlobal
