
Microsoft Visual Studio Solution File, Format Version 11.00
# Visual Studio 2010
Project("{F184B08F-C81C-45F6-A57F-5ABD9991F28F}") = "WCF_CustomServiceApplication", "WCF_CustomServiceApplication\WCF_CustomServiceApplication.vbproj", "{09F157BE-FE59-4B8F-A41A-85D995EF0477}"
EndProject
Project("{F184B08F-C81C-45F6-A57F-5ABD9991F28F}") = "WCF_CustomServiceAppConsumer", "WCF_CustomServiceAppConsumer\WCF_CustomServiceAppConsumer.vbproj", "{3B7BC2D4-7369-4F8A-A6D5-AA984680502E}"
EndProject
Global
	GlobalSection(SolutionConfigurationPlatforms) = preSolution
		Debug|Any CPU = Debug|Any CPU
		Release|Any CPU = Release|Any CPU
	EndGlobalSection
	GlobalSection(ProjectConfigurationPlatforms) = postSolution
		{09F157BE-FE59-4B8F-A41A-85D995EF0477}.Debug|Any CPU.ActiveCfg = Debug|Any CPU
		{09F157BE-FE59-4B8F-A41A-85D995EF0477}.Debug|Any CPU.Build.0 = Debug|Any CPU
		{09F157BE-FE59-4B8F-A41A-85D995EF0477}.Debug|Any CPU.Deploy.0 = Debug|Any CPU
		{09F157BE-FE59-4B8F-A41A-85D995EF0477}.Release|Any CPU.ActiveCfg = Release|Any CPU
		{09F157BE-FE59-4B8F-A41A-85D995EF0477}.Release|Any CPU.Build.0 = Release|Any CPU
		{09F157BE-FE59-4B8F-A41A-85D995EF0477}.Release|Any CPU.Deploy.0 = Release|Any CPU
		{3B7BC2D4-7369-4F8A-A6D5-AA984680502E}.Debug|Any CPU.ActiveCfg = Debug|Any CPU
		{3B7BC2D4-7369-4F8A-A6D5-AA984680502E}.Debug|Any CPU.Build.0 = Debug|Any CPU
		{3B7BC2D4-7369-4F8A-A6D5-AA984680502E}.Debug|Any CPU.Deploy.0 = Debug|Any CPU
		{3B7BC2D4-7369-4F8A-A6D5-AA984680502E}.Release|Any CPU.ActiveCfg = Release|Any CPU
		{3B7BC2D4-7369-4F8A-A6D5-AA984680502E}.Release|Any CPU.Build.0 = Release|Any CPU
		{3B7BC2D4-7369-4F8A-A6D5-AA984680502E}.Release|Any CPU.Deploy.0 = Release|Any CPU
	EndGlobalSection
	GlobalSection(SolutionProperties) = preSolution
		HideSolutionNode = FALSE
	EndGlobalSection
EndGlobal
