<?xml version="1.0" encoding="utf-8"?>
<Project ToolsVersion="4.0" xmlns="http://schemas.microsoft.com/developer/msbuild/2003">
  <ItemGroup>
    <Filter Include="Source Files">
      <Extensions>cpp;c;cc;cxx;def;odl;idl;hpj;bat;asm;asmx;*</Extensions>
      <UniqueIdentifier>{B2842CD9-1C96-4FDD-B2E9-7B8FF712AD5A}</UniqueIdentifier>
    </Filter>
    <Filter Include="Header Files">
      <Extensions>h;hpp;hxx;hm;inl;inc;xsd</Extensions>
      <UniqueIdentifier>{EAC9FE7A-6C98-45C4-B1F9-A087D4388A61}</UniqueIdentifier>
    </Filter>
    <Filter Include="Resource Files">
      <Extensions>rc;ico;cur;bmp;dlg;rc2;rct;bin;rgs;gif;jpg;jpeg;jpe;resx;tiff;tif;png;wav;mfcribbon-ms;man;xml</Extensions>
      <UniqueIdentifier>{30D7BC56-9021-4CC4-8B04-70698A7A2BCC}</UniqueIdentifier>
    </Filter>
  </ItemGroup>
</Project>