
Microsoft Visual Studio Solution File, Format Version 12.00
# Visual Studio 2013
VisualStudioVersion = 12.0
MinimumVisualStudioVersion = 10.0.40219.1
Project("{2150E333-8FDC-42A3-9474-1A3956D46DE8}") = "SplashScreenSample", "SplashScreenSample", "{86A7866C-B4FB-4411-B0E6-1FF50FBF6813}"
EndProject
Project("{FAE04EC0-301F-11D3-BF4B-00C04F79EFBC}") = "SplashScreenSample.Windows", "Windows\SplashScreenSample.Windows.csproj", "{005A8D73-DBFB-4D8A-9952-7E1DCD4A5BA9}"
EndProject
Project("{FAE04EC0-301F-11D3-BF4B-00C04F79EFBC}") = "SplashScreenSample.WindowsPhone", "WindowsPhone\SplashScreenSample.WindowsPhone.csproj", "{C7F88B8B-76F5-459C-B565-9C3ACFBB5358}"
EndProject
Project("{D954291E-2A0B-460D-934E-DC6B0785DB48}") = "SplashScreenSample.Shared", "Shared\SplashScreenSample.Shared.shproj", "{5529D098-2FD8-4955-9E89-6757D833AD92}"
EndProject
Global
	GlobalSection(SolutionConfigurationPlatforms) = preSolution
		Debug|Any CPU = Debug|Any CPU
		Release|Any CPU = Release|Any CPU
	EndGlobalSection
	GlobalSection(ProjectConfigurationPlatforms) = postSolution
		{C7F88B8B-76F5-459C-B565-9C3ACFBB5358}.Debug|Any CPU.ActiveCfg = Debug|Any CPU
		{C7F88B8B-76F5-459C-B565-9C3ACFBB5358}.Debug|Any CPU.Build.0 = Debug|Any CPU
		{C7F88B8B-76F5-459C-B565-9C3ACFBB5358}.Debug|Any CPU.Deploy.0 = Debug|Any CPU
		{C7F88B8B-76F5-459C-B565-9C3ACFBB5358}.Release|Any CPU.ActiveCfg = Release|Any CPU
		{C7F88B8B-76F5-459C-B565-9C3ACFBB5358}.Release|Any CPU.Build.0 = Release|Any CPU
		{C7F88B8B-76F5-459C-B565-9C3ACFBB5358}.Release|Any CPU.Deploy.0 = Release|Any CPU
		{005A8D73-DBFB-4D8A-9952-7E1DCD4A5BA9}.Debug|Any CPU.ActiveCfg = Debug|Any CPU
		{005A8D73-DBFB-4D8A-9952-7E1DCD4A5BA9}.Debug|Any CPU.Build.0 = Debug|Any CPU
		{005A8D73-DBFB-4D8A-9952-7E1DCD4A5BA9}.Debug|Any CPU.Deploy.0 = Debug|Any CPU
		{005A8D73-DBFB-4D8A-9952-7E1DCD4A5BA9}.Release|Any CPU.ActiveCfg = Release|Any CPU
		{005A8D73-DBFB-4D8A-9952-7E1DCD4A5BA9}.Release|Any CPU.Build.0 = Release|Any CPU
		{005A8D73-DBFB-4D8A-9952-7E1DCD4A5BA9}.Release|Any CPU.Deploy.0 = Release|Any CPU
	EndGlobalSection
	GlobalSection(SolutionProperties) = preSolution
		HideSolutionNode = FALSE
	EndGlobalSection
	GlobalSection(NestedProjects) = preSolution
		{C7F88B8B-76F5-459C-B565-9C3ACFBB5358} = {86A7866C-B4FB-4411-B0E6-1FF50FBF6813}
		{005A8D73-DBFB-4D8A-9952-7E1DCD4A5BA9} = {86A7866C-B4FB-4411-B0E6-1FF50FBF6813}
		{5529D098-2FD8-4955-9E89-6757D833AD92} = {86A7866C-B4FB-4411-B0E6-1FF50FBF6813}
	EndGlobalSection
EndGlobal

