<?xml version="1.0" encoding="utf-8"?>
<Project ToolsVersion="4.0" xmlns="http://schemas.microsoft.com/developer/msbuild/2003">
  <ItemGroup>
    <Filter Include="Source Files">
      <Extensions>cpp;c;cc;cxx;def;odl;idl;hpj;bat;asm;asmx</Extensions>
      <UniqueIdentifier>{253FBB9B-6C57-43A8-97E1-F7D1297D55CE}</UniqueIdentifier>
    </Filter>
    <Filter Include="Header Files">
      <Extensions>h;hpp;hxx;hm;inl;inc;xsd</Extensions>
      <UniqueIdentifier>{3B0F6B61-7B87-4FD7-975B-9F1EADC75A69}</UniqueIdentifier>
    </Filter>
    <Filter Include="Resource Files">
      <Extensions>rc;ico;cur;bmp;dlg;rc2;rct;bin;rgs;gif;jpg;jpeg;jpe;resx;tiff;tif;png;wav;mfcribbon-ms</Extensions>
      <UniqueIdentifier>{E4D16C4C-2666-4E11-AB86-73092269FD9C}</UniqueIdentifier>
    </Filter>
    <Filter Include="Driver Files">
      <Extensions>inf;inv;inx;mof;mc;</Extensions>
      <UniqueIdentifier>{26E2BA57-6501-4EF0-BA12-934093E4F445}</UniqueIdentifier>
    </Filter>
  </ItemGroup>
</Project>