
Microsoft Visual Studio Solution File, Format Version 11.00
# Visual Studio 2010
Project("{2150E333-8FDC-42A3-9474-1A3956D46DE8}") = "JSCrossDomainWithJSONP", "JSCrossDomainWithJSONP", "{1D8300DE-8529-4B31-B152-C598D87F90B0}"
EndProject
Project("{FAE04EC0-301F-11D3-BF4B-00C04F79EFBC}") = "JSCrossDomainASPNETClient", "JSCrossDomainWithJSONP\JSCrossDomainASPNETClient\JSCrossDomainASPNETClient.csproj", "{D4415B28-A4F3-4C61-BC60-9D3EABF8444B}"
EndProject
Project("{FAE04EC0-301F-11D3-BF4B-00C04F79EFBC}") = "JSCrossDomainWCFProvider", "JSCrossDomainWithJSONP\JSCrossDomainWCFProvider\JSCrossDomainWCFProvider.csproj", "{A6AB88F8-9E91-448C-B3AE-5A2B546C2262}"
EndProject
Global
	
	GlobalSection(SolutionConfigurationPlatforms) = preSolution
		Debug|Any CPU = Debug|Any CPU
		Release|Any CPU = Release|Any CPU
	EndGlobalSection
	GlobalSection(ProjectConfigurationPlatforms) = postSolution
		{D4415B28-A4F3-4C61-BC60-9D3EABF8444B}.Debug|Any CPU.ActiveCfg = Debug|Any CPU
		{D4415B28-A4F3-4C61-BC60-9D3EABF8444B}.Debug|Any CPU.Build.0 = Debug|Any CPU
		{D4415B28-A4F3-4C61-BC60-9D3EABF8444B}.Release|Any CPU.ActiveCfg = Release|Any CPU
		{D4415B28-A4F3-4C61-BC60-9D3EABF8444B}.Release|Any CPU.Build.0 = Release|Any CPU
		{A6AB88F8-9E91-448C-B3AE-5A2B546C2262}.Debug|Any CPU.ActiveCfg = Debug|Any CPU
		{A6AB88F8-9E91-448C-B3AE-5A2B546C2262}.Debug|Any CPU.Build.0 = Debug|Any CPU
		{A6AB88F8-9E91-448C-B3AE-5A2B546C2262}.Release|Any CPU.ActiveCfg = Release|Any CPU
		{A6AB88F8-9E91-448C-B3AE-5A2B546C2262}.Release|Any CPU.Build.0 = Release|Any CPU
	EndGlobalSection
	GlobalSection(SolutionProperties) = preSolution
		HideSolutionNode = FALSE
	EndGlobalSection
	GlobalSection(NestedProjects) = preSolution
		{D4415B28-A4F3-4C61-BC60-9D3EABF8444B} = {1D8300DE-8529-4B31-B152-C598D87F90B0}
		{A6AB88F8-9E91-448C-B3AE-5A2B546C2262} = {1D8300DE-8529-4B31-B152-C598D87F90B0}
	EndGlobalSection
EndGlobal
