
Microsoft Visual Studio Solution File, Format Version 12.00
# Visual Studio 2012
Project("{FAE04EC0-301F-11D3-BF4B-00C04F79EFBC}") = "ChromeControlApp", "ChromeControlApp\ChromeControlApp.csproj", "{64A134D5-C8BB-42CD-900D-3BE286965DBE}"
EndProject
Project("{FAE04EC0-301F-11D3-BF4B-00C04F79EFBC}") = "ChromeControlWeb", "ChromeControlWeb\ChromeControlWeb.csproj", "{752CCC30-AE7F-4BE4-B2B4-8DF9994B3753}"
EndProject
Global
	GlobalSection(SolutionConfigurationPlatforms) = preSolution
		Debug|Any CPU = Debug|Any CPU
		Release|Any CPU = Release|Any CPU
	EndGlobalSection
	GlobalSection(ProjectConfigurationPlatforms) = postSolution
		{64A134D5-C8BB-42CD-900D-3BE286965DBE}.Debug|Any CPU.ActiveCfg = Debug|Any CPU
		{64A134D5-C8BB-42CD-900D-3BE286965DBE}.Debug|Any CPU.Build.0 = Debug|Any CPU
		{64A134D5-C8BB-42CD-900D-3BE286965DBE}.Debug|Any CPU.Deploy.0 = Debug|Any CPU
		{64A134D5-C8BB-42CD-900D-3BE286965DBE}.Release|Any CPU.ActiveCfg = Release|Any CPU
		{64A134D5-C8BB-42CD-900D-3BE286965DBE}.Release|Any CPU.Build.0 = Release|Any CPU
		{64A134D5-C8BB-42CD-900D-3BE286965DBE}.Release|Any CPU.Deploy.0 = Release|Any CPU
		{752CCC30-AE7F-4BE4-B2B4-8DF9994B3753}.Debug|Any CPU.ActiveCfg = Debug|Any CPU
		{752CCC30-AE7F-4BE4-B2B4-8DF9994B3753}.Debug|Any CPU.Build.0 = Debug|Any CPU
		{752CCC30-AE7F-4BE4-B2B4-8DF9994B3753}.Release|Any CPU.ActiveCfg = Release|Any CPU
		{752CCC30-AE7F-4BE4-B2B4-8DF9994B3753}.Release|Any CPU.Build.0 = Release|Any CPU
	EndGlobalSection
	GlobalSection(SolutionProperties) = preSolution
		HideSolutionNode = FALSE
	EndGlobalSection
EndGlobal
