<?xml version="1.0" encoding="utf-8"?>
<Project ToolsVersion="4.0" xmlns="http://schemas.microsoft.com/developer/msbuild/2003">
  <ItemGroup>
    <Filter Include="Source Files">
      <Extensions>cpp;c;cc;cxx;def;odl;idl;hpj;bat;asm;asmx</Extensions>
      <UniqueIdentifier>{4703B9DA-5F9F-49D9-B8F1-14B4671BA22D}</UniqueIdentifier>
    </Filter>
    <Filter Include="Header Files">
      <Extensions>h;hpp;hxx;hm;inl;inc;xsd</Extensions>
      <UniqueIdentifier>{B1E68850-1D9C-4A51-9D15-CD15A2BA584D}</UniqueIdentifier>
    </Filter>
    <Filter Include="Resource Files">
      <Extensions>rc;ico;cur;bmp;dlg;rc2;rct;bin;rgs;gif;jpg;jpeg;jpe;resx;tiff;tif;png;wav;mfcribbon-ms</Extensions>
      <UniqueIdentifier>{B13DA286-D67E-4383-9A89-3A240B150EA4}</UniqueIdentifier>
    </Filter>
    <Filter Include="Driver Files">
      <Extensions>inf;inv;inx;mof;mc;</Extensions>
      <UniqueIdentifier>{81F559C4-FB43-416A-8E1D-54F2ED767509}</UniqueIdentifier>
    </Filter>
  </ItemGroup>
</Project>