
Microsoft Visual Studio Solution File, Format Version 12.00
# Visual Studio 2013
VisualStudioVersion = 12.0
MinimumVisualStudioVersion = 10.0.40219.1
Project("{2150E333-8FDC-42A3-9474-1A3956D46DE8}") = "StreamSocket", "StreamSocket.sln", "{042DE606-B0A2-47A0-98E2-7D7A9A2E4B3E}"
EndProject
Project("{262852C6-CD72-467D-83FE-5EEB1973A190}") = "StreamSocket.Windows", "Windows\StreamSocket.Windows.jsproj", "{F748AAB9-5852-4CB3-9276-468A2A732B48}"
EndProject
Project("{262852C6-CD72-467D-83FE-5EEB1973A190}") = "StreamSocket.WindowsPhone", "WindowsPhone\StreamSocket.WindowsPhone.jsproj", "{019CAF38-3212-486A-99E4-566584E001A5}"
EndProject
Project("{D954291E-2A0B-460D-934E-DC6B0785DB48}") = "StreamSocket.Shared", "Shared\StreamSocket.Shared.shproj", "{0EA7B668-1D23-4271-BBDE-ACE5231BDA16}"
EndProject
Global
	GlobalSection(SharedProjectFiles.SharedItemsImports) = preSolution
		Shared\Shared.projitems*{019caf38-3212-486a-99e4-566584e001a5}*SharedItemsImports = 5
		Shared\Shared.projitems*{f748aab9-5852-4cb3-9276-468a2a732b48}*SharedItemsImports = 5
	EndGlobalSection
	GlobalSection(SolutionConfigurationPlatforms) = preSolution
		Release|Any CPU = Release|Any CPU
		Debug|Any CPU = Debug|Any CPU
	EndGlobalSection
	GlobalSection(ProjectConfigurationPlatforms) = postSolution
		{019CAF38-3212-486A-99E4-566584E001A5}.Release|Any CPU.ActiveCfg = Release|Any CPU
		{019CAF38-3212-486A-99E4-566584E001A5}.Release|Any CPU.Build.0 = Release|Any CPU
		{019CAF38-3212-486A-99E4-566584E001A5}.Release|Any CPU.Deploy.0 = Release|Any CPU
		{019CAF38-3212-486A-99E4-566584E001A5}.Debug|Any CPU.ActiveCfg = Debug|Any CPU
		{019CAF38-3212-486A-99E4-566584E001A5}.Debug|Any CPU.Build.0 = Debug|Any CPU
		{019CAF38-3212-486A-99E4-566584E001A5}.Debug|Any CPU.Deploy.0 = Debug|Any CPU
		{F748AAB9-5852-4CB3-9276-468A2A732B48}.Release|Any CPU.ActiveCfg = Release|Any CPU
		{F748AAB9-5852-4CB3-9276-468A2A732B48}.Release|Any CPU.Build.0 = Release|Any CPU
		{F748AAB9-5852-4CB3-9276-468A2A732B48}.Release|Any CPU.Deploy.0 = Release|Any CPU
		{F748AAB9-5852-4CB3-9276-468A2A732B48}.Debug|Any CPU.ActiveCfg = Debug|Any CPU
		{F748AAB9-5852-4CB3-9276-468A2A732B48}.Debug|Any CPU.Build.0 = Debug|Any CPU
		{F748AAB9-5852-4CB3-9276-468A2A732B48}.Debug|Any CPU.Deploy.0 = Debug|Any CPU
	EndGlobalSection
	GlobalSection(SolutionProperties) = preSolution
		HideSolutionNode = FALSE
	EndGlobalSection
	GlobalSection(NestedProjects) = preSolution
		{019CAF38-3212-486A-99E4-566584E001A5} = {042DE606-B0A2-47A0-98E2-7D7A9A2E4B3E}
		{F748AAB9-5852-4CB3-9276-468A2A732B48} = {042DE606-B0A2-47A0-98E2-7D7A9A2E4B3E}
		{0EA7B668-1D23-4271-BBDE-ACE5231BDA16} = {042DE606-B0A2-47A0-98E2-7D7A9A2E4B3E}
	EndGlobalSection
EndGlobal

