
Microsoft Visual Studio Solution File, Format Version 12.00
# Visual Studio 2013
VisualStudioVersion = 12.0.30723.0
MinimumVisualStudioVersion = 10.0.40219.1
Project("{2150E333-8FDC-42A3-9474-1A3956D46DE8}") = "CSUnvsAppCommandBindInDT", "CSUnvsAppCommandBindInDT", "{713D8A48-21F0-49C4-A33B-47576632A1AB}"
EndProject
Project("{D954291E-2A0B-460D-934E-DC6B0785DB48}") = "CSUnvsAppCommandBindInDT.Shared", "CSUnvsAppCommandBindInDT\CSUnvsAppCommandBindInDT.Shared\CSUnvsAppCommandBindInDT.Shared.shproj", "{BF8B52A5-6AFB-4BA4-B2CB-7CAFBB8F8F55}"
EndProject
Project("{FAE04EC0-301F-11D3-BF4B-00C04F79EFBC}") = "CSUnvsAppCommandBindInDT.Windows", "CSUnvsAppCommandBindInDT\CSUnvsAppCommandBindInDT.Windows\CSUnvsAppCommandBindInDT.Windows.csproj", "{4B7E2C05-5F5F-482E-B701-EC665974253B}"
EndProject
Project("{FAE04EC0-301F-11D3-BF4B-00C04F79EFBC}") = "CSUnvsAppCommandBindInDT.WindowsPhone", "CSUnvsAppCommandBindInDT\CSUnvsAppCommandBindInDT.WindowsPhone\CSUnvsAppCommandBindInDT.WindowsPhone.csproj", "{F97F2E19-463E-4B07-BFB2-ECE69A3BF254}"
EndProject
Global
	GlobalSection(SharedMSBuildProjectFiles) = preSolution
		CSUnvsAppCommandBindInDT\CSUnvsAppCommandBindInDT.Shared\CSUnvsAppCommandBindInDT.Shared.projitems*{bf8b52a5-6afb-4ba4-b2cb-7cafbb8f8f55}*SharedItemsImports = 13
		CSUnvsAppCommandBindInDT\CSUnvsAppCommandBindInDT.Shared\CSUnvsAppCommandBindInDT.Shared.projitems*{4b7e2c05-5f5f-482e-b701-ec665974253b}*SharedItemsImports = 4
		CSUnvsAppCommandBindInDT\CSUnvsAppCommandBindInDT.Shared\CSUnvsAppCommandBindInDT.Shared.projitems*{f97f2e19-463e-4b07-bfb2-ece69a3bf254}*SharedItemsImports = 4
	EndGlobalSection
	
	GlobalSection(SolutionConfigurationPlatforms) = preSolution
		Debug|Any CPU = Debug|Any CPU
		Debug|ARM = Debug|ARM
		Debug|x64 = Debug|x64
		Debug|x86 = Debug|x86
		Release|Any CPU = Release|Any CPU
		Release|ARM = Release|ARM
		Release|x64 = Release|x64
		Release|x86 = Release|x86
	EndGlobalSection
	GlobalSection(ProjectConfigurationPlatforms) = postSolution
		{4B7E2C05-5F5F-482E-B701-EC665974253B}.Debug|Any CPU.ActiveCfg = Debug|Any CPU
		{4B7E2C05-5F5F-482E-B701-EC665974253B}.Debug|Any CPU.Build.0 = Debug|Any CPU
		{4B7E2C05-5F5F-482E-B701-EC665974253B}.Debug|Any CPU.Deploy.0 = Debug|Any CPU
		{4B7E2C05-5F5F-482E-B701-EC665974253B}.Debug|ARM.ActiveCfg = Debug|ARM
		{4B7E2C05-5F5F-482E-B701-EC665974253B}.Debug|ARM.Build.0 = Debug|ARM
		{4B7E2C05-5F5F-482E-B701-EC665974253B}.Debug|ARM.Deploy.0 = Debug|ARM
		{4B7E2C05-5F5F-482E-B701-EC665974253B}.Debug|x64.ActiveCfg = Debug|x64
		{4B7E2C05-5F5F-482E-B701-EC665974253B}.Debug|x64.Build.0 = Debug|x64
		{4B7E2C05-5F5F-482E-B701-EC665974253B}.Debug|x64.Deploy.0 = Debug|x64
		{4B7E2C05-5F5F-482E-B701-EC665974253B}.Debug|x86.ActiveCfg = Debug|x86
		{4B7E2C05-5F5F-482E-B701-EC665974253B}.Debug|x86.Build.0 = Debug|x86
		{4B7E2C05-5F5F-482E-B701-EC665974253B}.Debug|x86.Deploy.0 = Debug|x86
		{4B7E2C05-5F5F-482E-B701-EC665974253B}.Release|Any CPU.ActiveCfg = Release|Any CPU
		{4B7E2C05-5F5F-482E-B701-EC665974253B}.Release|Any CPU.Build.0 = Release|Any CPU
		{4B7E2C05-5F5F-482E-B701-EC665974253B}.Release|Any CPU.Deploy.0 = Release|Any CPU
		{4B7E2C05-5F5F-482E-B701-EC665974253B}.Release|ARM.ActiveCfg = Release|ARM
		{4B7E2C05-5F5F-482E-B701-EC665974253B}.Release|ARM.Build.0 = Release|ARM
		{4B7E2C05-5F5F-482E-B701-EC665974253B}.Release|ARM.Deploy.0 = Release|ARM
		{4B7E2C05-5F5F-482E-B701-EC665974253B}.Release|x64.ActiveCfg = Release|x64
		{4B7E2C05-5F5F-482E-B701-EC665974253B}.Release|x64.Build.0 = Release|x64
		{4B7E2C05-5F5F-482E-B701-EC665974253B}.Release|x64.Deploy.0 = Release|x64
		{4B7E2C05-5F5F-482E-B701-EC665974253B}.Release|x86.ActiveCfg = Release|x86
		{4B7E2C05-5F5F-482E-B701-EC665974253B}.Release|x86.Build.0 = Release|x86
		{4B7E2C05-5F5F-482E-B701-EC665974253B}.Release|x86.Deploy.0 = Release|x86
		{F97F2E19-463E-4B07-BFB2-ECE69A3BF254}.Debug|Any CPU.ActiveCfg = Debug|Any CPU
		{F97F2E19-463E-4B07-BFB2-ECE69A3BF254}.Debug|Any CPU.Build.0 = Debug|Any CPU
		{F97F2E19-463E-4B07-BFB2-ECE69A3BF254}.Debug|Any CPU.Deploy.0 = Debug|Any CPU
		{F97F2E19-463E-4B07-BFB2-ECE69A3BF254}.Debug|ARM.ActiveCfg = Debug|ARM
		{F97F2E19-463E-4B07-BFB2-ECE69A3BF254}.Debug|ARM.Build.0 = Debug|ARM
		{F97F2E19-463E-4B07-BFB2-ECE69A3BF254}.Debug|ARM.Deploy.0 = Debug|ARM
		{F97F2E19-463E-4B07-BFB2-ECE69A3BF254}.Debug|x64.ActiveCfg = Debug|Any CPU
		{F97F2E19-463E-4B07-BFB2-ECE69A3BF254}.Debug|x86.ActiveCfg = Debug|x86
		{F97F2E19-463E-4B07-BFB2-ECE69A3BF254}.Debug|x86.Build.0 = Debug|x86
		{F97F2E19-463E-4B07-BFB2-ECE69A3BF254}.Debug|x86.Deploy.0 = Debug|x86
		{F97F2E19-463E-4B07-BFB2-ECE69A3BF254}.Release|Any CPU.ActiveCfg = Release|Any CPU
		{F97F2E19-463E-4B07-BFB2-ECE69A3BF254}.Release|Any CPU.Build.0 = Release|Any CPU
		{F97F2E19-463E-4B07-BFB2-ECE69A3BF254}.Release|Any CPU.Deploy.0 = Release|Any CPU
		{F97F2E19-463E-4B07-BFB2-ECE69A3BF254}.Release|ARM.ActiveCfg = Release|ARM
		{F97F2E19-463E-4B07-BFB2-ECE69A3BF254}.Release|ARM.Build.0 = Release|ARM
		{F97F2E19-463E-4B07-BFB2-ECE69A3BF254}.Release|ARM.Deploy.0 = Release|ARM
		{F97F2E19-463E-4B07-BFB2-ECE69A3BF254}.Release|x64.ActiveCfg = Release|Any CPU
		{F97F2E19-463E-4B07-BFB2-ECE69A3BF254}.Release|x86.ActiveCfg = Release|x86
		{F97F2E19-463E-4B07-BFB2-ECE69A3BF254}.Release|x86.Build.0 = Release|x86
		{F97F2E19-463E-4B07-BFB2-ECE69A3BF254}.Release|x86.Deploy.0 = Release|x86
	EndGlobalSection
	GlobalSection(SolutionProperties) = preSolution
		HideSolutionNode = FALSE
	EndGlobalSection
	GlobalSection(NestedProjects) = preSolution
		{BF8B52A5-6AFB-4BA4-B2CB-7CAFBB8F8F55} = {713D8A48-21F0-49C4-A33B-47576632A1AB}
		{4B7E2C05-5F5F-482E-B701-EC665974253B} = {713D8A48-21F0-49C4-A33B-47576632A1AB}
		{F97F2E19-463E-4B07-BFB2-ECE69A3BF254} = {713D8A48-21F0-49C4-A33B-47576632A1AB}
	EndGlobalSection
EndGlobal
