<?xml version="1.0" encoding="utf-8"?>
<Project ToolsVersion="4.0" xmlns="http://schemas.microsoft.com/developer/msbuild/2003">
  <ItemGroup>
    <Filter Include="Source Files">
      <Extensions>cpp;c;cc;cxx;def;odl;idl;hpj;bat;asm;asmx;*</Extensions>
      <UniqueIdentifier>{0D0375DD-1651-4BC6-ADC4-4B84322C1276}</UniqueIdentifier>
    </Filter>
    <Filter Include="Header Files">
      <Extensions>h;hpp;hxx;hm;inl;inc;xsd</Extensions>
      <UniqueIdentifier>{6E196D92-162D-42CF-94EF-D682EBCCFCEE}</UniqueIdentifier>
    </Filter>
    <Filter Include="Resource Files">
      <Extensions>rc;ico;cur;bmp;dlg;rc2;rct;bin;rgs;gif;jpg;jpeg;jpe;resx;tiff;tif;png;wav;mfcribbon-ms;man;xml</Extensions>
      <UniqueIdentifier>{4DD7ED75-9F45-45BB-B516-D773A93E8295}</UniqueIdentifier>
    </Filter>
  </ItemGroup>
</Project>