
Microsoft Visual Studio Solution File, Format Version 11.00
# Visual Studio 2010
Project("{FAE04EC0-301F-11D3-BF4B-00C04F79EFBC}") = "CustomersSPListApp", "CustomersSPListApp\CustomersSPListApp.csproj", "{73936F24-FF13-465B-B093-DAED871CA7B1}"
EndProject
Project("{FAE04EC0-301F-11D3-BF4B-00C04F79EFBC}") = "OrdersSPListApp", "OrdersSPListApp\OrdersSPListApp.csproj", "{1CF5E7A7-BE44-4B00-9AB8-DDA287B79F73}"
EndProject
Global
	GlobalSection(SolutionConfigurationPlatforms) = preSolution
		Debug|Any CPU = Debug|Any CPU
		Release|Any CPU = Release|Any CPU
	EndGlobalSection
	GlobalSection(ProjectConfigurationPlatforms) = postSolution
		{73936F24-FF13-465B-B093-DAED871CA7B1}.Debug|Any CPU.ActiveCfg = Debug|Any CPU
		{73936F24-FF13-465B-B093-DAED871CA7B1}.Debug|Any CPU.Build.0 = Debug|Any CPU
		{73936F24-FF13-465B-B093-DAED871CA7B1}.Debug|Any CPU.Deploy.0 = Debug|Any CPU
		{73936F24-FF13-465B-B093-DAED871CA7B1}.Release|Any CPU.ActiveCfg = Release|Any CPU
		{73936F24-FF13-465B-B093-DAED871CA7B1}.Release|Any CPU.Build.0 = Release|Any CPU
		{73936F24-FF13-465B-B093-DAED871CA7B1}.Release|Any CPU.Deploy.0 = Release|Any CPU
		{1CF5E7A7-BE44-4B00-9AB8-DDA287B79F73}.Debug|Any CPU.ActiveCfg = Debug|Any CPU
		{1CF5E7A7-BE44-4B00-9AB8-DDA287B79F73}.Debug|Any CPU.Build.0 = Debug|Any CPU
		{1CF5E7A7-BE44-4B00-9AB8-DDA287B79F73}.Debug|Any CPU.Deploy.0 = Debug|Any CPU
		{1CF5E7A7-BE44-4B00-9AB8-DDA287B79F73}.Release|Any CPU.ActiveCfg = Release|Any CPU
		{1CF5E7A7-BE44-4B00-9AB8-DDA287B79F73}.Release|Any CPU.Build.0 = Release|Any CPU
		{1CF5E7A7-BE44-4B00-9AB8-DDA287B79F73}.Release|Any CPU.Deploy.0 = Release|Any CPU
	EndGlobalSection
	GlobalSection(SolutionProperties) = preSolution
		HideSolutionNode = FALSE
	EndGlobalSection
EndGlobal
