
Microsoft Visual Studio Solution File, Format Version 12.00
# Visual Studio 2013
VisualStudioVersion = 12.0.30203.2
MinimumVisualStudioVersion = 10.0.40219.1
Project("{2150E333-8FDC-42A3-9474-1A3956D46DE8}") = "Proximity", "Proximity", "{36B0D88D-B587-45BB-802E-282085104FB6}"
EndProject
Project("{8BC9CEB8-8B4A-11D0-8D11-00A0C91BC942}") = "Proximity.Windows", "Windows\Proximity.Windows.vcxproj", "{2774F49A-96BF-4FB2-941C-1CC127FFDD00}"
EndProject
Project("{8BC9CEB8-8B4A-11D0-8D11-00A0C91BC942}") = "Proximity.WindowsPhone", "WindowsPhone\Proximity.WindowsPhone.vcxproj", "{E6C8D675-92A7-4F57-B679-FD883DD2ECFC}"
EndProject
Project("{8BC9CEB8-8B4A-11D0-8D11-00A0C91BC942}") = "Shared", "Shared\Shared.vcxitems", "{0DEC840C-C13A-4D1C-99F3-E1CA25FE7835}"
EndProject
Global
	GlobalSection(SharedMSBuildProjectFiles) = preSolution
		Shared\Shared.vcxitems*{e6c8d675-92a7-4f57-b679-fd883dd2ecfc}*SharedItemsImports = 4
		Shared\Shared.vcxitems*{2774f49a-96bf-4fb2-941c-1cc127ffdd00}*SharedItemsImports = 4
		Shared\Shared.vcxitems*{0dec840c-c13a-4d1c-99f3-e1ca25fe7835}*SharedItemsImports = 9
	EndGlobalSection
	GlobalSection(SolutionConfigurationPlatforms) = preSolution
		Debug|ARM = Debug|ARM
		Debug|Win32 = Debug|Win32
		Debug|x64 = Debug|x64
		Release|ARM = Release|ARM
		Release|Win32 = Release|Win32
		Release|x64 = Release|x64
	EndGlobalSection
	GlobalSection(ProjectConfigurationPlatforms) = postSolution
		{E6C8D675-92A7-4F57-B679-FD883DD2ECFC}.Debug|ARM.ActiveCfg = Debug|ARM
		{E6C8D675-92A7-4F57-B679-FD883DD2ECFC}.Debug|ARM.Build.0 = Debug|ARM
		{E6C8D675-92A7-4F57-B679-FD883DD2ECFC}.Debug|ARM.Deploy.0 = Debug|ARM
		{E6C8D675-92A7-4F57-B679-FD883DD2ECFC}.Debug|Win32.ActiveCfg = Debug|Win32
		{E6C8D675-92A7-4F57-B679-FD883DD2ECFC}.Debug|Win32.Build.0 = Debug|Win32
		{E6C8D675-92A7-4F57-B679-FD883DD2ECFC}.Debug|Win32.Deploy.0 = Debug|Win32
		{E6C8D675-92A7-4F57-B679-FD883DD2ECFC}.Debug|x64.ActiveCfg = Debug|Win32
		{E6C8D675-92A7-4F57-B679-FD883DD2ECFC}.Release|ARM.ActiveCfg = Release|ARM
		{E6C8D675-92A7-4F57-B679-FD883DD2ECFC}.Release|ARM.Build.0 = Release|ARM
		{E6C8D675-92A7-4F57-B679-FD883DD2ECFC}.Release|ARM.Deploy.0 = Release|ARM
		{E6C8D675-92A7-4F57-B679-FD883DD2ECFC}.Release|Win32.ActiveCfg = Release|Win32
		{E6C8D675-92A7-4F57-B679-FD883DD2ECFC}.Release|Win32.Build.0 = Release|Win32
		{E6C8D675-92A7-4F57-B679-FD883DD2ECFC}.Release|Win32.Deploy.0 = Release|Win32
		{E6C8D675-92A7-4F57-B679-FD883DD2ECFC}.Release|x64.ActiveCfg = Release|Win32
		{2774F49A-96BF-4FB2-941C-1CC127FFDD00}.Debug|ARM.ActiveCfg = Debug|ARM
		{2774F49A-96BF-4FB2-941C-1CC127FFDD00}.Debug|ARM.Build.0 = Debug|ARM
		{2774F49A-96BF-4FB2-941C-1CC127FFDD00}.Debug|ARM.Deploy.0 = Debug|ARM
		{2774F49A-96BF-4FB2-941C-1CC127FFDD00}.Debug|Win32.ActiveCfg = Debug|Win32
		{2774F49A-96BF-4FB2-941C-1CC127FFDD00}.Debug|Win32.Build.0 = Debug|Win32
		{2774F49A-96BF-4FB2-941C-1CC127FFDD00}.Debug|Win32.Deploy.0 = Debug|Win32
		{2774F49A-96BF-4FB2-941C-1CC127FFDD00}.Debug|x64.ActiveCfg = Debug|x64
		{2774F49A-96BF-4FB2-941C-1CC127FFDD00}.Debug|x64.Build.0 = Debug|x64
		{2774F49A-96BF-4FB2-941C-1CC127FFDD00}.Debug|x64.Deploy.0 = Debug|x64
		{2774F49A-96BF-4FB2-941C-1CC127FFDD00}.Release|ARM.ActiveCfg = Release|ARM
		{2774F49A-96BF-4FB2-941C-1CC127FFDD00}.Release|ARM.Build.0 = Release|ARM
		{2774F49A-96BF-4FB2-941C-1CC127FFDD00}.Release|ARM.Deploy.0 = Release|ARM
		{2774F49A-96BF-4FB2-941C-1CC127FFDD00}.Release|Win32.ActiveCfg = Release|Win32
		{2774F49A-96BF-4FB2-941C-1CC127FFDD00}.Release|Win32.Build.0 = Release|Win32
		{2774F49A-96BF-4FB2-941C-1CC127FFDD00}.Release|Win32.Deploy.0 = Release|Win32
		{2774F49A-96BF-4FB2-941C-1CC127FFDD00}.Release|x64.ActiveCfg = Release|x64
		{2774F49A-96BF-4FB2-941C-1CC127FFDD00}.Release|x64.Build.0 = Release|x64
		{2774F49A-96BF-4FB2-941C-1CC127FFDD00}.Release|x64.Deploy.0 = Release|x64
	EndGlobalSection
	GlobalSection(SolutionProperties) = preSolution
		HideSolutionNode = FALSE
	EndGlobalSection
	GlobalSection(NestedProjects) = preSolution
		{E6C8D675-92A7-4F57-B679-FD883DD2ECFC} = {36B0D88D-B587-45BB-802E-282085104FB6}
		{2774F49A-96BF-4FB2-941C-1CC127FFDD00} = {36B0D88D-B587-45BB-802E-282085104FB6}
		{0DEC840C-C13A-4D1C-99F3-E1CA25FE7835} = {36B0D88D-B587-45BB-802E-282085104FB6}
	EndGlobalSection
EndGlobal
