
Microsoft Visual Studio Solution File, Format Version 10.00
# Visual Studio 2008
Project("{F184B08F-C81C-45F6-A57F-5ABD9991F28F}") = "ExcelAuto", "ExcelAuto\ExcelAuto.vbproj", "{CC302EE8-1FCC-4EEA-BAE2-0388E28CDE2E}"
EndProject
Project("{F184B08F-C81C-45F6-A57F-5ABD9991F28F}") = "ExcelAutoTask", "ExcelAutoTask\ExcelAutoTask.vbproj", "{0135F591-7523-47AD-B006-ED6D1C94FE27}"
EndProject
Global
	GlobalSection(SolutionConfigurationPlatforms) = preSolution
		Debug|Any CPU = Debug|Any CPU
		Release|Any CPU = Release|Any CPU
	EndGlobalSection
	GlobalSection(ProjectConfigurationPlatforms) = postSolution
		{CC302EE8-1FCC-4EEA-BAE2-0388E28CDE2E}.Debug|Any CPU.ActiveCfg = Debug|Any CPU
		{CC302EE8-1FCC-4EEA-BAE2-0388E28CDE2E}.Debug|Any CPU.Build.0 = Debug|Any CPU
		{CC302EE8-1FCC-4EEA-BAE2-0388E28CDE2E}.Release|Any CPU.ActiveCfg = Release|Any CPU
		{CC302EE8-1FCC-4EEA-BAE2-0388E28CDE2E}.Release|Any CPU.Build.0 = Release|Any CPU
		{0135F591-7523-47AD-B006-ED6D1C94FE27}.Debug|Any CPU.ActiveCfg = Debug|Any CPU
		{0135F591-7523-47AD-B006-ED6D1C94FE27}.Debug|Any CPU.Build.0 = Debug|Any CPU
		{0135F591-7523-47AD-B006-ED6D1C94FE27}.Release|Any CPU.ActiveCfg = Release|Any CPU
		{0135F591-7523-47AD-B006-ED6D1C94FE27}.Release|Any CPU.Build.0 = Release|Any CPU
	EndGlobalSection
	GlobalSection(SolutionProperties) = preSolution
		HideSolutionNode = FALSE
	EndGlobalSection
EndGlobal
