
Microsoft Visual Studio Solution File, Format Version 12.00
# Visual Studio 2013
VisualStudioVersion = 12.0
MinimumVisualStudioVersion = 10.0.40219.1
Project("{2150E333-8FDC-42A3-9474-1A3956D46DE8}") = "NetworkStatus", "NetworkStatus", "{C188197F-F2EF-49DE-B3A6-F72AB122B5C5}"
EndProject
Project("{FAE04EC0-301F-11D3-BF4B-00C04F79EFBC}") = "NetworkStatusTask", "NetworkStatusTask\NetworkStatusTask.csproj", "{F0F4E04A-1851-45F4-9899-4986677874FA}"
EndProject
Project("{262852C6-CD72-467D-83FE-5EEB1973A190}") = "NetworkStatusApp.Windows", "Windows\NetworkStatusApp.Windows.jsproj", "{A33B11A6-9EFC-4D20-8102-1BADB22522BF}"
EndProject
Project("{262852C6-CD72-467D-83FE-5EEB1973A190}") = "NetworkStatusApp.WindowsPhone", "WindowsPhone\NetworkStatusApp.WindowsPhone.jsproj", "{715832FD-49EC-4F26-B380-DF30B299F074}"
EndProject
Project("{D954291E-2A0B-460D-934E-DC6B0785DB48}") = "NetworkStatus.Shared", "Shared\NetworkStatus.Shared.shproj", "{7E07648B-E7B1-44D2-804F-6D05E4AD425D}"
EndProject
Global
	GlobalSection(SharedMSBuildProjectFiles) = preSolution
		Shared\Shared.projitems*{715832fd-49ec-4f26-b380-df30b299f074}*SharedItemsImports = 5
		Shared\Shared.projitems*{7e07648b-e7b1-44d2-804f-6d05e4ad425d}*SharedItemsImports = 13
		Shared\Shared.projitems*{a33b11a6-9efc-4d20-8102-1badb22522bf}*SharedItemsImports = 5
	EndGlobalSection
	GlobalSection(SolutionConfigurationPlatforms) = preSolution
		Debug|Any CPU = Debug|Any CPU
		Release|Any CPU = Release|Any CPU
	EndGlobalSection
	GlobalSection(ProjectConfigurationPlatforms) = postSolution
		{F0F4E04A-1851-45F4-9899-4986677874FA}.Debug|Any CPU.ActiveCfg = Debug|Any CPU
		{F0F4E04A-1851-45F4-9899-4986677874FA}.Debug|Any CPU.Build.0 = Debug|Any CPU
		{F0F4E04A-1851-45F4-9899-4986677874FA}.Debug|Any CPU.Deploy.0 = Debug|Any CPU
		{F0F4E04A-1851-45F4-9899-4986677874FA}.Release|Any CPU.ActiveCfg = Release|Any CPU
		{F0F4E04A-1851-45F4-9899-4986677874FA}.Release|Any CPU.Build.0 = Release|Any CPU
		{F0F4E04A-1851-45F4-9899-4986677874FA}.Release|Any CPU.Deploy.0 = Release|Any CPU
		{715832FD-49EC-4F26-B380-DF30B299F074}.Debug|Any CPU.ActiveCfg = Debug|Any CPU
		{715832FD-49EC-4F26-B380-DF30B299F074}.Debug|Any CPU.Build.0 = Debug|Any CPU
		{715832FD-49EC-4F26-B380-DF30B299F074}.Debug|Any CPU.Deploy.0 = Debug|Any CPU
		{715832FD-49EC-4F26-B380-DF30B299F074}.Release|Any CPU.ActiveCfg = Release|Any CPU
		{715832FD-49EC-4F26-B380-DF30B299F074}.Release|Any CPU.Build.0 = Release|Any CPU
		{715832FD-49EC-4F26-B380-DF30B299F074}.Release|Any CPU.Deploy.0 = Release|Any CPU
		{A33B11A6-9EFC-4D20-8102-1BADB22522BF}.Debug|Any CPU.ActiveCfg = Debug|Any CPU
		{A33B11A6-9EFC-4D20-8102-1BADB22522BF}.Debug|Any CPU.Build.0 = Debug|Any CPU
		{A33B11A6-9EFC-4D20-8102-1BADB22522BF}.Debug|Any CPU.Deploy.0 = Debug|Any CPU
		{A33B11A6-9EFC-4D20-8102-1BADB22522BF}.Release|Any CPU.ActiveCfg = Release|Any CPU
		{A33B11A6-9EFC-4D20-8102-1BADB22522BF}.Release|Any CPU.Build.0 = Release|Any CPU
		{A33B11A6-9EFC-4D20-8102-1BADB22522BF}.Release|Any CPU.Deploy.0 = Release|Any CPU
	EndGlobalSection
	GlobalSection(SolutionProperties) = preSolution
		HideSolutionNode = FALSE
	EndGlobalSection
	GlobalSection(NestedProjects) = preSolution
		{715832FD-49EC-4F26-B380-DF30B299F074} = {C188197F-F2EF-49DE-B3A6-F72AB122B5C5}
		{A33B11A6-9EFC-4D20-8102-1BADB22522BF} = {C188197F-F2EF-49DE-B3A6-F72AB122B5C5}
		{7E07648B-E7B1-44D2-804F-6D05E4AD425D} = {C188197F-F2EF-49DE-B3A6-F72AB122B5C5}
	EndGlobalSection
EndGlobal
