
Microsoft Visual Studio Solution File, Format Version 12.00
# Visual Studio 11
Project("{2150E333-8FDC-42A3-9474-1A3956D46DE8}") = "Package", "Package", "{5A298D96-37E2-4F93-8997-26E37507EEF6}"
EndProject
Project("{2150E333-8FDC-42A3-9474-1A3956D46DE8}") = "Exe", "Exe", "{625CA5AD-89C4-4DC5-A380-4C8C1A34339D}"
EndProject
Project("{2150E333-8FDC-42A3-9474-1A3956D46DE8}") = "Driver", "Driver", "{6271333F-7C87-4947-9849-E03D37EE023C}"
EndProject
Project("{8BC9CEB8-8B4A-11D0-8D11-00A0C91BC942}") = "package", "Package\package.VcxProj", "{D438E0CD-7CC0-4C95-AEC3-977A74B80EAD}"
EndProject
Project("{8BC9CEB8-8B4A-11D0-8D11-00A0C91BC942}") = "NetNfpControl", "exe\NetNfpControl.vcxproj", "{9067D850-AABF-4C50-BD28-8EB77FD39876}"
EndProject
Project("{8BC9CEB8-8B4A-11D0-8D11-00A0C91BC942}") = "NetNfpProvider", "driver\NetNfpProvider.vcxproj", "{48967B61-90DF-4943-8083-A365212634FE}"
EndProject
Global
	GlobalSection(SolutionConfigurationPlatforms) = preSolution
		Win8 Debug|Win32 = Win8 Debug|Win32
		Win8 Debug|x64 = Win8 Debug|x64
		Win8 Release|Win32 = Win8 Release|Win32
		Win8 Release|x64 = Win8 Release|x64
		Win7 Debug|Win32 = Win7 Debug|Win32
		Win7 Debug|x64 = Win7 Debug|x64
		Win7 Release|Win32 = Win7 Release|Win32
		Win7 Release|x64 = Win7 Release|x64
	EndGlobalSection
	GlobalSection(ProjectConfigurationPlatforms) = postSolution
		{D438E0CD-7CC0-4C95-AEC3-977A74B80EAD}.Win8 Debug|Win32.ActiveCfg = Win8 Debug|Win32
		{D438E0CD-7CC0-4C95-AEC3-977A74B80EAD}.Win8 Debug|Win32.Build.0 = Win8 Debug|Win32
		{D438E0CD-7CC0-4C95-AEC3-977A74B80EAD}.Win8 Debug|x64.ActiveCfg = Win8 Debug|x64
		{D438E0CD-7CC0-4C95-AEC3-977A74B80EAD}.Win8 Debug|x64.Build.0 = Win8 Debug|x64
		{D438E0CD-7CC0-4C95-AEC3-977A74B80EAD}.Win8 Release|Win32.ActiveCfg = Win8 Release|Win32
		{D438E0CD-7CC0-4C95-AEC3-977A74B80EAD}.Win8 Release|Win32.Build.0 = Win8 Release|Win32
		{D438E0CD-7CC0-4C95-AEC3-977A74B80EAD}.Win8 Release|x64.ActiveCfg = Win8 Release|x64
		{D438E0CD-7CC0-4C95-AEC3-977A74B80EAD}.Win8 Release|x64.Build.0 = Win8 Release|x64
		{D438E0CD-7CC0-4C95-AEC3-977A74B80EAD}.Win7 Debug|Win32.ActiveCfg = Win7 Debug|Win32
		{D438E0CD-7CC0-4C95-AEC3-977A74B80EAD}.Win7 Debug|Win32.Build.0 = Win7 Debug|Win32
		{D438E0CD-7CC0-4C95-AEC3-977A74B80EAD}.Win7 Debug|x64.ActiveCfg = Win7 Debug|x64
		{D438E0CD-7CC0-4C95-AEC3-977A74B80EAD}.Win7 Debug|x64.Build.0 = Win7 Debug|x64
		{D438E0CD-7CC0-4C95-AEC3-977A74B80EAD}.Win7 Release|Win32.ActiveCfg = Win7 Release|Win32
		{D438E0CD-7CC0-4C95-AEC3-977A74B80EAD}.Win7 Release|Win32.Build.0 = Win7 Release|Win32
		{D438E0CD-7CC0-4C95-AEC3-977A74B80EAD}.Win7 Release|x64.ActiveCfg = Win7 Release|x64
		{D438E0CD-7CC0-4C95-AEC3-977A74B80EAD}.Win7 Release|x64.Build.0 = Win7 Release|x64
		{9067D850-AABF-4C50-BD28-8EB77FD39876}.Win8 Debug|Win32.ActiveCfg = Win8 Debug|Win32
		{9067D850-AABF-4C50-BD28-8EB77FD39876}.Win8 Debug|Win32.Build.0 = Win8 Debug|Win32
		{9067D850-AABF-4C50-BD28-8EB77FD39876}.Win8 Debug|x64.ActiveCfg = Win8 Debug|x64
		{9067D850-AABF-4C50-BD28-8EB77FD39876}.Win8 Debug|x64.Build.0 = Win8 Debug|x64
		{9067D850-AABF-4C50-BD28-8EB77FD39876}.Win8 Release|Win32.ActiveCfg = Win8 Release|Win32
		{9067D850-AABF-4C50-BD28-8EB77FD39876}.Win8 Release|Win32.Build.0 = Win8 Release|Win32
		{9067D850-AABF-4C50-BD28-8EB77FD39876}.Win8 Release|x64.ActiveCfg = Win8 Release|x64
		{9067D850-AABF-4C50-BD28-8EB77FD39876}.Win8 Release|x64.Build.0 = Win8 Release|x64
		{9067D850-AABF-4C50-BD28-8EB77FD39876}.Win7 Debug|Win32.ActiveCfg = Win7 Debug|Win32
		{9067D850-AABF-4C50-BD28-8EB77FD39876}.Win7 Debug|Win32.Build.0 = Win7 Debug|Win32
		{9067D850-AABF-4C50-BD28-8EB77FD39876}.Win7 Debug|x64.ActiveCfg = Win7 Debug|x64
		{9067D850-AABF-4C50-BD28-8EB77FD39876}.Win7 Debug|x64.Build.0 = Win7 Debug|x64
		{9067D850-AABF-4C50-BD28-8EB77FD39876}.Win7 Release|Win32.ActiveCfg = Win7 Release|Win32
		{9067D850-AABF-4C50-BD28-8EB77FD39876}.Win7 Release|Win32.Build.0 = Win7 Release|Win32
		{9067D850-AABF-4C50-BD28-8EB77FD39876}.Win7 Release|x64.ActiveCfg = Win7 Release|x64
		{9067D850-AABF-4C50-BD28-8EB77FD39876}.Win7 Release|x64.Build.0 = Win7 Release|x64
		{48967B61-90DF-4943-8083-A365212634FE}.Win8 Debug|Win32.ActiveCfg = Win8 Debug|Win32
		{48967B61-90DF-4943-8083-A365212634FE}.Win8 Debug|Win32.Build.0 = Win8 Debug|Win32
		{48967B61-90DF-4943-8083-A365212634FE}.Win8 Debug|x64.ActiveCfg = Win8 Debug|x64
		{48967B61-90DF-4943-8083-A365212634FE}.Win8 Debug|x64.Build.0 = Win8 Debug|x64
		{48967B61-90DF-4943-8083-A365212634FE}.Win8 Release|Win32.ActiveCfg = Win8 Release|Win32
		{48967B61-90DF-4943-8083-A365212634FE}.Win8 Release|Win32.Build.0 = Win8 Release|Win32
		{48967B61-90DF-4943-8083-A365212634FE}.Win8 Release|x64.ActiveCfg = Win8 Release|x64
		{48967B61-90DF-4943-8083-A365212634FE}.Win8 Release|x64.Build.0 = Win8 Release|x64
		{48967B61-90DF-4943-8083-A365212634FE}.Win7 Debug|Win32.ActiveCfg = Win7 Debug|Win32
		{48967B61-90DF-4943-8083-A365212634FE}.Win7 Debug|Win32.Build.0 = Win7 Debug|Win32
		{48967B61-90DF-4943-8083-A365212634FE}.Win7 Debug|x64.ActiveCfg = Win7 Debug|x64
		{48967B61-90DF-4943-8083-A365212634FE}.Win7 Debug|x64.Build.0 = Win7 Debug|x64
		{48967B61-90DF-4943-8083-A365212634FE}.Win7 Release|Win32.ActiveCfg = Win7 Release|Win32
		{48967B61-90DF-4943-8083-A365212634FE}.Win7 Release|Win32.Build.0 = Win7 Release|Win32
		{48967B61-90DF-4943-8083-A365212634FE}.Win7 Release|x64.ActiveCfg = Win7 Release|x64
		{48967B61-90DF-4943-8083-A365212634FE}.Win7 Release|x64.Build.0 = Win7 Release|x64
	EndGlobalSection
	GlobalSection(SolutionProperties) = preSolution
		HideSolutionNode = FALSE
	EndGlobalSection
	GlobalSection(NestedProjects) = preSolution
		{D438E0CD-7CC0-4C95-AEC3-977A74B80EAD} = {5A298D96-37E2-4F93-8997-26E37507EEF6}
		{9067D850-AABF-4C50-BD28-8EB77FD39876} = {625CA5AD-89C4-4DC5-A380-4C8C1A34339D}
		{48967B61-90DF-4943-8083-A365212634FE} = {6271333F-7C87-4947-9849-E03D37EE023C}
	EndGlobalSection
EndGlobal
