
Microsoft Visual Studio Solution File, Format Version 10.00
# Visual Studio 2008
Project("{F184B08F-C81C-45F6-A57F-5ABD9991F28F}") = "ListBoxComboBox", "ListBoxComboBox.vbproj", "{2C8D67D8-5803-46D2-87F8-E4069B943CC0}"
EndProject
Global
	GlobalSection(SolutionConfigurationPlatforms) = preSolution
		Debug|Any CPU = Debug|Any CPU
		Release|Any CPU = Release|Any CPU
	EndGlobalSection
	GlobalSection(ProjectConfigurationPlatforms) = postSolution
		{2C8D67D8-5803-46D2-87F8-E4069B943CC0}.Debug|Any CPU.ActiveCfg = Debug|Any CPU
		{2C8D67D8-5803-46D2-87F8-E4069B943CC0}.Debug|Any CPU.Build.0 = Debug|Any CPU
		{2C8D67D8-5803-46D2-87F8-E4069B943CC0}.Release|Any CPU.ActiveCfg = Release|Any CPU
		{2C8D67D8-5803-46D2-87F8-E4069B943CC0}.Release|Any CPU.Build.0 = Release|Any CPU
	EndGlobalSection
	GlobalSection(SolutionProperties) = preSolution
		HideSolutionNode = FALSE
	EndGlobalSection
EndGlobal
