<?xml version="1.0" encoding="utf-8"?>
<Project ToolsVersion="4.0" xmlns="http://schemas.microsoft.com/developer/msbuild/2003">
  <ItemGroup>
    <Filter Include="Resources">
      <UniqueIdentifier>96149deb-1d87-4118-a8e0-20aef9f847f0</UniqueIdentifier>
      <Extensions>rc;ico;cur;bmp;dlg;rc2;rct;bin;rgs;gif;jpg;jpeg;jpe;resx;tiff;tif;png;wav;mfcribbon-ms</Extensions>
    </Filter>
  </ItemGroup>
  <ItemGroup>
    <ClInclude Include="pch.h" />
    <ClInclude Include="MediaStreamSample.h" />
    <ClInclude Include="Buffer.h" />
    <ClInclude Include="MediaStreamSourceService.h" />
    <ClInclude Include="MediaStreamSchemeHandler.h" />
    <ClInclude Include="MediaStreamSourceStream.h" />
  </ItemGroup>
  <ItemGroup>
    <ClCompile Include="pch.cpp" />
    <ClCompile Include="DllMain.cpp" />
    <ClCompile Include="MediaStreamSample.cpp" />
    <ClCompile Include="Buffer.cpp" />
    <ClCompile Include="MediaStreamSourceService.cpp" />
    <ClCompile Include="MediaStreamSchemeHandler.cpp" />
    <ClCompile Include="MediaStreamSourceStream.cpp" />
  </ItemGroup>
  <ItemGroup>
    <Midl Include="MSSWinRTExtension.idl" />
  </ItemGroup>
  <ItemGroup>
    <None Include="MSSWinRTExtension.def" />
  </ItemGroup>
</Project>