
Microsoft Visual Studio Solution File, Format Version 12.00
# Visual Studio 2013
VisualStudioVersion = 12.0
MinimumVisualStudioVersion = 10.0.40219.1
Project("{2150E333-8FDC-42A3-9474-1A3956D46DE8}") = "Accelerometer", "Accelerometer.sln", "{D6149F1A-9335-47B7-AE91-4FDC584C1B28}"
EndProject
Project("{262852C6-CD72-467D-83FE-5EEB1973A190}") = "Accelerometer.Windows", "Windows\Accelerometer.Windows.jsproj", "{8987113A-7FB3-455C-BF2C-26C6F639362D}"
EndProject
Project("{262852C6-CD72-467D-83FE-5EEB1973A190}") = "Accelerometer.WindowsPhone", "WindowsPhone\Accelerometer.WindowsPhone.jsproj", "{D495AF33-5B21-4771-AA11-E40343C4ECD0}"
EndProject
Project("{D954291E-2A0B-460D-934E-DC6B0785DB48}") = "Accelerometer.Shared", "Shared\Accelerometer.Shared.shproj", "{DD03E2C2-4E9F-4EEA-9461-5CE9821EE9B4}"
EndProject
Global
	GlobalSection(SharedProjectFiles.SharedItemsImports) = preSolution
		Shared\Shared.projitems*{d495af33-5b21-4771-aa11-e40343c4ecd0}*SharedItemsImports = 5
		Shared\Shared.projitems*{8987113a-7fb3-455c-bf2c-26c6f639362d}*SharedItemsImports = 5
	EndGlobalSection
	GlobalSection(SolutionConfigurationPlatforms) = preSolution
		Release|Any CPU = Release|Any CPU
		Debug|Any CPU = Debug|Any CPU
	EndGlobalSection
	GlobalSection(ProjectConfigurationPlatforms) = postSolution
		{D495AF33-5B21-4771-AA11-E40343C4ECD0}.Release|Any CPU.ActiveCfg = Release|Any CPU
		{D495AF33-5B21-4771-AA11-E40343C4ECD0}.Release|Any CPU.Build.0 = Release|Any CPU
		{D495AF33-5B21-4771-AA11-E40343C4ECD0}.Release|Any CPU.Deploy.0 = Release|Any CPU
		{D495AF33-5B21-4771-AA11-E40343C4ECD0}.Debug|Any CPU.ActiveCfg = Debug|Any CPU
		{D495AF33-5B21-4771-AA11-E40343C4ECD0}.Debug|Any CPU.Build.0 = Debug|Any CPU
		{D495AF33-5B21-4771-AA11-E40343C4ECD0}.Debug|Any CPU.Deploy.0 = Debug|Any CPU
		{8987113A-7FB3-455C-BF2C-26C6F639362D}.Release|Any CPU.ActiveCfg = Release|Any CPU
		{8987113A-7FB3-455C-BF2C-26C6F639362D}.Release|Any CPU.Build.0 = Release|Any CPU
		{8987113A-7FB3-455C-BF2C-26C6F639362D}.Release|Any CPU.Deploy.0 = Release|Any CPU
		{8987113A-7FB3-455C-BF2C-26C6F639362D}.Debug|Any CPU.ActiveCfg = Debug|Any CPU
		{8987113A-7FB3-455C-BF2C-26C6F639362D}.Debug|Any CPU.Build.0 = Debug|Any CPU
		{8987113A-7FB3-455C-BF2C-26C6F639362D}.Debug|Any CPU.Deploy.0 = Debug|Any CPU
	EndGlobalSection
	GlobalSection(SolutionProperties) = preSolution
		HideSolutionNode = FALSE
	EndGlobalSection
	GlobalSection(NestedProjects) = preSolution
		{D495AF33-5B21-4771-AA11-E40343C4ECD0} = {D6149F1A-9335-47B7-AE91-4FDC584C1B28}
		{8987113A-7FB3-455C-BF2C-26C6F639362D} = {D6149F1A-9335-47B7-AE91-4FDC584C1B28}
		{DD03E2C2-4E9F-4EEA-9461-5CE9821EE9B4} = {D6149F1A-9335-47B7-AE91-4FDC584C1B28}
	EndGlobalSection
EndGlobal

