
Microsoft Visual Studio Solution File, Format Version 12.00
# Visual Studio 11
Project("{2150E333-8FDC-42A3-9474-1A3956D46DE8}") = "Package", "Package", "{4079010E-3873-4A91-A473-97F15ADCA75E}"
EndProject
Project("{2150E333-8FDC-42A3-9474-1A3956D46DE8}") = "Ihvsampleui", "Ihvsampleui", "{8DC456C1-65DC-43B7-8ECC-6A518D031C32}"
EndProject
Project("{2150E333-8FDC-42A3-9474-1A3956D46DE8}") = "Ihvsample", "Ihvsample", "{0DE0732B-C2E5-4FFE-A19E-CB63DA22B229}"
EndProject
Project("{8BC9CEB8-8B4A-11D0-8D11-00A0C91BC942}") = "package", "Package\package.VcxProj", "{999BE978-3633-4EED-9DEF-39C414089F8A}"
EndProject
Project("{8BC9CEB8-8B4A-11D0-8D11-00A0C91BC942}") = "IHVSampleUI", "ihvsampleui\IHVSampleUI.vcxproj", "{053CBAC6-A3A9-4D9A-B064-A602F69884C9}"
EndProject
Project("{8BC9CEB8-8B4A-11D0-8D11-00A0C91BC942}") = "ihvsample", "ihvsample\ihvsample.vcxproj", "{D3365CAA-5335-4281-A9D1-4383FEB087A0}"
EndProject
Global
	GlobalSection(SolutionConfigurationPlatforms) = preSolution
		Win8 Debug|Win32 = Win8 Debug|Win32
		Win8 Debug|x64 = Win8 Debug|x64
		Win8 Release|Win32 = Win8 Release|Win32
		Win8 Release|x64 = Win8 Release|x64
		Win7 Debug|Win32 = Win7 Debug|Win32
		Win7 Debug|x64 = Win7 Debug|x64
		Win7 Release|Win32 = Win7 Release|Win32
		Win7 Release|x64 = Win7 Release|x64
		Vista Debug|Win32 = Vista Debug|Win32
		Vista Debug|x64 = Vista Debug|x64
		Vista Release|Win32 = Vista Release|Win32
		Vista Release|x64 = Vista Release|x64
	EndGlobalSection
	GlobalSection(ProjectConfigurationPlatforms) = postSolution
		{999BE978-3633-4EED-9DEF-39C414089F8A}.Win8 Debug|Win32.ActiveCfg = Win8 Debug|Win32
		{999BE978-3633-4EED-9DEF-39C414089F8A}.Win8 Debug|Win32.Build.0 = Win8 Debug|Win32
		{999BE978-3633-4EED-9DEF-39C414089F8A}.Win8 Debug|x64.ActiveCfg = Win8 Debug|x64
		{999BE978-3633-4EED-9DEF-39C414089F8A}.Win8 Debug|x64.Build.0 = Win8 Debug|x64
		{999BE978-3633-4EED-9DEF-39C414089F8A}.Win8 Release|Win32.ActiveCfg = Win8 Release|Win32
		{999BE978-3633-4EED-9DEF-39C414089F8A}.Win8 Release|Win32.Build.0 = Win8 Release|Win32
		{999BE978-3633-4EED-9DEF-39C414089F8A}.Win8 Release|x64.ActiveCfg = Win8 Release|x64
		{999BE978-3633-4EED-9DEF-39C414089F8A}.Win8 Release|x64.Build.0 = Win8 Release|x64
		{999BE978-3633-4EED-9DEF-39C414089F8A}.Win7 Debug|Win32.ActiveCfg = Win7 Debug|Win32
		{999BE978-3633-4EED-9DEF-39C414089F8A}.Win7 Debug|Win32.Build.0 = Win7 Debug|Win32
		{999BE978-3633-4EED-9DEF-39C414089F8A}.Win7 Debug|x64.ActiveCfg = Win7 Debug|x64
		{999BE978-3633-4EED-9DEF-39C414089F8A}.Win7 Debug|x64.Build.0 = Win7 Debug|x64
		{999BE978-3633-4EED-9DEF-39C414089F8A}.Win7 Release|Win32.ActiveCfg = Win7 Release|Win32
		{999BE978-3633-4EED-9DEF-39C414089F8A}.Win7 Release|Win32.Build.0 = Win7 Release|Win32
		{999BE978-3633-4EED-9DEF-39C414089F8A}.Win7 Release|x64.ActiveCfg = Win7 Release|x64
		{999BE978-3633-4EED-9DEF-39C414089F8A}.Win7 Release|x64.Build.0 = Win7 Release|x64
		{999BE978-3633-4EED-9DEF-39C414089F8A}.Vista Debug|Win32.ActiveCfg = Vista Debug|Win32
		{999BE978-3633-4EED-9DEF-39C414089F8A}.Vista Debug|Win32.Build.0 = Vista Debug|Win32
		{999BE978-3633-4EED-9DEF-39C414089F8A}.Vista Debug|x64.ActiveCfg = Vista Debug|x64
		{999BE978-3633-4EED-9DEF-39C414089F8A}.Vista Debug|x64.Build.0 = Vista Debug|x64
		{999BE978-3633-4EED-9DEF-39C414089F8A}.Vista Release|Win32.ActiveCfg = Vista Release|Win32
		{999BE978-3633-4EED-9DEF-39C414089F8A}.Vista Release|Win32.Build.0 = Vista Release|Win32
		{999BE978-3633-4EED-9DEF-39C414089F8A}.Vista Release|x64.ActiveCfg = Vista Release|x64
		{999BE978-3633-4EED-9DEF-39C414089F8A}.Vista Release|x64.Build.0 = Vista Release|x64
		{053CBAC6-A3A9-4D9A-B064-A602F69884C9}.Win8 Debug|Win32.ActiveCfg = Win8 Debug|Win32
		{053CBAC6-A3A9-4D9A-B064-A602F69884C9}.Win8 Debug|Win32.Build.0 = Win8 Debug|Win32
		{053CBAC6-A3A9-4D9A-B064-A602F69884C9}.Win8 Debug|x64.ActiveCfg = Win8 Debug|x64
		{053CBAC6-A3A9-4D9A-B064-A602F69884C9}.Win8 Debug|x64.Build.0 = Win8 Debug|x64
		{053CBAC6-A3A9-4D9A-B064-A602F69884C9}.Win8 Release|Win32.ActiveCfg = Win8 Release|Win32
		{053CBAC6-A3A9-4D9A-B064-A602F69884C9}.Win8 Release|Win32.Build.0 = Win8 Release|Win32
		{053CBAC6-A3A9-4D9A-B064-A602F69884C9}.Win8 Release|x64.ActiveCfg = Win8 Release|x64
		{053CBAC6-A3A9-4D9A-B064-A602F69884C9}.Win8 Release|x64.Build.0 = Win8 Release|x64
		{053CBAC6-A3A9-4D9A-B064-A602F69884C9}.Win7 Debug|Win32.ActiveCfg = Win7 Debug|Win32
		{053CBAC6-A3A9-4D9A-B064-A602F69884C9}.Win7 Debug|Win32.Build.0 = Win7 Debug|Win32
		{053CBAC6-A3A9-4D9A-B064-A602F69884C9}.Win7 Debug|x64.ActiveCfg = Win7 Debug|x64
		{053CBAC6-A3A9-4D9A-B064-A602F69884C9}.Win7 Debug|x64.Build.0 = Win7 Debug|x64
		{053CBAC6-A3A9-4D9A-B064-A602F69884C9}.Win7 Release|Win32.ActiveCfg = Win7 Release|Win32
		{053CBAC6-A3A9-4D9A-B064-A602F69884C9}.Win7 Release|Win32.Build.0 = Win7 Release|Win32
		{053CBAC6-A3A9-4D9A-B064-A602F69884C9}.Win7 Release|x64.ActiveCfg = Win7 Release|x64
		{053CBAC6-A3A9-4D9A-B064-A602F69884C9}.Win7 Release|x64.Build.0 = Win7 Release|x64
		{053CBAC6-A3A9-4D9A-B064-A602F69884C9}.Vista Debug|Win32.ActiveCfg = Vista Debug|Win32
		{053CBAC6-A3A9-4D9A-B064-A602F69884C9}.Vista Debug|Win32.Build.0 = Vista Debug|Win32
		{053CBAC6-A3A9-4D9A-B064-A602F69884C9}.Vista Debug|x64.ActiveCfg = Vista Debug|x64
		{053CBAC6-A3A9-4D9A-B064-A602F69884C9}.Vista Debug|x64.Build.0 = Vista Debug|x64
		{053CBAC6-A3A9-4D9A-B064-A602F69884C9}.Vista Release|Win32.ActiveCfg = Vista Release|Win32
		{053CBAC6-A3A9-4D9A-B064-A602F69884C9}.Vista Release|Win32.Build.0 = Vista Release|Win32
		{053CBAC6-A3A9-4D9A-B064-A602F69884C9}.Vista Release|x64.ActiveCfg = Vista Release|x64
		{053CBAC6-A3A9-4D9A-B064-A602F69884C9}.Vista Release|x64.Build.0 = Vista Release|x64
		{D3365CAA-5335-4281-A9D1-4383FEB087A0}.Win8 Debug|Win32.ActiveCfg = Win8 Debug|Win32
		{D3365CAA-5335-4281-A9D1-4383FEB087A0}.Win8 Debug|Win32.Build.0 = Win8 Debug|Win32
		{D3365CAA-5335-4281-A9D1-4383FEB087A0}.Win8 Debug|x64.ActiveCfg = Win8 Debug|x64
		{D3365CAA-5335-4281-A9D1-4383FEB087A0}.Win8 Debug|x64.Build.0 = Win8 Debug|x64
		{D3365CAA-5335-4281-A9D1-4383FEB087A0}.Win8 Release|Win32.ActiveCfg = Win8 Release|Win32
		{D3365CAA-5335-4281-A9D1-4383FEB087A0}.Win8 Release|Win32.Build.0 = Win8 Release|Win32
		{D3365CAA-5335-4281-A9D1-4383FEB087A0}.Win8 Release|x64.ActiveCfg = Win8 Release|x64
		{D3365CAA-5335-4281-A9D1-4383FEB087A0}.Win8 Release|x64.Build.0 = Win8 Release|x64
		{D3365CAA-5335-4281-A9D1-4383FEB087A0}.Win7 Debug|Win32.ActiveCfg = Win7 Debug|Win32
		{D3365CAA-5335-4281-A9D1-4383FEB087A0}.Win7 Debug|Win32.Build.0 = Win7 Debug|Win32
		{D3365CAA-5335-4281-A9D1-4383FEB087A0}.Win7 Debug|x64.ActiveCfg = Win7 Debug|x64
		{D3365CAA-5335-4281-A9D1-4383FEB087A0}.Win7 Debug|x64.Build.0 = Win7 Debug|x64
		{D3365CAA-5335-4281-A9D1-4383FEB087A0}.Win7 Release|Win32.ActiveCfg = Win7 Release|Win32
		{D3365CAA-5335-4281-A9D1-4383FEB087A0}.Win7 Release|Win32.Build.0 = Win7 Release|Win32
		{D3365CAA-5335-4281-A9D1-4383FEB087A0}.Win7 Release|x64.ActiveCfg = Win7 Release|x64
		{D3365CAA-5335-4281-A9D1-4383FEB087A0}.Win7 Release|x64.Build.0 = Win7 Release|x64
		{D3365CAA-5335-4281-A9D1-4383FEB087A0}.Vista Debug|Win32.ActiveCfg = Vista Debug|Win32
		{D3365CAA-5335-4281-A9D1-4383FEB087A0}.Vista Debug|Win32.Build.0 = Vista Debug|Win32
		{D3365CAA-5335-4281-A9D1-4383FEB087A0}.Vista Debug|x64.ActiveCfg = Vista Debug|x64
		{D3365CAA-5335-4281-A9D1-4383FEB087A0}.Vista Debug|x64.Build.0 = Vista Debug|x64
		{D3365CAA-5335-4281-A9D1-4383FEB087A0}.Vista Release|Win32.ActiveCfg = Vista Release|Win32
		{D3365CAA-5335-4281-A9D1-4383FEB087A0}.Vista Release|Win32.Build.0 = Vista Release|Win32
		{D3365CAA-5335-4281-A9D1-4383FEB087A0}.Vista Release|x64.ActiveCfg = Vista Release|x64
		{D3365CAA-5335-4281-A9D1-4383FEB087A0}.Vista Release|x64.Build.0 = Vista Release|x64
	EndGlobalSection
	GlobalSection(SolutionProperties) = preSolution
		HideSolutionNode = FALSE
	EndGlobalSection
	GlobalSection(NestedProjects) = preSolution
		{999BE978-3633-4EED-9DEF-39C414089F8A} = {4079010E-3873-4A91-A473-97F15ADCA75E}
		{053CBAC6-A3A9-4D9A-B064-A602F69884C9} = {8DC456C1-65DC-43B7-8ECC-6A518D031C32}
		{D3365CAA-5335-4281-A9D1-4383FEB087A0} = {0DE0732B-C2E5-4FFE-A19E-CB63DA22B229}
	EndGlobalSection
EndGlobal
