<?xml version="1.0" encoding="utf-8"?>
<Project ToolsVersion="4.0" xmlns="http://schemas.microsoft.com/developer/msbuild/2003">
  <ItemGroup>
    <Filter Include="Resources">
      <UniqueIdentifier>153aa087-8129-46dc-bd69-d2b20e429fe0</UniqueIdentifier>
      <Extensions>ico;bmp;dlg;gif;jpg;jpeg;jpe;resx;tiff;tif;png;wav;resw;resjson</Extensions>
    </Filter>
    <Filter Include="Utilities">
      <UniqueIdentifier>{04556fc2-670d-45d9-bfc9-72eceef6d27f}</UniqueIdentifier>
    </Filter>
  </ItemGroup>
  <ItemGroup>
    <AppxManifest Include="Package.appxmanifest" />
  </ItemGroup>
  <ItemGroup>
    <Page Include="MainPage.xaml" />
    <Page Include="ScenarioList.xaml" />
    <Page Include="ScenarioInput1.xaml" />
    <Page Include="ScenarioOutput1.xaml" />
    <Page Include="ScenarioInput2.xaml" />
    <Page Include="ScenarioOutput2.xaml" />
  </ItemGroup>
  <ItemGroup>
    <ApplicationDefinition Include="App.xaml" />
  </ItemGroup>
  <ItemGroup>
    <ClCompile Include="App.xaml.cpp" />
    <ClCompile Include="MainPage.xaml.cpp" />
    <ClCompile Include="pch.cpp" />
    <ClCompile Include="ScenarioList.xaml.cpp" />
    <ClCompile Include="ScenarioInput1.xaml.cpp" />
    <ClCompile Include="ScenarioOutput1.xaml.cpp" />
    <ClCompile Include="ScenarioInput2.xaml.cpp" />
    <ClCompile Include="ScenarioOutput2.xaml.cpp" />
  </ItemGroup>
  <ItemGroup>
    <ClInclude Include="pch.h" />
    <ClInclude Include="App.xaml.h" />
    <ClInclude Include="MainPage.xaml.h" />
    <ClInclude Include="ScenarioList.xaml.h" />
    <ClInclude Include="CppSamplesUtils.h">
      <Filter>Utilities</Filter>
    </ClInclude>
    <ClInclude Include="ScenarioInput1.xaml.h" />
    <ClInclude Include="ScenarioOutput1.xaml.h" />
    <ClInclude Include="ScenarioInput2.xaml.h" />
    <ClInclude Include="ScenarioOutput2.xaml.h" />
  </ItemGroup>
  <ItemGroup>
    <Image Include="microsoft-sdk.png">
      <Filter>Resources</Filter>
    </Image>
    <Image Include="placeholder-sdk.png">
      <Filter>Resources</Filter>
    </Image>
    <Image Include="smallTile-sdk.png">
      <Filter>Resources</Filter>
    </Image>
    <Image Include="splash-sdk.png">
      <Filter>Resources</Filter>
    </Image>
    <Image Include="squareTile-sdk.png">
      <Filter>Resources</Filter>
    </Image>
    <Image Include="storeLogo-sdk.png">
      <Filter>Resources</Filter>
    </Image>
    <Image Include="windows-sdk.png">
      <Filter>Resources</Filter>
    </Image>
  </ItemGroup>
</Project>
