
Microsoft Visual Studio Solution File, Format Version 12.00
# Visual Studio 11
Project("{2150E333-8FDC-42A3-9474-1A3956D46DE8}") = "Package", "Package", "{51F25236-37A6-4055-9122-0413B5E1B624}"
EndProject
Project("{2150E333-8FDC-42A3-9474-1A3956D46DE8}") = "Lib", "Lib", "{80A1738B-AB5B-4D40-A879-DEB4AE09B68C}"
EndProject
Project("{2150E333-8FDC-42A3-9474-1A3956D46DE8}") = "Sauron", "Sauron", "{99E27DE5-E8E5-409E-B708-BE8037DC4BF2}"
EndProject
Project("{2150E333-8FDC-42A3-9474-1A3956D46DE8}") = "Driver", "Driver", "{22A3FC56-2EE7-49C0-80B5-0CE04D0DEAF3}"
EndProject
Project("{2150E333-8FDC-42A3-9474-1A3956D46DE8}") = "App", "App", "{32A0AC00-E831-416C-A0B6-C08AD7C08B14}"
EndProject
Project("{8BC9CEB8-8B4A-11D0-8D11-00A0C91BC942}") = "package", "Package\package.VcxProj", "{545B70C1-BCFB-4B3D-A533-5D4C4AC946FA}"
EndProject
Project("{8BC9CEB8-8B4A-11D0-8D11-00A0C91BC942}") = "Luminous", "lib\Luminous.vcxproj", "{2961C3C9-F6B2-429A-B6BE-ECADD1347107}"
EndProject
Project("{8BC9CEB8-8B4A-11D0-8D11-00A0C91BC942}") = "SAURON", "sauron\SAURON.vcxproj", "{0C15D194-856A-4122-A7DB-2DEFB0A7340F}"
	ProjectSection(ProjectDependencies) = postProject
		{2961C3C9-F6B2-429A-B6BE-ECADD1347107} = {2961C3C9-F6B2-429A-B6BE-ECADD1347107}
	EndProjectSection
EndProject
Project("{8BC9CEB8-8B4A-11D0-8D11-00A0C91BC942}") = "firefly", "driver\firefly.vcxproj", "{61E7E779-F0D4-4A5C-A4CA-03EAD89B01B3}"
EndProject
Project("{8BC9CEB8-8B4A-11D0-8D11-00A0C91BC942}") = "flicker", "app\flicker.vcxproj", "{74E97540-3F70-4A23-ACAA-55AFB5225EAF}"
	ProjectSection(ProjectDependencies) = postProject
		{2961C3C9-F6B2-429A-B6BE-ECADD1347107} = {2961C3C9-F6B2-429A-B6BE-ECADD1347107}
	EndProjectSection
EndProject
Global
	GlobalSection(SolutionConfigurationPlatforms) = preSolution
		Win8 Debug|Win32 = Win8 Debug|Win32
		Win8 Debug|x64 = Win8 Debug|x64
		Win8 Release|Win32 = Win8 Release|Win32
		Win8 Release|x64 = Win8 Release|x64
		Win7 Debug|Win32 = Win7 Debug|Win32
		Win7 Debug|x64 = Win7 Debug|x64
		Win7 Release|Win32 = Win7 Release|Win32
		Win7 Release|x64 = Win7 Release|x64
		Vista Debug|Win32 = Vista Debug|Win32
		Vista Debug|x64 = Vista Debug|x64
		Vista Release|Win32 = Vista Release|Win32
		Vista Release|x64 = Vista Release|x64
	EndGlobalSection
	GlobalSection(ProjectConfigurationPlatforms) = postSolution
		{545B70C1-BCFB-4B3D-A533-5D4C4AC946FA}.Win8 Debug|Win32.ActiveCfg = Win8 Debug|Win32
		{545B70C1-BCFB-4B3D-A533-5D4C4AC946FA}.Win8 Debug|Win32.Build.0 = Win8 Debug|Win32
		{545B70C1-BCFB-4B3D-A533-5D4C4AC946FA}.Win8 Debug|x64.ActiveCfg = Win8 Debug|x64
		{545B70C1-BCFB-4B3D-A533-5D4C4AC946FA}.Win8 Debug|x64.Build.0 = Win8 Debug|x64
		{545B70C1-BCFB-4B3D-A533-5D4C4AC946FA}.Win8 Release|Win32.ActiveCfg = Win8 Release|Win32
		{545B70C1-BCFB-4B3D-A533-5D4C4AC946FA}.Win8 Release|Win32.Build.0 = Win8 Release|Win32
		{545B70C1-BCFB-4B3D-A533-5D4C4AC946FA}.Win8 Release|x64.ActiveCfg = Win8 Release|x64
		{545B70C1-BCFB-4B3D-A533-5D4C4AC946FA}.Win8 Release|x64.Build.0 = Win8 Release|x64
		{545B70C1-BCFB-4B3D-A533-5D4C4AC946FA}.Win7 Debug|Win32.ActiveCfg = Win7 Debug|Win32
		{545B70C1-BCFB-4B3D-A533-5D4C4AC946FA}.Win7 Debug|Win32.Build.0 = Win7 Debug|Win32
		{545B70C1-BCFB-4B3D-A533-5D4C4AC946FA}.Win7 Debug|x64.ActiveCfg = Win7 Debug|x64
		{545B70C1-BCFB-4B3D-A533-5D4C4AC946FA}.Win7 Debug|x64.Build.0 = Win7 Debug|x64
		{545B70C1-BCFB-4B3D-A533-5D4C4AC946FA}.Win7 Release|Win32.ActiveCfg = Win7 Release|Win32
		{545B70C1-BCFB-4B3D-A533-5D4C4AC946FA}.Win7 Release|Win32.Build.0 = Win7 Release|Win32
		{545B70C1-BCFB-4B3D-A533-5D4C4AC946FA}.Win7 Release|x64.ActiveCfg = Win7 Release|x64
		{545B70C1-BCFB-4B3D-A533-5D4C4AC946FA}.Win7 Release|x64.Build.0 = Win7 Release|x64
		{545B70C1-BCFB-4B3D-A533-5D4C4AC946FA}.Vista Debug|Win32.ActiveCfg = Vista Debug|Win32
		{545B70C1-BCFB-4B3D-A533-5D4C4AC946FA}.Vista Debug|Win32.Build.0 = Vista Debug|Win32
		{545B70C1-BCFB-4B3D-A533-5D4C4AC946FA}.Vista Debug|x64.ActiveCfg = Vista Debug|x64
		{545B70C1-BCFB-4B3D-A533-5D4C4AC946FA}.Vista Debug|x64.Build.0 = Vista Debug|x64
		{545B70C1-BCFB-4B3D-A533-5D4C4AC946FA}.Vista Release|Win32.ActiveCfg = Vista Release|Win32
		{545B70C1-BCFB-4B3D-A533-5D4C4AC946FA}.Vista Release|Win32.Build.0 = Vista Release|Win32
		{545B70C1-BCFB-4B3D-A533-5D4C4AC946FA}.Vista Release|x64.ActiveCfg = Vista Release|x64
		{545B70C1-BCFB-4B3D-A533-5D4C4AC946FA}.Vista Release|x64.Build.0 = Vista Release|x64
		{2961C3C9-F6B2-429A-B6BE-ECADD1347107}.Win8 Debug|Win32.ActiveCfg = Win8 Debug|Win32
		{2961C3C9-F6B2-429A-B6BE-ECADD1347107}.Win8 Debug|Win32.Build.0 = Win8 Debug|Win32
		{2961C3C9-F6B2-429A-B6BE-ECADD1347107}.Win8 Debug|x64.ActiveCfg = Win8 Debug|x64
		{2961C3C9-F6B2-429A-B6BE-ECADD1347107}.Win8 Debug|x64.Build.0 = Win8 Debug|x64
		{2961C3C9-F6B2-429A-B6BE-ECADD1347107}.Win8 Release|Win32.ActiveCfg = Win8 Release|Win32
		{2961C3C9-F6B2-429A-B6BE-ECADD1347107}.Win8 Release|Win32.Build.0 = Win8 Release|Win32
		{2961C3C9-F6B2-429A-B6BE-ECADD1347107}.Win8 Release|x64.ActiveCfg = Win8 Release|x64
		{2961C3C9-F6B2-429A-B6BE-ECADD1347107}.Win8 Release|x64.Build.0 = Win8 Release|x64
		{2961C3C9-F6B2-429A-B6BE-ECADD1347107}.Win7 Debug|Win32.ActiveCfg = Win7 Debug|Win32
		{2961C3C9-F6B2-429A-B6BE-ECADD1347107}.Win7 Debug|Win32.Build.0 = Win7 Debug|Win32
		{2961C3C9-F6B2-429A-B6BE-ECADD1347107}.Win7 Debug|x64.ActiveCfg = Win7 Debug|x64
		{2961C3C9-F6B2-429A-B6BE-ECADD1347107}.Win7 Debug|x64.Build.0 = Win7 Debug|x64
		{2961C3C9-F6B2-429A-B6BE-ECADD1347107}.Win7 Release|Win32.ActiveCfg = Win7 Release|Win32
		{2961C3C9-F6B2-429A-B6BE-ECADD1347107}.Win7 Release|Win32.Build.0 = Win7 Release|Win32
		{2961C3C9-F6B2-429A-B6BE-ECADD1347107}.Win7 Release|x64.ActiveCfg = Win7 Release|x64
		{2961C3C9-F6B2-429A-B6BE-ECADD1347107}.Win7 Release|x64.Build.0 = Win7 Release|x64
		{2961C3C9-F6B2-429A-B6BE-ECADD1347107}.Vista Debug|Win32.ActiveCfg = Vista Debug|Win32
		{2961C3C9-F6B2-429A-B6BE-ECADD1347107}.Vista Debug|Win32.Build.0 = Vista Debug|Win32
		{2961C3C9-F6B2-429A-B6BE-ECADD1347107}.Vista Debug|x64.ActiveCfg = Vista Debug|x64
		{2961C3C9-F6B2-429A-B6BE-ECADD1347107}.Vista Debug|x64.Build.0 = Vista Debug|x64
		{2961C3C9-F6B2-429A-B6BE-ECADD1347107}.Vista Release|Win32.ActiveCfg = Vista Release|Win32
		{2961C3C9-F6B2-429A-B6BE-ECADD1347107}.Vista Release|Win32.Build.0 = Vista Release|Win32
		{2961C3C9-F6B2-429A-B6BE-ECADD1347107}.Vista Release|x64.ActiveCfg = Vista Release|x64
		{2961C3C9-F6B2-429A-B6BE-ECADD1347107}.Vista Release|x64.Build.0 = Vista Release|x64
		{0C15D194-856A-4122-A7DB-2DEFB0A7340F}.Win8 Debug|Win32.ActiveCfg = Win8 Debug|Win32
		{0C15D194-856A-4122-A7DB-2DEFB0A7340F}.Win8 Debug|Win32.Build.0 = Win8 Debug|Win32
		{0C15D194-856A-4122-A7DB-2DEFB0A7340F}.Win8 Debug|x64.ActiveCfg = Win8 Debug|x64
		{0C15D194-856A-4122-A7DB-2DEFB0A7340F}.Win8 Debug|x64.Build.0 = Win8 Debug|x64
		{0C15D194-856A-4122-A7DB-2DEFB0A7340F}.Win8 Release|Win32.ActiveCfg = Win8 Release|Win32
		{0C15D194-856A-4122-A7DB-2DEFB0A7340F}.Win8 Release|Win32.Build.0 = Win8 Release|Win32
		{0C15D194-856A-4122-A7DB-2DEFB0A7340F}.Win8 Release|x64.ActiveCfg = Win8 Release|x64
		{0C15D194-856A-4122-A7DB-2DEFB0A7340F}.Win8 Release|x64.Build.0 = Win8 Release|x64
		{0C15D194-856A-4122-A7DB-2DEFB0A7340F}.Win7 Debug|Win32.ActiveCfg = Win7 Debug|Win32
		{0C15D194-856A-4122-A7DB-2DEFB0A7340F}.Win7 Debug|Win32.Build.0 = Win7 Debug|Win32
		{0C15D194-856A-4122-A7DB-2DEFB0A7340F}.Win7 Debug|x64.ActiveCfg = Win7 Debug|x64
		{0C15D194-856A-4122-A7DB-2DEFB0A7340F}.Win7 Debug|x64.Build.0 = Win7 Debug|x64
		{0C15D194-856A-4122-A7DB-2DEFB0A7340F}.Win7 Release|Win32.ActiveCfg = Win7 Release|Win32
		{0C15D194-856A-4122-A7DB-2DEFB0A7340F}.Win7 Release|Win32.Build.0 = Win7 Release|Win32
		{0C15D194-856A-4122-A7DB-2DEFB0A7340F}.Win7 Release|x64.ActiveCfg = Win7 Release|x64
		{0C15D194-856A-4122-A7DB-2DEFB0A7340F}.Win7 Release|x64.Build.0 = Win7 Release|x64
		{0C15D194-856A-4122-A7DB-2DEFB0A7340F}.Vista Debug|Win32.ActiveCfg = Vista Debug|Win32
		{0C15D194-856A-4122-A7DB-2DEFB0A7340F}.Vista Debug|Win32.Build.0 = Vista Debug|Win32
		{0C15D194-856A-4122-A7DB-2DEFB0A7340F}.Vista Debug|x64.ActiveCfg = Vista Debug|x64
		{0C15D194-856A-4122-A7DB-2DEFB0A7340F}.Vista Debug|x64.Build.0 = Vista Debug|x64
		{0C15D194-856A-4122-A7DB-2DEFB0A7340F}.Vista Release|Win32.ActiveCfg = Vista Release|Win32
		{0C15D194-856A-4122-A7DB-2DEFB0A7340F}.Vista Release|Win32.Build.0 = Vista Release|Win32
		{0C15D194-856A-4122-A7DB-2DEFB0A7340F}.Vista Release|x64.ActiveCfg = Vista Release|x64
		{0C15D194-856A-4122-A7DB-2DEFB0A7340F}.Vista Release|x64.Build.0 = Vista Release|x64
		{61E7E779-F0D4-4A5C-A4CA-03EAD89B01B3}.Win8 Debug|Win32.ActiveCfg = Win8 Debug|Win32
		{61E7E779-F0D4-4A5C-A4CA-03EAD89B01B3}.Win8 Debug|Win32.Build.0 = Win8 Debug|Win32
		{61E7E779-F0D4-4A5C-A4CA-03EAD89B01B3}.Win8 Debug|x64.ActiveCfg = Win8 Debug|x64
		{61E7E779-F0D4-4A5C-A4CA-03EAD89B01B3}.Win8 Debug|x64.Build.0 = Win8 Debug|x64
		{61E7E779-F0D4-4A5C-A4CA-03EAD89B01B3}.Win8 Release|Win32.ActiveCfg = Win8 Release|Win32
		{61E7E779-F0D4-4A5C-A4CA-03EAD89B01B3}.Win8 Release|Win32.Build.0 = Win8 Release|Win32
		{61E7E779-F0D4-4A5C-A4CA-03EAD89B01B3}.Win8 Release|x64.ActiveCfg = Win8 Release|x64
		{61E7E779-F0D4-4A5C-A4CA-03EAD89B01B3}.Win8 Release|x64.Build.0 = Win8 Release|x64
		{61E7E779-F0D4-4A5C-A4CA-03EAD89B01B3}.Win7 Debug|Win32.ActiveCfg = Win7 Debug|Win32
		{61E7E779-F0D4-4A5C-A4CA-03EAD89B01B3}.Win7 Debug|Win32.Build.0 = Win7 Debug|Win32
		{61E7E779-F0D4-4A5C-A4CA-03EAD89B01B3}.Win7 Debug|x64.ActiveCfg = Win7 Debug|x64
		{61E7E779-F0D4-4A5C-A4CA-03EAD89B01B3}.Win7 Debug|x64.Build.0 = Win7 Debug|x64
		{61E7E779-F0D4-4A5C-A4CA-03EAD89B01B3}.Win7 Release|Win32.ActiveCfg = Win7 Release|Win32
		{61E7E779-F0D4-4A5C-A4CA-03EAD89B01B3}.Win7 Release|Win32.Build.0 = Win7 Release|Win32
		{61E7E779-F0D4-4A5C-A4CA-03EAD89B01B3}.Win7 Release|x64.ActiveCfg = Win7 Release|x64
		{61E7E779-F0D4-4A5C-A4CA-03EAD89B01B3}.Win7 Release|x64.Build.0 = Win7 Release|x64
		{61E7E779-F0D4-4A5C-A4CA-03EAD89B01B3}.Vista Debug|Win32.ActiveCfg = Vista Debug|Win32
		{61E7E779-F0D4-4A5C-A4CA-03EAD89B01B3}.Vista Debug|Win32.Build.0 = Vista Debug|Win32
		{61E7E779-F0D4-4A5C-A4CA-03EAD89B01B3}.Vista Debug|x64.ActiveCfg = Vista Debug|x64
		{61E7E779-F0D4-4A5C-A4CA-03EAD89B01B3}.Vista Debug|x64.Build.0 = Vista Debug|x64
		{61E7E779-F0D4-4A5C-A4CA-03EAD89B01B3}.Vista Release|Win32.ActiveCfg = Vista Release|Win32
		{61E7E779-F0D4-4A5C-A4CA-03EAD89B01B3}.Vista Release|Win32.Build.0 = Vista Release|Win32
		{61E7E779-F0D4-4A5C-A4CA-03EAD89B01B3}.Vista Release|x64.ActiveCfg = Vista Release|x64
		{61E7E779-F0D4-4A5C-A4CA-03EAD89B01B3}.Vista Release|x64.Build.0 = Vista Release|x64
		{74E97540-3F70-4A23-ACAA-55AFB5225EAF}.Win8 Debug|Win32.ActiveCfg = Win8 Debug|Win32
		{74E97540-3F70-4A23-ACAA-55AFB5225EAF}.Win8 Debug|Win32.Build.0 = Win8 Debug|Win32
		{74E97540-3F70-4A23-ACAA-55AFB5225EAF}.Win8 Debug|x64.ActiveCfg = Win8 Debug|x64
		{74E97540-3F70-4A23-ACAA-55AFB5225EAF}.Win8 Debug|x64.Build.0 = Win8 Debug|x64
		{74E97540-3F70-4A23-ACAA-55AFB5225EAF}.Win8 Release|Win32.ActiveCfg = Win8 Release|Win32
		{74E97540-3F70-4A23-ACAA-55AFB5225EAF}.Win8 Release|Win32.Build.0 = Win8 Release|Win32
		{74E97540-3F70-4A23-ACAA-55AFB5225EAF}.Win8 Release|x64.ActiveCfg = Win8 Release|x64
		{74E97540-3F70-4A23-ACAA-55AFB5225EAF}.Win8 Release|x64.Build.0 = Win8 Release|x64
		{74E97540-3F70-4A23-ACAA-55AFB5225EAF}.Win7 Debug|Win32.ActiveCfg = Win7 Debug|Win32
		{74E97540-3F70-4A23-ACAA-55AFB5225EAF}.Win7 Debug|Win32.Build.0 = Win7 Debug|Win32
		{74E97540-3F70-4A23-ACAA-55AFB5225EAF}.Win7 Debug|x64.ActiveCfg = Win7 Debug|x64
		{74E97540-3F70-4A23-ACAA-55AFB5225EAF}.Win7 Debug|x64.Build.0 = Win7 Debug|x64
		{74E97540-3F70-4A23-ACAA-55AFB5225EAF}.Win7 Release|Win32.ActiveCfg = Win7 Release|Win32
		{74E97540-3F70-4A23-ACAA-55AFB5225EAF}.Win7 Release|Win32.Build.0 = Win7 Release|Win32
		{74E97540-3F70-4A23-ACAA-55AFB5225EAF}.Win7 Release|x64.ActiveCfg = Win7 Release|x64
		{74E97540-3F70-4A23-ACAA-55AFB5225EAF}.Win7 Release|x64.Build.0 = Win7 Release|x64
		{74E97540-3F70-4A23-ACAA-55AFB5225EAF}.Vista Debug|Win32.ActiveCfg = Vista Debug|Win32
		{74E97540-3F70-4A23-ACAA-55AFB5225EAF}.Vista Debug|Win32.Build.0 = Vista Debug|Win32
		{74E97540-3F70-4A23-ACAA-55AFB5225EAF}.Vista Debug|x64.ActiveCfg = Vista Debug|x64
		{74E97540-3F70-4A23-ACAA-55AFB5225EAF}.Vista Debug|x64.Build.0 = Vista Debug|x64
		{74E97540-3F70-4A23-ACAA-55AFB5225EAF}.Vista Release|Win32.ActiveCfg = Vista Release|Win32
		{74E97540-3F70-4A23-ACAA-55AFB5225EAF}.Vista Release|Win32.Build.0 = Vista Release|Win32
		{74E97540-3F70-4A23-ACAA-55AFB5225EAF}.Vista Release|x64.ActiveCfg = Vista Release|x64
		{74E97540-3F70-4A23-ACAA-55AFB5225EAF}.Vista Release|x64.Build.0 = Vista Release|x64
	EndGlobalSection
	GlobalSection(SolutionProperties) = preSolution
		HideSolutionNode = FALSE
	EndGlobalSection
	GlobalSection(NestedProjects) = preSolution
		{545B70C1-BCFB-4B3D-A533-5D4C4AC946FA} = {51F25236-37A6-4055-9122-0413B5E1B624}
		{2961C3C9-F6B2-429A-B6BE-ECADD1347107} = {80A1738B-AB5B-4D40-A879-DEB4AE09B68C}
		{0C15D194-856A-4122-A7DB-2DEFB0A7340F} = {99E27DE5-E8E5-409E-B708-BE8037DC4BF2}
		{61E7E779-F0D4-4A5C-A4CA-03EAD89B01B3} = {22A3FC56-2EE7-49C0-80B5-0CE04D0DEAF3}
		{74E97540-3F70-4A23-ACAA-55AFB5225EAF} = {32A0AC00-E831-416C-A0B6-C08AD7C08B14}
	EndGlobalSection
EndGlobal
