
Microsoft Visual Studio Solution File, Format Version 12.00
# Visual Studio 2013
VisualStudioVersion = 12.0.30516.0
MinimumVisualStudioVersion = 10.0.40219.1
Project("{2150E333-8FDC-42A3-9474-1A3956D46DE8}") = "JSUniversalAppImageToVideo", "JSUniversalAppImageToVideo", "{0AA073FE-F919-4744-80FB-EBA403C5DC24}"
EndProject
Project("{D954291E-2A0B-460D-934E-DC6B0785DB48}") = "JSUniversalAppImageToVideo.Shared", "JSUniversalAppImageToVideo\JSUniversalAppImageToVideo.Shared\JSUniversalAppImageToVideo.Shared.shproj", "{A04D3F6E-94D2-47E4-B637-F05387D04426}"
EndProject
Project("{262852C6-CD72-467D-83FE-5EEB1973A190}") = "JSUniversalAppImageToVideo.Windows", "JSUniversalAppImageToVideo\JSUniversalAppImageToVideo.Windows\JSUniversalAppImageToVideo.Windows.jsproj", "{8A8057C2-C2F6-483F-9AB3-4DE3536771C2}"
EndProject
Project("{262852C6-CD72-467D-83FE-5EEB1973A190}") = "JSUniversalAppImageToVideo.WindowsPhone", "JSUniversalAppImageToVideo\JSUniversalAppImageToVideo.WindowsPhone\JSUniversalAppImageToVideo.WindowsPhone.jsproj", "{BE723C16-FB1E-4540-B81A-288E04044181}"
EndProject
Project("{2150E333-8FDC-42A3-9474-1A3956D46DE8}") = "EncodeImages", "EncodeImages", "{22CB35FB-F450-492A-80F1-BF32E511C140}"
EndProject
Project("{8BC9CEB8-8B4A-11D0-8D11-00A0C91BC942}") = "EncodeImages.Shared", "EncodeImages\EncodeImages.Shared\EncodeImages.Shared.vcxitems", "{A1CD78F6-7C67-4B78-9FC6-0BACA459A81F}"
EndProject
Project("{8BC9CEB8-8B4A-11D0-8D11-00A0C91BC942}") = "EncodeImages.Windows", "EncodeImages\EncodeImages.Windows\EncodeImages.Windows.vcxproj", "{2DD66B8B-428F-43B9-9ADA-B905F60F808C}"
EndProject
Project("{8BC9CEB8-8B4A-11D0-8D11-00A0C91BC942}") = "EncodeImages.WindowsPhone", "EncodeImages\EncodeImages.WindowsPhone\EncodeImages.WindowsPhone.vcxproj", "{43F5AF24-EA41-4822-8F1E-58323931C577}"
EndProject
Global
	GlobalSection(SharedMSBuildProjectFiles) = preSolution
		JSUniversalAppImageToVideo\JSUniversalAppImageToVideo.Shared\JSUniversalAppImageToVideo.Shared.projitems*{a04d3f6e-94d2-47e4-b637-f05387d04426}*SharedItemsImports = 13
		EncodeImages\EncodeImages.Shared\EncodeImages.Shared.vcxitems*{2dd66b8b-428f-43b9-9ada-b905f60f808c}*SharedItemsImports = 4
		EncodeImages\EncodeImages.Shared\EncodeImages.Shared.vcxitems*{a1cd78f6-7c67-4b78-9fc6-0baca459a81f}*SharedItemsImports = 9
		EncodeImages\EncodeImages.Shared\EncodeImages.Shared.vcxitems*{43f5af24-ea41-4822-8f1e-58323931c577}*SharedItemsImports = 4
		JSUniversalAppImageToVideo\JSUniversalAppImageToVideo.Shared\JSUniversalAppImageToVideo.Shared.projitems*{8a8057c2-c2f6-483f-9ab3-4de3536771c2}*SharedItemsImports = 5
		JSUniversalAppImageToVideo\JSUniversalAppImageToVideo.Shared\JSUniversalAppImageToVideo.Shared.projitems*{be723c16-fb1e-4540-b81a-288e04044181}*SharedItemsImports = 5
	EndGlobalSection
	
	GlobalSection(SolutionConfigurationPlatforms) = preSolution
		Debug|Any CPU = Debug|Any CPU
		Debug|ARM = Debug|ARM
		Debug|Mixed Platforms = Debug|Mixed Platforms
		Debug|Win32 = Debug|Win32
		Debug|x64 = Debug|x64
		Debug|x86 = Debug|x86
		Release|Any CPU = Release|Any CPU
		Release|ARM = Release|ARM
		Release|Mixed Platforms = Release|Mixed Platforms
		Release|Win32 = Release|Win32
		Release|x64 = Release|x64
		Release|x86 = Release|x86
	EndGlobalSection
	GlobalSection(ProjectConfigurationPlatforms) = postSolution
		{8A8057C2-C2F6-483F-9AB3-4DE3536771C2}.Debug|Any CPU.ActiveCfg = Debug|Any CPU
		{8A8057C2-C2F6-483F-9AB3-4DE3536771C2}.Debug|Any CPU.Build.0 = Debug|Any CPU
		{8A8057C2-C2F6-483F-9AB3-4DE3536771C2}.Debug|Any CPU.Deploy.0 = Debug|Any CPU
		{8A8057C2-C2F6-483F-9AB3-4DE3536771C2}.Debug|ARM.ActiveCfg = Debug|ARM
		{8A8057C2-C2F6-483F-9AB3-4DE3536771C2}.Debug|ARM.Build.0 = Debug|ARM
		{8A8057C2-C2F6-483F-9AB3-4DE3536771C2}.Debug|ARM.Deploy.0 = Debug|ARM
		{8A8057C2-C2F6-483F-9AB3-4DE3536771C2}.Debug|Mixed Platforms.ActiveCfg = Debug|x86
		{8A8057C2-C2F6-483F-9AB3-4DE3536771C2}.Debug|Mixed Platforms.Build.0 = Debug|x86
		{8A8057C2-C2F6-483F-9AB3-4DE3536771C2}.Debug|Mixed Platforms.Deploy.0 = Debug|x86
		{8A8057C2-C2F6-483F-9AB3-4DE3536771C2}.Debug|Win32.ActiveCfg = Debug|x86
		{8A8057C2-C2F6-483F-9AB3-4DE3536771C2}.Debug|Win32.Build.0 = Debug|x86
		{8A8057C2-C2F6-483F-9AB3-4DE3536771C2}.Debug|Win32.Deploy.0 = Debug|x86
		{8A8057C2-C2F6-483F-9AB3-4DE3536771C2}.Debug|x64.ActiveCfg = Debug|x64
		{8A8057C2-C2F6-483F-9AB3-4DE3536771C2}.Debug|x64.Build.0 = Debug|x64
		{8A8057C2-C2F6-483F-9AB3-4DE3536771C2}.Debug|x64.Deploy.0 = Debug|x64
		{8A8057C2-C2F6-483F-9AB3-4DE3536771C2}.Debug|x86.ActiveCfg = Debug|x86
		{8A8057C2-C2F6-483F-9AB3-4DE3536771C2}.Debug|x86.Build.0 = Debug|x86
		{8A8057C2-C2F6-483F-9AB3-4DE3536771C2}.Debug|x86.Deploy.0 = Debug|x86
		{8A8057C2-C2F6-483F-9AB3-4DE3536771C2}.Release|Any CPU.ActiveCfg = Release|Any CPU
		{8A8057C2-C2F6-483F-9AB3-4DE3536771C2}.Release|Any CPU.Build.0 = Release|Any CPU
		{8A8057C2-C2F6-483F-9AB3-4DE3536771C2}.Release|Any CPU.Deploy.0 = Release|Any CPU
		{8A8057C2-C2F6-483F-9AB3-4DE3536771C2}.Release|ARM.ActiveCfg = Release|ARM
		{8A8057C2-C2F6-483F-9AB3-4DE3536771C2}.Release|ARM.Build.0 = Release|ARM
		{8A8057C2-C2F6-483F-9AB3-4DE3536771C2}.Release|ARM.Deploy.0 = Release|ARM
		{8A8057C2-C2F6-483F-9AB3-4DE3536771C2}.Release|Mixed Platforms.ActiveCfg = Release|x86
		{8A8057C2-C2F6-483F-9AB3-4DE3536771C2}.Release|Mixed Platforms.Build.0 = Release|x86
		{8A8057C2-C2F6-483F-9AB3-4DE3536771C2}.Release|Mixed Platforms.Deploy.0 = Release|x86
		{8A8057C2-C2F6-483F-9AB3-4DE3536771C2}.Release|Win32.ActiveCfg = Release|x86
		{8A8057C2-C2F6-483F-9AB3-4DE3536771C2}.Release|Win32.Build.0 = Release|x86
		{8A8057C2-C2F6-483F-9AB3-4DE3536771C2}.Release|Win32.Deploy.0 = Release|x86
		{8A8057C2-C2F6-483F-9AB3-4DE3536771C2}.Release|x64.ActiveCfg = Release|x64
		{8A8057C2-C2F6-483F-9AB3-4DE3536771C2}.Release|x64.Build.0 = Release|x64
		{8A8057C2-C2F6-483F-9AB3-4DE3536771C2}.Release|x64.Deploy.0 = Release|x64
		{8A8057C2-C2F6-483F-9AB3-4DE3536771C2}.Release|x86.ActiveCfg = Release|x86
		{8A8057C2-C2F6-483F-9AB3-4DE3536771C2}.Release|x86.Build.0 = Release|x86
		{8A8057C2-C2F6-483F-9AB3-4DE3536771C2}.Release|x86.Deploy.0 = Release|x86
		{BE723C16-FB1E-4540-B81A-288E04044181}.Debug|Any CPU.ActiveCfg = Debug|Any CPU
		{BE723C16-FB1E-4540-B81A-288E04044181}.Debug|Any CPU.Build.0 = Debug|Any CPU
		{BE723C16-FB1E-4540-B81A-288E04044181}.Debug|Any CPU.Deploy.0 = Debug|Any CPU
		{BE723C16-FB1E-4540-B81A-288E04044181}.Debug|ARM.ActiveCfg = Debug|ARM
		{BE723C16-FB1E-4540-B81A-288E04044181}.Debug|ARM.Build.0 = Debug|ARM
		{BE723C16-FB1E-4540-B81A-288E04044181}.Debug|ARM.Deploy.0 = Debug|ARM
		{BE723C16-FB1E-4540-B81A-288E04044181}.Debug|Mixed Platforms.ActiveCfg = Debug|x86
		{BE723C16-FB1E-4540-B81A-288E04044181}.Debug|Mixed Platforms.Build.0 = Debug|x86
		{BE723C16-FB1E-4540-B81A-288E04044181}.Debug|Mixed Platforms.Deploy.0 = Debug|x86
		{BE723C16-FB1E-4540-B81A-288E04044181}.Debug|Win32.ActiveCfg = Debug|x86
		{BE723C16-FB1E-4540-B81A-288E04044181}.Debug|Win32.Build.0 = Debug|x86
		{BE723C16-FB1E-4540-B81A-288E04044181}.Debug|Win32.Deploy.0 = Debug|x86
		{BE723C16-FB1E-4540-B81A-288E04044181}.Debug|x64.ActiveCfg = Debug|Any CPU
		{BE723C16-FB1E-4540-B81A-288E04044181}.Debug|x86.ActiveCfg = Debug|x86
		{BE723C16-FB1E-4540-B81A-288E04044181}.Debug|x86.Build.0 = Debug|x86
		{BE723C16-FB1E-4540-B81A-288E04044181}.Debug|x86.Deploy.0 = Debug|x86
		{BE723C16-FB1E-4540-B81A-288E04044181}.Release|Any CPU.ActiveCfg = Release|Any CPU
		{BE723C16-FB1E-4540-B81A-288E04044181}.Release|Any CPU.Build.0 = Release|Any CPU
		{BE723C16-FB1E-4540-B81A-288E04044181}.Release|Any CPU.Deploy.0 = Release|Any CPU
		{BE723C16-FB1E-4540-B81A-288E04044181}.Release|ARM.ActiveCfg = Release|ARM
		{BE723C16-FB1E-4540-B81A-288E04044181}.Release|ARM.Build.0 = Release|ARM
		{BE723C16-FB1E-4540-B81A-288E04044181}.Release|ARM.Deploy.0 = Release|ARM
		{BE723C16-FB1E-4540-B81A-288E04044181}.Release|Mixed Platforms.ActiveCfg = Release|x86
		{BE723C16-FB1E-4540-B81A-288E04044181}.Release|Mixed Platforms.Build.0 = Release|x86
		{BE723C16-FB1E-4540-B81A-288E04044181}.Release|Mixed Platforms.Deploy.0 = Release|x86
		{BE723C16-FB1E-4540-B81A-288E04044181}.Release|Win32.ActiveCfg = Release|x86
		{BE723C16-FB1E-4540-B81A-288E04044181}.Release|Win32.Build.0 = Release|x86
		{BE723C16-FB1E-4540-B81A-288E04044181}.Release|Win32.Deploy.0 = Release|x86
		{BE723C16-FB1E-4540-B81A-288E04044181}.Release|x64.ActiveCfg = Release|Any CPU
		{BE723C16-FB1E-4540-B81A-288E04044181}.Release|x86.ActiveCfg = Release|x86
		{BE723C16-FB1E-4540-B81A-288E04044181}.Release|x86.Build.0 = Release|x86
		{BE723C16-FB1E-4540-B81A-288E04044181}.Release|x86.Deploy.0 = Release|x86
		{2DD66B8B-428F-43B9-9ADA-B905F60F808C}.Debug|Any CPU.ActiveCfg = Debug|Win32
		{2DD66B8B-428F-43B9-9ADA-B905F60F808C}.Debug|ARM.ActiveCfg = Debug|ARM
		{2DD66B8B-428F-43B9-9ADA-B905F60F808C}.Debug|ARM.Build.0 = Debug|ARM
		{2DD66B8B-428F-43B9-9ADA-B905F60F808C}.Debug|Mixed Platforms.ActiveCfg = Debug|Win32
		{2DD66B8B-428F-43B9-9ADA-B905F60F808C}.Debug|Mixed Platforms.Build.0 = Debug|Win32
		{2DD66B8B-428F-43B9-9ADA-B905F60F808C}.Debug|Win32.ActiveCfg = Debug|Win32
		{2DD66B8B-428F-43B9-9ADA-B905F60F808C}.Debug|Win32.Build.0 = Debug|Win32
		{2DD66B8B-428F-43B9-9ADA-B905F60F808C}.Debug|x64.ActiveCfg = Debug|x64
		{2DD66B8B-428F-43B9-9ADA-B905F60F808C}.Debug|x64.Build.0 = Debug|x64
		{2DD66B8B-428F-43B9-9ADA-B905F60F808C}.Debug|x86.ActiveCfg = Debug|Win32
		{2DD66B8B-428F-43B9-9ADA-B905F60F808C}.Debug|x86.Build.0 = Debug|Win32
		{2DD66B8B-428F-43B9-9ADA-B905F60F808C}.Release|Any CPU.ActiveCfg = Release|Win32
		{2DD66B8B-428F-43B9-9ADA-B905F60F808C}.Release|ARM.ActiveCfg = Release|ARM
		{2DD66B8B-428F-43B9-9ADA-B905F60F808C}.Release|ARM.Build.0 = Release|ARM
		{2DD66B8B-428F-43B9-9ADA-B905F60F808C}.Release|Mixed Platforms.ActiveCfg = Release|Win32
		{2DD66B8B-428F-43B9-9ADA-B905F60F808C}.Release|Mixed Platforms.Build.0 = Release|Win32
		{2DD66B8B-428F-43B9-9ADA-B905F60F808C}.Release|Win32.ActiveCfg = Release|Win32
		{2DD66B8B-428F-43B9-9ADA-B905F60F808C}.Release|Win32.Build.0 = Release|Win32
		{2DD66B8B-428F-43B9-9ADA-B905F60F808C}.Release|x64.ActiveCfg = Release|x64
		{2DD66B8B-428F-43B9-9ADA-B905F60F808C}.Release|x64.Build.0 = Release|x64
		{2DD66B8B-428F-43B9-9ADA-B905F60F808C}.Release|x86.ActiveCfg = Release|Win32
		{2DD66B8B-428F-43B9-9ADA-B905F60F808C}.Release|x86.Build.0 = Release|Win32
		{43F5AF24-EA41-4822-8F1E-58323931C577}.Debug|Any CPU.ActiveCfg = Debug|Win32
		{43F5AF24-EA41-4822-8F1E-58323931C577}.Debug|ARM.ActiveCfg = Debug|ARM
		{43F5AF24-EA41-4822-8F1E-58323931C577}.Debug|ARM.Build.0 = Debug|ARM
		{43F5AF24-EA41-4822-8F1E-58323931C577}.Debug|Mixed Platforms.ActiveCfg = Debug|Win32
		{43F5AF24-EA41-4822-8F1E-58323931C577}.Debug|Mixed Platforms.Build.0 = Debug|Win32
		{43F5AF24-EA41-4822-8F1E-58323931C577}.Debug|Win32.ActiveCfg = Debug|Win32
		{43F5AF24-EA41-4822-8F1E-58323931C577}.Debug|Win32.Build.0 = Debug|Win32
		{43F5AF24-EA41-4822-8F1E-58323931C577}.Debug|x64.ActiveCfg = Debug|Win32
		{43F5AF24-EA41-4822-8F1E-58323931C577}.Debug|x86.ActiveCfg = Debug|Win32
		{43F5AF24-EA41-4822-8F1E-58323931C577}.Debug|x86.Build.0 = Debug|Win32
		{43F5AF24-EA41-4822-8F1E-58323931C577}.Release|Any CPU.ActiveCfg = Release|Win32
		{43F5AF24-EA41-4822-8F1E-58323931C577}.Release|ARM.ActiveCfg = Release|ARM
		{43F5AF24-EA41-4822-8F1E-58323931C577}.Release|ARM.Build.0 = Release|ARM
		{43F5AF24-EA41-4822-8F1E-58323931C577}.Release|Mixed Platforms.ActiveCfg = Release|Win32
		{43F5AF24-EA41-4822-8F1E-58323931C577}.Release|Mixed Platforms.Build.0 = Release|Win32
		{43F5AF24-EA41-4822-8F1E-58323931C577}.Release|Win32.ActiveCfg = Release|Win32
		{43F5AF24-EA41-4822-8F1E-58323931C577}.Release|Win32.Build.0 = Release|Win32
		{43F5AF24-EA41-4822-8F1E-58323931C577}.Release|x64.ActiveCfg = Release|Win32
		{43F5AF24-EA41-4822-8F1E-58323931C577}.Release|x86.ActiveCfg = Release|Win32
		{43F5AF24-EA41-4822-8F1E-58323931C577}.Release|x86.Build.0 = Release|Win32
	EndGlobalSection
	GlobalSection(SolutionProperties) = preSolution
		HideSolutionNode = FALSE
	EndGlobalSection
	GlobalSection(NestedProjects) = preSolution
		{A04D3F6E-94D2-47E4-B637-F05387D04426} = {0AA073FE-F919-4744-80FB-EBA403C5DC24}
		{8A8057C2-C2F6-483F-9AB3-4DE3536771C2} = {0AA073FE-F919-4744-80FB-EBA403C5DC24}
		{BE723C16-FB1E-4540-B81A-288E04044181} = {0AA073FE-F919-4744-80FB-EBA403C5DC24}
		{A1CD78F6-7C67-4B78-9FC6-0BACA459A81F} = {22CB35FB-F450-492A-80F1-BF32E511C140}
		{2DD66B8B-428F-43B9-9ADA-B905F60F808C} = {22CB35FB-F450-492A-80F1-BF32E511C140}
		{43F5AF24-EA41-4822-8F1E-58323931C577} = {22CB35FB-F450-492A-80F1-BF32E511C140}
	EndGlobalSection
EndGlobal
