<?xml version="1.0" encoding="utf-8"?>
<Project ToolsVersion="12.0" xmlns="http://schemas.microsoft.com/developer/msbuild/2003">
  <ItemGroup>
    <Filter Include="Common">
      <UniqueIdentifier>{307113c0-72f5-4e5c-afcf-c4f71efcdc7a}</UniqueIdentifier>
    </Filter>
  </ItemGroup>
  <ItemGroup>
    <Filter Include="Assets">
      <UniqueIdentifier>{7debd5f5-0ec4-4acb-8fdd-e47d5a5e723e}</UniqueIdentifier>
    </Filter>
  </ItemGroup>
  <ItemGroup>
    <ClInclude Include="$(MSBuildThisFileDirectory)pch.h"/>
    <ClInclude Include="$(MSBuildThisFileDirectory)SampleConfiguration.h"/>
    <ClInclude Include="$(MSBuildThisFileDirectory)Scenario1_LoadMP3FileForAudioStream.xaml.h"/>
    <ClInclude Include="$(MSBuildThisFileDirectory)Scenario2_UseDirectXForVideoStream.xaml.h"/>
    <ClInclude Include="$(MSBuildThisFileDirectory)App.xaml.h"/>
  </ItemGroup>
  <ItemGroup>
    <ClCompile Include="$(MSBuildThisFileDirectory)pch.cpp"/>
    <ClCompile Include="$(MSBuildThisFileDirectory)SampleConfiguration.cpp"/>
    <ClCompile Include="$(MSBuildThisFileDirectory)Scenario1_LoadMP3FileForAudioStream.xaml.cpp"/>
    <ClCompile Include="$(MSBuildThisFileDirectory)Scenario2_UseDirectXForVideoStream.xaml.cpp"/>
    <ClCompile Include="$(MSBuildThisFileDirectory)App.xaml.cpp"/>
  </ItemGroup>
  <ItemGroup>
    <Page Include="$(MSBuildThisFileDirectory)Scenario1_LoadMP3FileForAudioStream.xaml"/>
    <ApplicationDefinition Include="$(MSBuildThisFileDirectory)App.xaml"/>
  </ItemGroup>
  <ItemGroup>
    <Page Include="$(MSBuildThisFileDirectory)Scenario2_UseDirectXForVideoStream.xaml"/>
    <ApplicationDefinition Include="$(MSBuildThisFileDirectory)App.xaml"/>
  </ItemGroup>
  <ItemGroup>
    <ClCompile Include="$(MSBuildThisFileDirectory)Common\SuspensionManager.cpp">
      <Filter>Common</Filter>
    </ClCompile>
  </ItemGroup>
  <ItemGroup>
    <ClInclude Include="$(MSBuildThisFileDirectory)Common\SuspensionManager.h">
      <Filter>Common</Filter>
    </ClInclude>
  </ItemGroup>
  <ItemGroup>
    <Image Include="$(MSBuildThisFileDirectory)Assets\mediumtile-sdk.png">
      <Filter>Assets</Filter>
    </Image>
    <Image Include="$(MSBuildThisFileDirectory)Assets\microsoft-sdk.png">
      <Filter>Assets</Filter>
    </Image>
    <Image Include="$(MSBuildThisFileDirectory)Assets\smalltile-Windows-sdk.png">
      <Filter>Assets</Filter>
    </Image>
    <Image Include="$(MSBuildThisFileDirectory)Assets\smalltile-Phone-sdk.png">
      <Filter>Assets</Filter>
    </Image>
    <Image Include="$(MSBuildThisFileDirectory)Assets\splash-Windows-sdk.png">
      <Filter>Assets</Filter>
    </Image>
    <Image Include="$(MSBuildThisFileDirectory)Assets\splash-Phone-sdk.png">
      <Filter>Assets</Filter>
    </Image>
    <Image Include="$(MSBuildThisFileDirectory)Assets\squaretile-sdk.png">
      <Filter>Assets</Filter>
    </Image>
    <Image Include="$(MSBuildThisFileDirectory)Assets\storelogo-sdk.png">
      <Filter>Assets</Filter>
    </Image>
    <Image Include="$(MSBuildThisFileDirectory)Assets\tile-sdk.png">
      <Filter>Assets</Filter>
    </Image>
    <Image Include="$(MSBuildThisFileDirectory)Assets\windows-sdk.png">
      <Filter>Assets</Filter>
    </Image>
  </ItemGroup>
</Project>
