
Microsoft Visual Studio Solution File, Format Version 11.00
# Visual Studio 2010
Project("{FAE04EC0-301F-11D3-BF4B-00C04F79EFBC}") = "CSExcelNewEventForShapes", "CSExcelNewEventForShapes\CSExcelNewEventForShapes.csproj", "{A67E823E-3E08-4B11-B91C-54C84DEA254D}"
EndProject
Global
	
	GlobalSection(SolutionConfigurationPlatforms) = preSolution
		Debug|Any CPU = Debug|Any CPU
		Release|Any CPU = Release|Any CPU
	EndGlobalSection
	GlobalSection(ProjectConfigurationPlatforms) = postSolution
		{A67E823E-3E08-4B11-B91C-54C84DEA254D}.Debug|Any CPU.ActiveCfg = Debug|Any CPU
		{A67E823E-3E08-4B11-B91C-54C84DEA254D}.Debug|Any CPU.Build.0 = Debug|Any CPU
		{A67E823E-3E08-4B11-B91C-54C84DEA254D}.Release|Any CPU.ActiveCfg = Release|Any CPU
		{A67E823E-3E08-4B11-B91C-54C84DEA254D}.Release|Any CPU.Build.0 = Release|Any CPU
	EndGlobalSection
	GlobalSection(SolutionProperties) = preSolution
		HideSolutionNode = FALSE
	EndGlobalSection
EndGlobal
