<?xml version="1.0" encoding="utf-8"?>
<Project ToolsVersion="12.0" xmlns="http://schemas.microsoft.com/developer/msbuild/2003">
  <ItemGroup>
    <Filter Include="Assets">
      <UniqueIdentifier>{CD2F695E-A343-4C95-8182-7573CE870760}</UniqueIdentifier>
    </Filter>
    <Filter Include="Common">
      <UniqueIdentifier>{635ec48e-9ceb-4b96-9ee9-62b65a421494}</UniqueIdentifier>
    </Filter>
  </ItemGroup>
  <ItemGroup>
    <Filter Include="Common">
      <UniqueIdentifier>{ACB9C01D-F204-4DCC-BB28-A1307BF29AD6}</UniqueIdentifier>
    </Filter>
  </ItemGroup>
  <ItemGroup>
    <Image Include="$(MSBuildThisFileDirectory)Assets\microsoft-sdk.png">
      <Filter>Assets</Filter>
    </Image>
    <Image Include="$(MSBuildThisFileDirectory)Assets\windows-sdk.png">
      <Filter>Assets</Filter>
    </Image>
    <Image Include="$(MSBuildThisFileDirectory)Assets\squaretile-sdk.png">
      <Filter>Assets</Filter>
    </Image>
    <Image Include="$(MSBuildThisFileDirectory)Assets\storelogo-sdk.png">
      <Filter>Assets</Filter>
    </Image>
    <Image Include="$(MSBuildThisFileDirectory)Assets\tile-sdk.png">
      <Filter>Assets</Filter>
    </Image>
    <Image Include="$(MSBuildThisFileDirectory)Assets\mediumtile-sdk.png">
      <Filter>Assets</Filter>
    </Image>
    <Image Include="$(MSBuildThisFileDirectory)Assets\smalltile-Phone-sdk.png">
      <Filter>Assets</Filter>
    </Image>
    <Image Include="$(MSBuildThisFileDirectory)Assets\splash-Phone-sdk.png">
      <Filter>Assets</Filter>
    </Image>
    <Image Include="$(MSBuildThisFileDirectory)Assets\smalltile-Windows-sdk.png">
      <Filter>Assets</Filter>
    </Image>
    <Image Include="$(MSBuildThisFileDirectory)Assets\splash-Windows-sdk.png">
      <Filter>Assets</Filter>
    </Image>
  </ItemGroup>
  <ItemGroup>
    <ClCompile Include="$(MSBuildThisFileDirectory)pch.cpp"/>
    <ClCompile Include="$(MSBuildThisFileDirectory)SampleConfiguration.cpp"/>
    <ClCompile Include="$(MSBuildThisFileDirectory)Scenario1_ParseAndStringify.xaml.cpp"/>
    <ClCompile Include="$(MSBuildThisFileDirectory)School.cpp"/>
    <ClCompile Include="$(MSBuildThisFileDirectory)User.cpp"/>
    <ClCompile Include="$(MSBuildThisFileDirectory)App.xaml.cpp"/>
    <ClCompile Include="$(MSBuildThisFileDirectory)Common\SuspensionManager.cpp">
      <Filter>Common</Filter>
    </ClCompile>
  </ItemGroup>
  <ItemGroup>
    <ClInclude Include="$(MSBuildThisFileDirectory)pch.h"/>
    <ClInclude Include="$(MSBuildThisFileDirectory)SampleConfiguration.h"/>
    <ClInclude Include="$(MSBuildThisFileDirectory)Scenario1_ParseAndStringify.xaml.h"/>
    <ClInclude Include="$(MSBuildThisFileDirectory)School.h"/>
    <ClInclude Include="$(MSBuildThisFileDirectory)User.h"/>
    <ClInclude Include="$(MSBuildThisFileDirectory)App.xaml.h"/>
    <ClInclude Include="$(MSBuildThisFileDirectory)Common\SuspensionManager.h">
      <Filter>Common</Filter>
    </ClInclude>
  </ItemGroup>
  <ItemGroup>
    <Page Include="$(MSBuildThisFileDirectory)Scenario1_ParseAndStringify.xaml"/>
  </ItemGroup>
  <ItemGroup>
    <Filter Include="Assets">
      <UniqueIdentifier>{9EA6D072-776B-4ABB-B69B-392B249193B0}</UniqueIdentifier>
    </Filter>
  </ItemGroup>
  <ItemGroup>
    <Filter Include="Common">
      <UniqueIdentifier>{8112370D-F905-4518-87B1-77ED8172C619}</UniqueIdentifier>
    </Filter>
  </ItemGroup>
  <ItemGroup>
    <ApplicationDefinition Include="$(MSBuildThisFileDirectory)App.xaml"/>
  </ItemGroup>
</Project>