<?xml version="1.0" encoding="utf-8"?>
<Project ToolsVersion="4.0" xmlns="http://schemas.microsoft.com/developer/msbuild/2003">
  <ItemGroup>
    <Filter Include="Source Files">
      <Extensions>cpp;c;cc;cxx;def;odl;idl;hpj;bat;asm;asmx</Extensions>
      <UniqueIdentifier>{DB52DF4F-3C87-4B31-BB81-32ABE7E320E3}</UniqueIdentifier>
    </Filter>
    <Filter Include="Header Files">
      <Extensions>h;hpp;hxx;hm;inl;inc;xsd</Extensions>
      <UniqueIdentifier>{25B8AC3C-3B56-410B-BB30-08D8EE77A1D9}</UniqueIdentifier>
    </Filter>
    <Filter Include="Resource Files">
      <Extensions>rc;ico;cur;bmp;dlg;rc2;rct;bin;rgs;gif;jpg;jpeg;jpe;resx;tiff;tif;png;wav;mfcribbon-ms</Extensions>
      <UniqueIdentifier>{EDEC86CD-C620-429A-B8BF-D593C2CAAEC2}</UniqueIdentifier>
    </Filter>
    <Filter Include="Driver Files">
      <Extensions>inf;inv;inx;mof;mc;</Extensions>
      <UniqueIdentifier>{0E4E4418-5A63-4FD4-910A-EFE1550BD861}</UniqueIdentifier>
    </Filter>
  </ItemGroup>
</Project>