
Microsoft Visual Studio Solution File, Format Version 12.00
# Visual Studio 14
VisualStudioVersion = 14.0.25420.1
MinimumVisualStudioVersion = 10.0.40219.1
Project("{2150E333-8FDC-42A3-9474-1A3956D46DE8}") = "src", "src", "{4E32F7CA-4965-43AF-AFDD-B70E8906381F}"
EndProject
Project("{2150E333-8FDC-42A3-9474-1A3956D46DE8}") = "Solution Items", "Solution Items", "{7B5D8DCA-9869-44B0-B13C-BCA6A2E43325}"
	ProjectSection(SolutionItems) = preProject
		global.json = global.json
	EndProjectSection
EndProject
Project("{8BB2217D-0F2D-49D1-97BC-3654ED321F3B}") = "CSAccessViewFromSqlServer", "src\CSAccessViewFromSqlServer\CSAccessViewFromSqlServer.xproj", "{1C92CB8B-7566-4C2B-B545-3ACF12ABD0FE}"
EndProject
Global
	GlobalSection(SolutionConfigurationPlatforms) = preSolution
		Debug|Any CPU = Debug|Any CPU
		Release|Any CPU = Release|Any CPU
	EndGlobalSection
	GlobalSection(ProjectConfigurationPlatforms) = postSolution
		{1C92CB8B-7566-4C2B-B545-3ACF12ABD0FE}.Debug|Any CPU.ActiveCfg = Debug|Any CPU
		{1C92CB8B-7566-4C2B-B545-3ACF12ABD0FE}.Debug|Any CPU.Build.0 = Debug|Any CPU
		{1C92CB8B-7566-4C2B-B545-3ACF12ABD0FE}.Release|Any CPU.ActiveCfg = Release|Any CPU
		{1C92CB8B-7566-4C2B-B545-3ACF12ABD0FE}.Release|Any CPU.Build.0 = Release|Any CPU
	EndGlobalSection
	GlobalSection(SolutionProperties) = preSolution
		HideSolutionNode = FALSE
	EndGlobalSection
	GlobalSection(NestedProjects) = preSolution
		{1C92CB8B-7566-4C2B-B545-3ACF12ABD0FE} = {4E32F7CA-4965-43AF-AFDD-B70E8906381F}
	EndGlobalSection
EndGlobal
