
Microsoft Visual Studio Solution File, Format Version 10.00
# Visual Studio 2008
Project("{F184B08F-C81C-45F6-A57F-5ABD9991F28F}") = "CustomDataControls", "CustomDataControls\CustomDataControls.vbproj", "{BD5E3C49-4343-4C55-B10E-33FAF44D8ADB}"
EndProject
Project("{F184B08F-C81C-45F6-A57F-5ABD9991F28F}") = "MyCompanyControls", "MyCompanyControls\MyCompanyControls.vbproj", "{A2175463-122D-4CB2-9629-3A0A6F88CAEE}"
EndProject
Global
	GlobalSection(SolutionConfigurationPlatforms) = preSolution
		Debug|Any CPU = Debug|Any CPU
		Release|Any CPU = Release|Any CPU
	EndGlobalSection
	GlobalSection(ProjectConfigurationPlatforms) = postSolution
		{BD5E3C49-4343-4C55-B10E-33FAF44D8ADB}.Debug|Any CPU.ActiveCfg = Debug|Any CPU
		{BD5E3C49-4343-4C55-B10E-33FAF44D8ADB}.Debug|Any CPU.Build.0 = Debug|Any CPU
		{BD5E3C49-4343-4C55-B10E-33FAF44D8ADB}.Release|Any CPU.ActiveCfg = Release|Any CPU
		{BD5E3C49-4343-4C55-B10E-33FAF44D8ADB}.Release|Any CPU.Build.0 = Release|Any CPU
		{A2175463-122D-4CB2-9629-3A0A6F88CAEE}.Debug|Any CPU.ActiveCfg = Debug|Any CPU
		{A2175463-122D-4CB2-9629-3A0A6F88CAEE}.Debug|Any CPU.Build.0 = Debug|Any CPU
		{A2175463-122D-4CB2-9629-3A0A6F88CAEE}.Release|Any CPU.ActiveCfg = Release|Any CPU
		{A2175463-122D-4CB2-9629-3A0A6F88CAEE}.Release|Any CPU.Build.0 = Release|Any CPU
	EndGlobalSection
	GlobalSection(SolutionProperties) = preSolution
		HideSolutionNode = FALSE
	EndGlobalSection
EndGlobal
