
Microsoft Visual Studio Solution File, Format Version 12.00
# Visual Studio 2013
Project("{F184B08F-C81C-45F6-A57F-5ABD9991F28F}") = "ToolWindow", "ToolWindow.vbproj", "{F488D2DF-DF7B-4CD3-A4A3-3C4E76750CCA}"
EndProject
Global
	GlobalSection(SolutionConfigurationPlatforms) = preSolution
		Debug|Any CPU = Debug|Any CPU
		Release|Any CPU = Release|Any CPU
	EndGlobalSection
	GlobalSection(ProjectConfigurationPlatforms) = postSolution
		{F488D2DF-DF7B-4CD3-A4A3-3C4E76750CCA}.Debug|Any CPU.ActiveCfg = Debug|Any CPU
		{F488D2DF-DF7B-4CD3-A4A3-3C4E76750CCA}.Debug|Any CPU.Build.0 = Debug|Any CPU
		{F488D2DF-DF7B-4CD3-A4A3-3C4E76750CCA}.Release|Any CPU.ActiveCfg = Release|Any CPU
		{F488D2DF-DF7B-4CD3-A4A3-3C4E76750CCA}.Release|Any CPU.Build.0 = Release|Any CPU
	EndGlobalSection
	GlobalSection(SolutionProperties) = preSolution
		HideSolutionNode = FALSE
	EndGlobalSection
EndGlobal
