
Microsoft Visual Studio Solution File, Format Version 12.00
# Visual Studio 11
Project("{2150E333-8FDC-42A3-9474-1A3956D46DE8}") = "Package", "Package", "{F2ED11E2-AF20-42DC-AD07-15007D4FB862}"
EndProject
Project("{8BC9CEB8-8B4A-11D0-8D11-00A0C91BC942}") = "package", "Package\package.VcxProj", "{522D1F46-A068-4C9C-B98E-15E467D9B215}"
EndProject
Project("{8BC9CEB8-8B4A-11D0-8D11-00A0C91BC942}") = "ctx", "ctx.vcxproj", "{DB7CB3B8-02BD-4562-A455-61FF1E2D0AC1}"
EndProject
Global
	GlobalSection(SolutionConfigurationPlatforms) = preSolution
		Win8 Debug|Win32 = Win8 Debug|Win32
		Win8 Debug|x64 = Win8 Debug|x64
		Win8 Release|Win32 = Win8 Release|Win32
		Win8 Release|x64 = Win8 Release|x64
		Win7 Debug|Win32 = Win7 Debug|Win32
		Win7 Debug|x64 = Win7 Debug|x64
		Win7 Release|Win32 = Win7 Release|Win32
		Win7 Release|x64 = Win7 Release|x64
		Vista Debug|Win32 = Vista Debug|Win32
		Vista Debug|x64 = Vista Debug|x64
		Vista Release|Win32 = Vista Release|Win32
		Vista Release|x64 = Vista Release|x64
	EndGlobalSection
	GlobalSection(ProjectConfigurationPlatforms) = postSolution
		{522D1F46-A068-4C9C-B98E-15E467D9B215}.Win8 Debug|Win32.ActiveCfg = Win8 Debug|Win32
		{522D1F46-A068-4C9C-B98E-15E467D9B215}.Win8 Debug|Win32.Build.0 = Win8 Debug|Win32
		{522D1F46-A068-4C9C-B98E-15E467D9B215}.Win8 Debug|x64.ActiveCfg = Win8 Debug|x64
		{522D1F46-A068-4C9C-B98E-15E467D9B215}.Win8 Debug|x64.Build.0 = Win8 Debug|x64
		{522D1F46-A068-4C9C-B98E-15E467D9B215}.Win8 Release|Win32.ActiveCfg = Win8 Release|Win32
		{522D1F46-A068-4C9C-B98E-15E467D9B215}.Win8 Release|Win32.Build.0 = Win8 Release|Win32
		{522D1F46-A068-4C9C-B98E-15E467D9B215}.Win8 Release|x64.ActiveCfg = Win8 Release|x64
		{522D1F46-A068-4C9C-B98E-15E467D9B215}.Win8 Release|x64.Build.0 = Win8 Release|x64
		{522D1F46-A068-4C9C-B98E-15E467D9B215}.Win7 Debug|Win32.ActiveCfg = Win7 Debug|Win32
		{522D1F46-A068-4C9C-B98E-15E467D9B215}.Win7 Debug|Win32.Build.0 = Win7 Debug|Win32
		{522D1F46-A068-4C9C-B98E-15E467D9B215}.Win7 Debug|x64.ActiveCfg = Win7 Debug|x64
		{522D1F46-A068-4C9C-B98E-15E467D9B215}.Win7 Debug|x64.Build.0 = Win7 Debug|x64
		{522D1F46-A068-4C9C-B98E-15E467D9B215}.Win7 Release|Win32.ActiveCfg = Win7 Release|Win32
		{522D1F46-A068-4C9C-B98E-15E467D9B215}.Win7 Release|Win32.Build.0 = Win7 Release|Win32
		{522D1F46-A068-4C9C-B98E-15E467D9B215}.Win7 Release|x64.ActiveCfg = Win7 Release|x64
		{522D1F46-A068-4C9C-B98E-15E467D9B215}.Win7 Release|x64.Build.0 = Win7 Release|x64
		{522D1F46-A068-4C9C-B98E-15E467D9B215}.Vista Debug|Win32.ActiveCfg = Vista Debug|Win32
		{522D1F46-A068-4C9C-B98E-15E467D9B215}.Vista Debug|Win32.Build.0 = Vista Debug|Win32
		{522D1F46-A068-4C9C-B98E-15E467D9B215}.Vista Debug|x64.ActiveCfg = Vista Debug|x64
		{522D1F46-A068-4C9C-B98E-15E467D9B215}.Vista Debug|x64.Build.0 = Vista Debug|x64
		{522D1F46-A068-4C9C-B98E-15E467D9B215}.Vista Release|Win32.ActiveCfg = Vista Release|Win32
		{522D1F46-A068-4C9C-B98E-15E467D9B215}.Vista Release|Win32.Build.0 = Vista Release|Win32
		{522D1F46-A068-4C9C-B98E-15E467D9B215}.Vista Release|x64.ActiveCfg = Vista Release|x64
		{522D1F46-A068-4C9C-B98E-15E467D9B215}.Vista Release|x64.Build.0 = Vista Release|x64
		{DB7CB3B8-02BD-4562-A455-61FF1E2D0AC1}.Win8 Debug|Win32.ActiveCfg = Win8 Debug|Win32
		{DB7CB3B8-02BD-4562-A455-61FF1E2D0AC1}.Win8 Debug|Win32.Build.0 = Win8 Debug|Win32
		{DB7CB3B8-02BD-4562-A455-61FF1E2D0AC1}.Win8 Debug|x64.ActiveCfg = Win8 Debug|x64
		{DB7CB3B8-02BD-4562-A455-61FF1E2D0AC1}.Win8 Debug|x64.Build.0 = Win8 Debug|x64
		{DB7CB3B8-02BD-4562-A455-61FF1E2D0AC1}.Win8 Release|Win32.ActiveCfg = Win8 Release|Win32
		{DB7CB3B8-02BD-4562-A455-61FF1E2D0AC1}.Win8 Release|Win32.Build.0 = Win8 Release|Win32
		{DB7CB3B8-02BD-4562-A455-61FF1E2D0AC1}.Win8 Release|x64.ActiveCfg = Win8 Release|x64
		{DB7CB3B8-02BD-4562-A455-61FF1E2D0AC1}.Win8 Release|x64.Build.0 = Win8 Release|x64
		{DB7CB3B8-02BD-4562-A455-61FF1E2D0AC1}.Win7 Debug|Win32.ActiveCfg = Win7 Debug|Win32
		{DB7CB3B8-02BD-4562-A455-61FF1E2D0AC1}.Win7 Debug|Win32.Build.0 = Win7 Debug|Win32
		{DB7CB3B8-02BD-4562-A455-61FF1E2D0AC1}.Win7 Debug|x64.ActiveCfg = Win7 Debug|x64
		{DB7CB3B8-02BD-4562-A455-61FF1E2D0AC1}.Win7 Debug|x64.Build.0 = Win7 Debug|x64
		{DB7CB3B8-02BD-4562-A455-61FF1E2D0AC1}.Win7 Release|Win32.ActiveCfg = Win7 Release|Win32
		{DB7CB3B8-02BD-4562-A455-61FF1E2D0AC1}.Win7 Release|Win32.Build.0 = Win7 Release|Win32
		{DB7CB3B8-02BD-4562-A455-61FF1E2D0AC1}.Win7 Release|x64.ActiveCfg = Win7 Release|x64
		{DB7CB3B8-02BD-4562-A455-61FF1E2D0AC1}.Win7 Release|x64.Build.0 = Win7 Release|x64
		{DB7CB3B8-02BD-4562-A455-61FF1E2D0AC1}.Vista Debug|Win32.ActiveCfg = Vista Debug|Win32
		{DB7CB3B8-02BD-4562-A455-61FF1E2D0AC1}.Vista Debug|Win32.Build.0 = Vista Debug|Win32
		{DB7CB3B8-02BD-4562-A455-61FF1E2D0AC1}.Vista Debug|x64.ActiveCfg = Vista Debug|x64
		{DB7CB3B8-02BD-4562-A455-61FF1E2D0AC1}.Vista Debug|x64.Build.0 = Vista Debug|x64
		{DB7CB3B8-02BD-4562-A455-61FF1E2D0AC1}.Vista Release|Win32.ActiveCfg = Vista Release|Win32
		{DB7CB3B8-02BD-4562-A455-61FF1E2D0AC1}.Vista Release|Win32.Build.0 = Vista Release|Win32
		{DB7CB3B8-02BD-4562-A455-61FF1E2D0AC1}.Vista Release|x64.ActiveCfg = Vista Release|x64
		{DB7CB3B8-02BD-4562-A455-61FF1E2D0AC1}.Vista Release|x64.Build.0 = Vista Release|x64
	EndGlobalSection
	GlobalSection(SolutionProperties) = preSolution
		HideSolutionNode = FALSE
	EndGlobalSection
	GlobalSection(NestedProjects) = preSolution
		{522D1F46-A068-4C9C-B98E-15E467D9B215} = {F2ED11E2-AF20-42DC-AD07-15007D4FB862}
	EndGlobalSection
EndGlobal
