
Microsoft Visual Studio Solution File, Format Version 12.00
# Visual Studio 2013
VisualStudioVersion = 12.0
MinimumVisualStudioVersion = 10.0.40219.1
Project("{2150E333-8FDC-42A3-9474-1A3956D46DE8}") = "OrientationSensorCS", "OrientationSensorCS", "{597FAEAC-ED28-444A-959C-E7CEFC04A1B6}"
EndProject
Project("{FAE04EC0-301F-11D3-BF4B-00C04F79EFBC}") = "OrientationSensorCS.Windows", "Windows\OrientationSensorCS.Windows.csproj", "{8AC41EC6-D14C-4240-9203-AFCEB57B44A5}"
EndProject
Project("{FAE04EC0-301F-11D3-BF4B-00C04F79EFBC}") = "OrientationSensorCS.WindowsPhone", "WindowsPhone\OrientationSensorCS.WindowsPhone.csproj", "{1EC4C99E-7C11-4EB5-993C-D53EA6840779}"
EndProject
Project("{D954291E-2A0B-460D-934E-DC6B0785DB48}") = "OrientationSensorCS.Shared", "Shared\OrientationSensorCS.Shared.shproj", "{776C9E9B-65D8-4889-9A8D-6E15DBEB39FD}"
EndProject
Global
	GlobalSection(SharedMSBuildProjectFiles) = preSolution
		Shared\Shared.projitems*{1ec4c99e-7c11-4eb5-993c-d53ea6840779}*SharedItemsImports = 4
		Shared\Shared.projitems*{8ac41ec6-d14c-4240-9203-afceb57b44a5}*SharedItemsImports = 4
		Shared\Shared.projitems*{776c9e9b-65d8-4889-9a8d-6e15dbeb39fd}*SharedItemsImports = 13
	EndGlobalSection
	GlobalSection(SolutionConfigurationPlatforms) = preSolution
		Debug|Any CPU = Debug|Any CPU
		Release|Any CPU = Release|Any CPU
	EndGlobalSection
	GlobalSection(ProjectConfigurationPlatforms) = postSolution
		{8AC41EC6-D14C-4240-9203-AFCEB57B44A5}.Debug|Any CPU.ActiveCfg = Debug|Any CPU
		{8AC41EC6-D14C-4240-9203-AFCEB57B44A5}.Debug|Any CPU.Build.0 = Debug|Any CPU
		{8AC41EC6-D14C-4240-9203-AFCEB57B44A5}.Debug|Any CPU.Deploy.0 = Debug|Any CPU
		{8AC41EC6-D14C-4240-9203-AFCEB57B44A5}.Release|Any CPU.ActiveCfg = Release|Any CPU
		{8AC41EC6-D14C-4240-9203-AFCEB57B44A5}.Release|Any CPU.Build.0 = Release|Any CPU
		{8AC41EC6-D14C-4240-9203-AFCEB57B44A5}.Release|Any CPU.Deploy.0 = Release|Any CPU
		{1EC4C99E-7C11-4EB5-993C-D53EA6840779}.Debug|Any CPU.ActiveCfg = Debug|Any CPU
		{1EC4C99E-7C11-4EB5-993C-D53EA6840779}.Debug|Any CPU.Build.0 = Debug|Any CPU
		{1EC4C99E-7C11-4EB5-993C-D53EA6840779}.Debug|Any CPU.Deploy.0 = Debug|Any CPU
		{1EC4C99E-7C11-4EB5-993C-D53EA6840779}.Release|Any CPU.ActiveCfg = Release|Any CPU
		{1EC4C99E-7C11-4EB5-993C-D53EA6840779}.Release|Any CPU.Build.0 = Release|Any CPU
		{1EC4C99E-7C11-4EB5-993C-D53EA6840779}.Release|Any CPU.Deploy.0 = Release|Any CPU
	EndGlobalSection
	GlobalSection(SolutionProperties) = preSolution
		HideSolutionNode = FALSE
	EndGlobalSection
	GlobalSection(NestedProjects) = preSolution
		{8AC41EC6-D14C-4240-9203-AFCEB57B44A5} = {597FAEAC-ED28-444A-959C-E7CEFC04A1B6}
		{1EC4C99E-7C11-4EB5-993C-D53EA6840779} = {597FAEAC-ED28-444A-959C-E7CEFC04A1B6}
		{776C9E9B-65D8-4889-9A8D-6E15DBEB39FD} = {597FAEAC-ED28-444A-959C-E7CEFC04A1B6}
	EndGlobalSection
EndGlobal
